
Microsoft Visual Studio Solution File, Format Version 12.00
# Visual Studio 15
VisualStudioVersion = 15.0.27130.2024
MinimumVisualStudioVersion = 10.0.40219.1
Project("{8BC9CEB8-8B4A-11D0-8D11-00A0C91BC942}") = "10.1 myswap() 함수 중복", "10.1 myswap() 함수 중복\10.1 myswap() 함수 중복.vcxproj", "{C0F23E65-5801-4C2B-88AE-6AA210E69B68}"
EndProject
Project("{8BC9CEB8-8B4A-11D0-8D11-00A0C91BC942}") = "예제 10-1", "예제 10-1\예제 10-1.vcxproj", "{9F07CE80-7946-4BFF-A4BE-BE979D88C2DA}"
EndProject
Project("{8BC9CEB8-8B4A-11D0-8D11-00A0C91BC942}") = "예제 10-2", "예제 10-2\예제 10-2.vcxproj", "{91907F58-B46D-4822-892A-85E962F3A6F7}"
EndProject
Project("{8BC9CEB8-8B4A-11D0-8D11-00A0C91BC942}") = "예제 10-3", "예제 10-3\예제 10-3.vcxproj", "{F520706C-FC08-4D0F-9C64-25A885DE9DAD}"
EndProject
Project("{8BC9CEB8-8B4A-11D0-8D11-00A0C91BC942}") = "예제 10-4", "예제 10-4\예제 10-4.vcxproj", "{BCE5198D-8CB7-4D67-9CA2-6768B62589A9}"
EndProject
Project("{8BC9CEB8-8B4A-11D0-8D11-00A0C91BC942}") = "예제 10-5", "예제 10-5\예제 10-5.vcxproj", "{70F3C7D1-9BB8-4B8F-8CFC-1D24E0F659CF}"
EndProject
Project("{8BC9CEB8-8B4A-11D0-8D11-00A0C91BC942}") = "예제 10-6", "예제 10-6\예제 10-6.vcxproj", "{083267DD-DDF3-4847-8342-0BAA22995464}"
EndProject
Project("{8BC9CEB8-8B4A-11D0-8D11-00A0C91BC942}") = "예제 10-7", "예제 10-7\예제 10-7.vcxproj", "{8DDE5587-AFCD-4860-818C-EB631663C77E}"
EndProject
Project("{8BC9CEB8-8B4A-11D0-8D11-00A0C91BC942}") = "예제 10-8", "예제 10-8\예제 10-8.vcxproj", "{B96D3BE3-F4FC-4A46-99D1-06B2B7C686CC}"
EndProject
Project("{8BC9CEB8-8B4A-11D0-8D11-00A0C91BC942}") = "예제 10-9", "예제 10-9\예제 10-9.vcxproj", "{559B022A-4D61-4D85-8059-89C008D26BA6}"
EndProject
Project("{8BC9CEB8-8B4A-11D0-8D11-00A0C91BC942}") = "예제 10-10", "예제 10-10\예제 10-10.vcxproj", "{4A371E5E-F5B4-490C-9036-98C445D0E2EB}"
EndProject
Project("{8BC9CEB8-8B4A-11D0-8D11-00A0C91BC942}") = "예제 10-11", "예제 10-11\예제 10-11.vcxproj", "{45C84728-D22C-4070-A1CA-F94481245646}"
EndProject
Project("{8BC9CEB8-8B4A-11D0-8D11-00A0C91BC942}") = "예제 10-12", "예제 10-12\예제 10-12.vcxproj", "{994F59BD-51EF-4F7A-BDC3-7FAA922E90D4}"
EndProject
Project("{8BC9CEB8-8B4A-11D0-8D11-00A0C91BC942}") = "예제 10-13", "예제 10-13\예제 10-13.vcxproj", "{C7F9194B-CD90-4775-88BE-600BA71071B1}"
EndProject
Project("{8BC9CEB8-8B4A-11D0-8D11-00A0C91BC942}") = "제네릭 print() 함수", "제네릭 print() 함수\제네릭 print() 함수.vcxproj", "{9FF7D4EF-8B87-4125-88FD-AE604049F5BB}"
EndProject
Project("{8BC9CEB8-8B4A-11D0-8D11-00A0C91BC942}") = "예제 10-14", "예제 10-14\예제 10-14.vcxproj", "{17A94093-2FE1-4ADA-9110-8C8C62F09B33}"
EndProject
Project("{8BC9CEB8-8B4A-11D0-8D11-00A0C91BC942}") = "예제 10-15", "예제 10-15\예제 10-15.vcxproj", "{660DD237-0F13-4FDC-8CAA-7738F1E80F2A}"
EndProject
Project("{8BC9CEB8-8B4A-11D0-8D11-00A0C91BC942}") = "예제 10-16", "예제 10-16\예제 10-16.vcxproj", "{CB71F571-2160-4BDC-AE45-B37B0D11816B}"
EndProject
Project("{8BC9CEB8-8B4A-11D0-8D11-00A0C91BC942}") = "예제 10-17", "예제 10-17\예제 10-17.vcxproj", "{5329E3AE-9537-4B65-851D-650C87E5084E}"
EndProject
Project("{8BC9CEB8-8B4A-11D0-8D11-00A0C91BC942}") = "예제 10-18", "예제 10-18\예제 10-18.vcxproj", "{FD9DCB0A-B08F-48C2-B172-9F89AF1C3901}"
EndProject
Project("{8BC9CEB8-8B4A-11D0-8D11-00A0C91BC942}") = "예제 10-19", "예제 10-19\예제 10-19.vcxproj", "{EFD5164E-97BE-427F-A0D2-496B2FE705A4}"
EndProject
Project("{8BC9CEB8-8B4A-11D0-8D11-00A0C91BC942}") = "예제 10-20", "예제 10-20\예제 10-20.vcxproj", "{8FE734E5-A2AC-4EC3-B4A7-0139DFED433A}"
EndProject
Global
	GlobalSection(SolutionConfigurationPlatforms) = preSolution
		Debug|x64 = Debug|x64
		Debug|x86 = Debug|x86
		Release|x64 = Release|x64
		Release|x86 = Release|x86
	EndGlobalSection
	GlobalSection(ProjectConfigurationPlatforms) = postSolution
		{C0F23E65-5801-4C2B-88AE-6AA210E69B68}.Debug|x64.ActiveCfg = Debug|x64
		{C0F23E65-5801-4C2B-88AE-6AA210E69B68}.Debug|x64.Build.0 = Debug|x64
		{C0F23E65-5801-4C2B-88AE-6AA210E69B68}.Debug|x86.ActiveCfg = Debug|Win32
		{C0F23E65-5801-4C2B-88AE-6AA210E69B68}.Debug|x86.Build.0 = Debug|Win32
		{C0F23E65-5801-4C2B-88AE-6AA210E69B68}.Release|x64.ActiveCfg = Release|x64
		{C0F23E65-5801-4C2B-88AE-6AA210E69B68}.Release|x64.Build.0 = Release|x64
		{C0F23E65-5801-4C2B-88AE-6AA210E69B68}.Release|x86.ActiveCfg = Release|Win32
		{C0F23E65-5801-4C2B-88AE-6AA210E69B68}.Release|x86.Build.0 = Release|Win32
		{9F07CE80-7946-4BFF-A4BE-BE979D88C2DA}.Debug|x64.ActiveCfg = Debug|x64
		{9F07CE80-7946-4BFF-A4BE-BE979D88C2DA}.Debug|x64.Build.0 = Debug|x64
		{9F07CE80-7946-4BFF-A4BE-BE979D88C2DA}.Debug|x86.ActiveCfg = Debug|Win32
		{9F07CE80-7946-4BFF-A4BE-BE979D88C2DA}.Debug|x86.Build.0 = Debug|Win32
		{9F07CE80-7946-4BFF-A4BE-BE979D88C2DA}.Release|x64.ActiveCfg = Release|x64
		{9F07CE80-7946-4BFF-A4BE-BE979D88C2DA}.Release|x64.Build.0 = Release|x64
		{9F07CE80-7946-4BFF-A4BE-BE979D88C2DA}.Release|x86.ActiveCfg = Release|Win32
		{9F07CE80-7946-4BFF-A4BE-BE979D88C2DA}.Release|x86.Build.0 = Release|Win32
		{91907F58-B46D-4822-892A-85E962F3A6F7}.Debug|x64.ActiveCfg = Debug|x64
		{91907F58-B46D-4822-892A-85E962F3A6F7}.Debug|x64.Build.0 = Debug|x64
		{91907F58-B46D-4822-892A-85E962F3A6F7}.Debug|x86.ActiveCfg = Debug|Win32
		{91907F58-B46D-4822-892A-85E962F3A6F7}.Debug|x86.Build.0 = Debug|Win32
		{91907F58-B46D-4822-892A-85E962F3A6F7}.Release|x64.ActiveCfg = Release|x64
		{91907F58-B46D-4822-892A-85E962F3A6F7}.Release|x64.Build.0 = Release|x64
		{91907F58-B46D-4822-892A-85E962F3A6F7}.Release|x86.ActiveCfg = Release|Win32
		{91907F58-B46D-4822-892A-85E962F3A6F7}.Release|x86.Build.0 = Release|Win32
		{F520706C-FC08-4D0F-9C64-25A885DE9DAD}.Debug|x64.ActiveCfg = Debug|x64
		{F520706C-FC08-4D0F-9C64-25A885DE9DAD}.Debug|x64.Build.0 = Debug|x64
		{F520706C-FC08-4D0F-9C64-25A885DE9DAD}.Debug|x86.ActiveCfg = Debug|Win32
		{F520706C-FC08-4D0F-9C64-25A885DE9DAD}.Debug|x86.Build.0 = Debug|Win32
		{F520706C-FC08-4D0F-9C64-25A885DE9DAD}.Release|x64.ActiveCfg = Release|x64
		{F520706C-FC08-4D0F-9C64-25A885DE9DAD}.Release|x64.Build.0 = Release|x64
		{F520706C-FC08-4D0F-9C64-25A885DE9DAD}.Release|x86.ActiveCfg = Release|Win32
		{F520706C-FC08-4D0F-9C64-25A885DE9DAD}.Release|x86.Build.0 = Release|Win32
		{BCE5198D-8CB7-4D67-9CA2-6768B62589A9}.Debug|x64.ActiveCfg = Debug|x64
		{BCE5198D-8CB7-4D67-9CA2-6768B62589A9}.Debug|x64.Build.0 = Debug|x64
		{BCE5198D-8CB7-4D67-9CA2-6768B62589A9}.Debug|x86.ActiveCfg = Debug|Win32
		{BCE5198D-8CB7-4D67-9CA2-6768B62589A9}.Debug|x86.Build.0 = Debug|Win32
		{BCE5198D-8CB7-4D67-9CA2-6768B62589A9}.Release|x64.ActiveCfg = Release|x64
		{BCE5198D-8CB7-4D67-9CA2-6768B62589A9}.Release|x64.Build.0 = Release|x64
		{BCE5198D-8CB7-4D67-9CA2-6768B62589A9}.Release|x86.ActiveCfg = Release|Win32
		{BCE5198D-8CB7-4D67-9CA2-6768B62589A9}.Release|x86.Build.0 = Release|Win32
		{70F3C7D1-9BB8-4B8F-8CFC-1D24E0F659CF}.Debug|x64.ActiveCfg = Debug|x64
		{70F3C7D1-9BB8-4B8F-8CFC-1D24E0F659CF}.Debug|x64.Build.0 = Debug|x64
		{70F3C7D1-9BB8-4B8F-8CFC-1D24E0F659CF}.Debug|x86.ActiveCfg = Debug|Win32
		{70F3C7D1-9BB8-4B8F-8CFC-1D24E0F659CF}.Debug|x86.Build.0 = Debug|Win32
		{70F3C7D1-9BB8-4B8F-8CFC-1D24E0F659CF}.Release|x64.ActiveCfg = Release|x64
		{70F3C7D1-9BB8-4B8F-8CFC-1D24E0F659CF}.Release|x64.Build.0 = Release|x64
		{70F3C7D1-9BB8-4B8F-8CFC-1D24E0F659CF}.Release|x86.ActiveCfg = Release|Win32
		{70F3C7D1-9BB8-4B8F-8CFC-1D24E0F659CF}.Release|x86.Build.0 = Release|Win32
		{083267DD-DDF3-4847-8342-0BAA22995464}.Debug|x64.ActiveCfg = Debug|x64
		{083267DD-DDF3-4847-8342-0BAA22995464}.Debug|x64.Build.0 = Debug|x64
		{083267DD-DDF3-4847-8342-0BAA22995464}.Debug|x86.ActiveCfg = Debug|Win32
		{083267DD-DDF3-4847-8342-0BAA22995464}.Debug|x86.Build.0 = Debug|Win32
		{083267DD-DDF3-4847-8342-0BAA22995464}.Release|x64.ActiveCfg = Release|x64
		{083267DD-DDF3-4847-8342-0BAA22995464}.Release|x64.Build.0 = Release|x64
		{083267DD-DDF3-4847-8342-0BAA22995464}.Release|x86.ActiveCfg = Release|Win32
		{083267DD-DDF3-4847-8342-0BAA22995464}.Release|x86.Build.0 = Release|Win32
		{8DDE5587-AFCD-4860-818C-EB631663C77E}.Debug|x64.ActiveCfg = Debug|x64
		{8DDE5587-AFCD-4860-818C-EB631663C77E}.Debug|x64.Build.0 = Debug|x64
		{8DDE5587-AFCD-4860-818C-EB631663C77E}.Debug|x86.ActiveCfg = Debug|Win32
		{8DDE5587-AFCD-4860-818C-EB631663C77E}.Debug|x86.Build.0 = Debug|Win32
		{8DDE5587-AFCD-4860-818C-EB631663C77E}.Release|x64.ActiveCfg = Release|x64
		{8DDE5587-AFCD-4860-818C-EB631663C77E}.Release|x64.Build.0 = Release|x64
		{8DDE5587-AFCD-4860-818C-EB631663C77E}.Release|x86.ActiveCfg = Release|Win32
		{8DDE5587-AFCD-4860-818C-EB631663C77E}.Release|x86.Build.0 = Release|Win32
		{B96D3BE3-F4FC-4A46-99D1-06B2B7C686CC}.Debug|x64.ActiveCfg = Debug|x64
		{B96D3BE3-F4FC-4A46-99D1-06B2B7C686CC}.Debug|x64.Build.0 = Debug|x64
		{B96D3BE3-F4FC-4A46-99D1-06B2B7C686CC}.Debug|x86.ActiveCfg = Debug|Win32
		{B96D3BE3-F4FC-4A46-99D1-06B2B7C686CC}.Debug|x86.Build.0 = Debug|Win32
		{B96D3BE3-F4FC-4A46-99D1-06B2B7C686CC}.Release|x64.ActiveCfg = Release|x64
		{B96D3BE3-F4FC-4A46-99D1-06B2B7C686CC}.Release|x64.Build.0 = Release|x64
		{B96D3BE3-F4FC-4A46-99D1-06B2B7C686CC}.Release|x86.ActiveCfg = Release|Win32
		{B96D3BE3-F4FC-4A46-99D1-06B2B7C686CC}.Release|x86.Build.0 = Release|Win32
		{559B022A-4D61-4D85-8059-89C008D26BA6}.Debug|x64.ActiveCfg = Debug|x64
		{559B022A-4D61-4D85-8059-89C008D26BA6}.Debug|x64.Build.0 = Debug|x64
		{559B022A-4D61-4D85-8059-89C008D26BA6}.Debug|x86.ActiveCfg = Debug|Win32
		{559B022A-4D61-4D85-8059-89C008D26BA6}.Debug|x86.Build.0 = Debug|Win32
		{559B022A-4D61-4D85-8059-89C008D26BA6}.Release|x64.ActiveCfg = Release|x64
		{559B022A-4D61-4D85-8059-89C008D26BA6}.Release|x64.Build.0 = Release|x64
		{559B022A-4D61-4D85-8059-89C008D26BA6}.Release|x86.ActiveCfg = Release|Win32
		{559B022A-4D61-4D85-8059-89C008D26BA6}.Release|x86.Build.0 = Release|Win32
		{4A371E5E-F5B4-490C-9036-98C445D0E2EB}.Debug|x64.ActiveCfg = Debug|x64
		{4A371E5E-F5B4-490C-9036-98C445D0E2EB}.Debug|x64.Build.0 = Debug|x64
		{4A371E5E-F5B4-490C-9036-98C445D0E2EB}.Debug|x86.ActiveCfg = Debug|Win32
		{4A371E5E-F5B4-490C-9036-98C445D0E2EB}.Debug|x86.Build.0 = Debug|Win32
		{4A371E5E-F5B4-490C-9036-98C445D0E2EB}.Release|x64.ActiveCfg = Release|x64
		{4A371E5E-F5B4-490C-9036-98C445D0E2EB}.Release|x64.Build.0 = Release|x64
		{4A371E5E-F5B4-490C-9036-98C445D0E2EB}.Release|x86.ActiveCfg = Release|Win32
		{4A371E5E-F5B4-490C-9036-98C445D0E2EB}.Release|x86.Build.0 = Release|Win32
		{45C84728-D22C-4070-A1CA-F94481245646}.Debug|x64.ActiveCfg = Debug|x64
		{45C84728-D22C-4070-A1CA-F94481245646}.Debug|x64.Build.0 = Debug|x64
		{45C84728-D22C-4070-A1CA-F94481245646}.Debug|x86.ActiveCfg = Debug|Win32
		{45C84728-D22C-4070-A1CA-F94481245646}.Debug|x86.Build.0 = Debug|Win32
		{45C84728-D22C-4070-A1CA-F94481245646}.Release|x64.ActiveCfg = Release|x64
		{45C84728-D22C-4070-A1CA-F94481245646}.Release|x64.Build.0 = Release|x64
		{45C84728-D22C-4070-A1CA-F94481245646}.Release|x86.ActiveCfg = Release|Win32
		{45C84728-D22C-4070-A1CA-F94481245646}.Release|x86.Build.0 = Release|Win32
		{994F59BD-51EF-4F7A-BDC3-7FAA922E90D4}.Debug|x64.ActiveCfg = Debug|x64
		{994F59BD-51EF-4F7A-BDC3-7FAA922E90D4}.Debug|x64.Build.0 = Debug|x64
		{994F59BD-51EF-4F7A-BDC3-7FAA922E90D4}.Debug|x86.ActiveCfg = Debug|Win32
		{994F59BD-51EF-4F7A-BDC3-7FAA922E90D4}.Debug|x86.Build.0 = Debug|Win32
		{994F59BD-51EF-4F7A-BDC3-7FAA922E90D4}.Release|x64.ActiveCfg = Release|x64
		{994F59BD-51EF-4F7A-BDC3-7FAA922E90D4}.Release|x64.Build.0 = Release|x64
		{994F59BD-51EF-4F7A-BDC3-7FAA922E90D4}.Release|x86.ActiveCfg = Release|Win32
		{994F59BD-51EF-4F7A-BDC3-7FAA922E90D4}.Release|x86.Build.0 = Release|Win32
		{C7F9194B-CD90-4775-88BE-600BA71071B1}.Debug|x64.ActiveCfg = Debug|x64
		{C7F9194B-CD90-4775-88BE-600BA71071B1}.Debug|x64.Build.0 = Debug|x64
		{C7F9194B-CD90-4775-88BE-600BA71071B1}.Debug|x86.ActiveCfg = Debug|Win32
		{C7F9194B-CD90-4775-88BE-600BA71071B1}.Debug|x86.Build.0 = Debug|Win32
		{C7F9194B-CD90-4775-88BE-600BA71071B1}.Release|x64.ActiveCfg = Release|x64
		{C7F9194B-CD90-4775-88BE-600BA71071B1}.Release|x64.Build.0 = Release|x64
		{C7F9194B-CD90-4775-88BE-600BA71071B1}.Release|x86.ActiveCfg = Release|Win32
		{C7F9194B-CD90-4775-88BE-600BA71071B1}.Release|x86.Build.0 = Release|Win32
		{9FF7D4EF-8B87-4125-88FD-AE604049F5BB}.Debug|x64.ActiveCfg = Debug|x64
		{9FF7D4EF-8B87-4125-88FD-AE604049F5BB}.Debug|x64.Build.0 = Debug|x64
		{9FF7D4EF-8B87-4125-88FD-AE604049F5BB}.Debug|x86.ActiveCfg = Debug|Win32
		{9FF7D4EF-8B87-4125-88FD-AE604049F5BB}.Debug|x86.Build.0 = Debug|Win32
		{9FF7D4EF-8B87-4125-88FD-AE604049F5BB}.Release|x64.ActiveCfg = Release|x64
		{9FF7D4EF-8B87-4125-88FD-AE604049F5BB}.Release|x64.Build.0 = Release|x64
		{9FF7D4EF-8B87-4125-88FD-AE604049F5BB}.Release|x86.ActiveCfg = Release|Win32
		{9FF7D4EF-8B87-4125-88FD-AE604049F5BB}.Release|x86.Build.0 = Release|Win32
		{17A94093-2FE1-4ADA-9110-8C8C62F09B33}.Debug|x64.ActiveCfg = Debug|x64
		{17A94093-2FE1-4ADA-9110-8C8C62F09B33}.Debug|x64.Build.0 = Debug|x64
		{17A94093-2FE1-4ADA-9110-8C8C62F09B33}.Debug|x86.ActiveCfg = Debug|Win32
		{17A94093-2FE1-4ADA-9110-8C8C62F09B33}.Debug|x86.Build.0 = Debug|Win32
		{17A94093-2FE1-4ADA-9110-8C8C62F09B33}.Release|x64.ActiveCfg = Release|x64
		{17A94093-2FE1-4ADA-9110-8C8C62F09B33}.Release|x64.Build.0 = Release|x64
		{17A94093-2FE1-4ADA-9110-8C8C62F09B33}.Release|x86.ActiveCfg = Release|Win32
		{17A94093-2FE1-4ADA-9110-8C8C62F09B33}.Release|x86.Build.0 = Release|Win32
		{660DD237-0F13-4FDC-8CAA-7738F1E80F2A}.Debug|x64.ActiveCfg = Debug|x64
		{660DD237-0F13-4FDC-8CAA-7738F1E80F2A}.Debug|x64.Build.0 = Debug|x64
		{660DD237-0F13-4FDC-8CAA-7738F1E80F2A}.Debug|x86.ActiveCfg = Debug|Win32
		{660DD237-0F13-4FDC-8CAA-7738F1E80F2A}.Debug|x86.Build.0 = Debug|Win32
		{660DD237-0F13-4FDC-8CAA-7738F1E80F2A}.Release|x64.ActiveCfg = Release|x64
		{660DD237-0F13-4FDC-8CAA-7738F1E80F2A}.Release|x64.Build.0 = Release|x64
		{660DD237-0F13-4FDC-8CAA-7738F1E80F2A}.Release|x86.ActiveCfg = Release|Win32
		{660DD237-0F13-4FDC-8CAA-7738F1E80F2A}.Release|x86.Build.0 = Release|Win32
		{CB71F571-2160-4BDC-AE45-B37B0D11816B}.Debug|x64.ActiveCfg = Debug|x64
		{CB71F571-2160-4BDC-AE45-B37B0D11816B}.Debug|x64.Build.0 = Debug|x64
		{CB71F571-2160-4BDC-AE45-B37B0D11816B}.Debug|x86.ActiveCfg = Debug|Win32
		{CB71F571-2160-4BDC-AE45-B37B0D11816B}.Debug|x86.Build.0 = Debug|Win32
		{CB71F571-2160-4BDC-AE45-B37B0D11816B}.Release|x64.ActiveCfg = Release|x64
		{CB71F571-2160-4BDC-AE45-B37B0D11816B}.Release|x64.Build.0 = Release|x64
		{CB71F571-2160-4BDC-AE45-B37B0D11816B}.Release|x86.ActiveCfg = Release|Win32
		{CB71F571-2160-4BDC-AE45-B37B0D11816B}.Release|x86.Build.0 = Release|Win32
		{5329E3AE-9537-4B65-851D-650C87E5084E}.Debug|x64.ActiveCfg = Debug|x64
		{5329E3AE-9537-4B65-851D-650C87E5084E}.Debug|x64.Build.0 = Debug|x64
		{5329E3AE-9537-4B65-851D-650C87E5084E}.Debug|x86.ActiveCfg = Debug|Win32
		{5329E3AE-9537-4B65-851D-650C87E5084E}.Debug|x86.Build.0 = Debug|Win32
		{5329E3AE-9537-4B65-851D-650C87E5084E}.Release|x64.ActiveCfg = Release|x64
		{5329E3AE-9537-4B65-851D-650C87E5084E}.Release|x64.Build.0 = Release|x64
		{5329E3AE-9537-4B65-851D-650C87E5084E}.Release|x86.ActiveCfg = Release|Win32
		{5329E3AE-9537-4B65-851D-650C87E5084E}.Release|x86.Build.0 = Release|Win32
		{FD9DCB0A-B08F-48C2-B172-9F89AF1C3901}.Debug|x64.ActiveCfg = Debug|x64
		{FD9DCB0A-B08F-48C2-B172-9F89AF1C3901}.Debug|x64.Build.0 = Debug|x64
		{FD9DCB0A-B08F-48C2-B172-9F89AF1C3901}.Debug|x86.ActiveCfg = Debug|Win32
		{FD9DCB0A-B08F-48C2-B172-9F89AF1C3901}.Debug|x86.Build.0 = Debug|Win32
		{FD9DCB0A-B08F-48C2-B172-9F89AF1C3901}.Release|x64.ActiveCfg = Release|x64
		{FD9DCB0A-B08F-48C2-B172-9F89AF1C3901}.Release|x64.Build.0 = Release|x64
		{FD9DCB0A-B08F-48C2-B172-9F89AF1C3901}.Release|x86.ActiveCfg = Release|Win32
		{FD9DCB0A-B08F-48C2-B172-9F89AF1C3901}.Release|x86.Build.0 = Release|Win32
		{EFD5164E-97BE-427F-A0D2-496B2FE705A4}.Debug|x64.ActiveCfg = Debug|x64
		{EFD5164E-97BE-427F-A0D2-496B2FE705A4}.Debug|x64.Build.0 = Debug|x64
		{EFD5164E-97BE-427F-A0D2-496B2FE705A4}.Debug|x86.ActiveCfg = Debug|Win32
		{EFD5164E-97BE-427F-A0D2-496B2FE705A4}.Debug|x86.Build.0 = Debug|Win32
		{EFD5164E-97BE-427F-A0D2-496B2FE705A4}.Release|x64.ActiveCfg = Release|x64
		{EFD5164E-97BE-427F-A0D2-496B2FE705A4}.Release|x64.Build.0 = Release|x64
		{EFD5164E-97BE-427F-A0D2-496B2FE705A4}.Release|x86.ActiveCfg = Release|Win32
		{EFD5164E-97BE-427F-A0D2-496B2FE705A4}.Release|x86.Build.0 = Release|Win32
		{8FE734E5-A2AC-4EC3-B4A7-0139DFED433A}.Debug|x64.ActiveCfg = Debug|x64
		{8FE734E5-A2AC-4EC3-B4A7-0139DFED433A}.Debug|x64.Build.0 = Debug|x64
		{8FE734E5-A2AC-4EC3-B4A7-0139DFED433A}.Debug|x86.ActiveCfg = Debug|Win32
		{8FE734E5-A2AC-4EC3-B4A7-0139DFED433A}.Debug|x86.Build.0 = Debug|Win32
		{8FE734E5-A2AC-4EC3-B4A7-0139DFED433A}.Release|x64.ActiveCfg = Release|x64
		{8FE734E5-A2AC-4EC3-B4A7-0139DFED433A}.Release|x64.Build.0 = Release|x64
		{8FE734E5-A2AC-4EC3-B4A7-0139DFED433A}.Release|x86.ActiveCfg = Release|Win32
		{8FE734E5-A2AC-4EC3-B4A7-0139DFED433A}.Release|x86.Build.0 = Release|Win32
	EndGlobalSection
	GlobalSection(SolutionProperties) = preSolution
		HideSolutionNode = FALSE
	EndGlobalSection
	GlobalSection(ExtensibilityGlobals) = postSolution
		SolutionGuid = {50B0246D-88A0-40DC-92EA-4D3C1EF0EFED}
	EndGlobalSection
EndGlobal
