
Microsoft Visual Studio Solution File, Format Version 12.00
# Visual Studio 15
VisualStudioVersion = 15.0.27130.2010
MinimumVisualStudioVersion = 10.0.40219.1
Project("{8BC9CEB8-8B4A-11D0-8D11-00A0C91BC942}") = "예제 11-1", "예제 11-1\예제 11-1.vcxproj", "{25B2295D-02B0-4BD4-AE59-3E251A8823FC}"
EndProject
Project("{8BC9CEB8-8B4A-11D0-8D11-00A0C91BC942}") = "예제 11-2", "예제 11-2\예제 11-2.vcxproj", "{DA513B60-CEBD-4BD1-BF6C-E8794377D59C}"
EndProject
Project("{8BC9CEB8-8B4A-11D0-8D11-00A0C91BC942}") = "예제 11-3", "예제 11-3\예제 11-3.vcxproj", "{397CA562-26AE-48A3-AFD1-AD4194C42BDB}"
EndProject
Project("{8BC9CEB8-8B4A-11D0-8D11-00A0C91BC942}") = "예제 11-4", "예제 11-4\예제 11-4.vcxproj", "{4E2BDB80-91D8-4EF6-A3BD-799525BAB11A}"
EndProject
Project("{8BC9CEB8-8B4A-11D0-8D11-00A0C91BC942}") = "예제 11-5", "예제 11-5\예제 11-5.vcxproj", "{42330486-3D8B-4C0F-A1AF-4D7E2C3C6930}"
EndProject
Project("{8BC9CEB8-8B4A-11D0-8D11-00A0C91BC942}") = "예제 11-6", "예제 11-6\예제 11-6.vcxproj", "{D3147A31-1723-4EB1-BB7F-3E204EBBDEAD}"
EndProject
Project("{8BC9CEB8-8B4A-11D0-8D11-00A0C91BC942}") = "예제 11-7", "예제 11-7\예제 11-7.vcxproj", "{CE01D67B-26EC-40FE-8B63-43B8F06F1B09}"
EndProject
Project("{8BC9CEB8-8B4A-11D0-8D11-00A0C91BC942}") = "예제 11-8", "예제 11-8\예제 11-8.vcxproj", "{AC75FE6F-E168-42D0-ACD2-981CF037FD55}"
EndProject
Project("{8BC9CEB8-8B4A-11D0-8D11-00A0C91BC942}") = "예제 11-9", "예제 11-9\예제 11-9.vcxproj", "{9C742598-088E-4F7D-9179-D2C9180F1755}"
EndProject
Project("{8BC9CEB8-8B4A-11D0-8D11-00A0C91BC942}") = "예제 11-10", "예제 11-10\예제 11-10.vcxproj", "{546F124A-A19F-4110-BF21-B5380E392229}"
EndProject
Project("{8BC9CEB8-8B4A-11D0-8D11-00A0C91BC942}") = "예제 11-11", "예제 11-11\예제 11-11.vcxproj", "{CD7880A2-0455-40FF-864F-7C4DD92F8E05}"
EndProject
Project("{8BC9CEB8-8B4A-11D0-8D11-00A0C91BC942}") = "예제 11-12", "예제 11-12\예제 11-12.vcxproj", "{4DB138A9-E0A3-4B26-83F3-DFAC3F6CF6B8}"
EndProject
Project("{8BC9CEB8-8B4A-11D0-8D11-00A0C91BC942}") = "예제 11-13", "예제 11-13\예제 11-13.vcxproj", "{943728A2-CD96-43AD-B995-935CBCE862C3}"
EndProject
Global
	GlobalSection(SolutionConfigurationPlatforms) = preSolution
		Debug|x64 = Debug|x64
		Debug|x86 = Debug|x86
		Release|x64 = Release|x64
		Release|x86 = Release|x86
	EndGlobalSection
	GlobalSection(ProjectConfigurationPlatforms) = postSolution
		{25B2295D-02B0-4BD4-AE59-3E251A8823FC}.Debug|x64.ActiveCfg = Debug|x64
		{25B2295D-02B0-4BD4-AE59-3E251A8823FC}.Debug|x64.Build.0 = Debug|x64
		{25B2295D-02B0-4BD4-AE59-3E251A8823FC}.Debug|x86.ActiveCfg = Debug|Win32
		{25B2295D-02B0-4BD4-AE59-3E251A8823FC}.Debug|x86.Build.0 = Debug|Win32
		{25B2295D-02B0-4BD4-AE59-3E251A8823FC}.Release|x64.ActiveCfg = Release|x64
		{25B2295D-02B0-4BD4-AE59-3E251A8823FC}.Release|x64.Build.0 = Release|x64
		{25B2295D-02B0-4BD4-AE59-3E251A8823FC}.Release|x86.ActiveCfg = Release|Win32
		{25B2295D-02B0-4BD4-AE59-3E251A8823FC}.Release|x86.Build.0 = Release|Win32
		{DA513B60-CEBD-4BD1-BF6C-E8794377D59C}.Debug|x64.ActiveCfg = Debug|x64
		{DA513B60-CEBD-4BD1-BF6C-E8794377D59C}.Debug|x64.Build.0 = Debug|x64
		{DA513B60-CEBD-4BD1-BF6C-E8794377D59C}.Debug|x86.ActiveCfg = Debug|Win32
		{DA513B60-CEBD-4BD1-BF6C-E8794377D59C}.Debug|x86.Build.0 = Debug|Win32
		{DA513B60-CEBD-4BD1-BF6C-E8794377D59C}.Release|x64.ActiveCfg = Release|x64
		{DA513B60-CEBD-4BD1-BF6C-E8794377D59C}.Release|x64.Build.0 = Release|x64
		{DA513B60-CEBD-4BD1-BF6C-E8794377D59C}.Release|x86.ActiveCfg = Release|Win32
		{DA513B60-CEBD-4BD1-BF6C-E8794377D59C}.Release|x86.Build.0 = Release|Win32
		{397CA562-26AE-48A3-AFD1-AD4194C42BDB}.Debug|x64.ActiveCfg = Debug|x64
		{397CA562-26AE-48A3-AFD1-AD4194C42BDB}.Debug|x64.Build.0 = Debug|x64
		{397CA562-26AE-48A3-AFD1-AD4194C42BDB}.Debug|x86.ActiveCfg = Debug|Win32
		{397CA562-26AE-48A3-AFD1-AD4194C42BDB}.Debug|x86.Build.0 = Debug|Win32
		{397CA562-26AE-48A3-AFD1-AD4194C42BDB}.Release|x64.ActiveCfg = Release|x64
		{397CA562-26AE-48A3-AFD1-AD4194C42BDB}.Release|x64.Build.0 = Release|x64
		{397CA562-26AE-48A3-AFD1-AD4194C42BDB}.Release|x86.ActiveCfg = Release|Win32
		{397CA562-26AE-48A3-AFD1-AD4194C42BDB}.Release|x86.Build.0 = Release|Win32
		{4E2BDB80-91D8-4EF6-A3BD-799525BAB11A}.Debug|x64.ActiveCfg = Debug|x64
		{4E2BDB80-91D8-4EF6-A3BD-799525BAB11A}.Debug|x64.Build.0 = Debug|x64
		{4E2BDB80-91D8-4EF6-A3BD-799525BAB11A}.Debug|x86.ActiveCfg = Debug|Win32
		{4E2BDB80-91D8-4EF6-A3BD-799525BAB11A}.Debug|x86.Build.0 = Debug|Win32
		{4E2BDB80-91D8-4EF6-A3BD-799525BAB11A}.Release|x64.ActiveCfg = Release|x64
		{4E2BDB80-91D8-4EF6-A3BD-799525BAB11A}.Release|x64.Build.0 = Release|x64
		{4E2BDB80-91D8-4EF6-A3BD-799525BAB11A}.Release|x86.ActiveCfg = Release|Win32
		{4E2BDB80-91D8-4EF6-A3BD-799525BAB11A}.Release|x86.Build.0 = Release|Win32
		{42330486-3D8B-4C0F-A1AF-4D7E2C3C6930}.Debug|x64.ActiveCfg = Debug|x64
		{42330486-3D8B-4C0F-A1AF-4D7E2C3C6930}.Debug|x64.Build.0 = Debug|x64
		{42330486-3D8B-4C0F-A1AF-4D7E2C3C6930}.Debug|x86.ActiveCfg = Debug|Win32
		{42330486-3D8B-4C0F-A1AF-4D7E2C3C6930}.Debug|x86.Build.0 = Debug|Win32
		{42330486-3D8B-4C0F-A1AF-4D7E2C3C6930}.Release|x64.ActiveCfg = Release|x64
		{42330486-3D8B-4C0F-A1AF-4D7E2C3C6930}.Release|x64.Build.0 = Release|x64
		{42330486-3D8B-4C0F-A1AF-4D7E2C3C6930}.Release|x86.ActiveCfg = Release|Win32
		{42330486-3D8B-4C0F-A1AF-4D7E2C3C6930}.Release|x86.Build.0 = Release|Win32
		{D3147A31-1723-4EB1-BB7F-3E204EBBDEAD}.Debug|x64.ActiveCfg = Debug|x64
		{D3147A31-1723-4EB1-BB7F-3E204EBBDEAD}.Debug|x64.Build.0 = Debug|x64
		{D3147A31-1723-4EB1-BB7F-3E204EBBDEAD}.Debug|x86.ActiveCfg = Debug|Win32
		{D3147A31-1723-4EB1-BB7F-3E204EBBDEAD}.Debug|x86.Build.0 = Debug|Win32
		{D3147A31-1723-4EB1-BB7F-3E204EBBDEAD}.Release|x64.ActiveCfg = Release|x64
		{D3147A31-1723-4EB1-BB7F-3E204EBBDEAD}.Release|x64.Build.0 = Release|x64
		{D3147A31-1723-4EB1-BB7F-3E204EBBDEAD}.Release|x86.ActiveCfg = Release|Win32
		{D3147A31-1723-4EB1-BB7F-3E204EBBDEAD}.Release|x86.Build.0 = Release|Win32
		{CE01D67B-26EC-40FE-8B63-43B8F06F1B09}.Debug|x64.ActiveCfg = Debug|x64
		{CE01D67B-26EC-40FE-8B63-43B8F06F1B09}.Debug|x64.Build.0 = Debug|x64
		{CE01D67B-26EC-40FE-8B63-43B8F06F1B09}.Debug|x86.ActiveCfg = Debug|Win32
		{CE01D67B-26EC-40FE-8B63-43B8F06F1B09}.Debug|x86.Build.0 = Debug|Win32
		{CE01D67B-26EC-40FE-8B63-43B8F06F1B09}.Release|x64.ActiveCfg = Release|x64
		{CE01D67B-26EC-40FE-8B63-43B8F06F1B09}.Release|x64.Build.0 = Release|x64
		{CE01D67B-26EC-40FE-8B63-43B8F06F1B09}.Release|x86.ActiveCfg = Release|Win32
		{CE01D67B-26EC-40FE-8B63-43B8F06F1B09}.Release|x86.Build.0 = Release|Win32
		{AC75FE6F-E168-42D0-ACD2-981CF037FD55}.Debug|x64.ActiveCfg = Debug|x64
		{AC75FE6F-E168-42D0-ACD2-981CF037FD55}.Debug|x64.Build.0 = Debug|x64
		{AC75FE6F-E168-42D0-ACD2-981CF037FD55}.Debug|x86.ActiveCfg = Debug|Win32
		{AC75FE6F-E168-42D0-ACD2-981CF037FD55}.Debug|x86.Build.0 = Debug|Win32
		{AC75FE6F-E168-42D0-ACD2-981CF037FD55}.Release|x64.ActiveCfg = Release|x64
		{AC75FE6F-E168-42D0-ACD2-981CF037FD55}.Release|x64.Build.0 = Release|x64
		{AC75FE6F-E168-42D0-ACD2-981CF037FD55}.Release|x86.ActiveCfg = Release|Win32
		{AC75FE6F-E168-42D0-ACD2-981CF037FD55}.Release|x86.Build.0 = Release|Win32
		{9C742598-088E-4F7D-9179-D2C9180F1755}.Debug|x64.ActiveCfg = Debug|x64
		{9C742598-088E-4F7D-9179-D2C9180F1755}.Debug|x64.Build.0 = Debug|x64
		{9C742598-088E-4F7D-9179-D2C9180F1755}.Debug|x86.ActiveCfg = Debug|Win32
		{9C742598-088E-4F7D-9179-D2C9180F1755}.Debug|x86.Build.0 = Debug|Win32
		{9C742598-088E-4F7D-9179-D2C9180F1755}.Release|x64.ActiveCfg = Release|x64
		{9C742598-088E-4F7D-9179-D2C9180F1755}.Release|x64.Build.0 = Release|x64
		{9C742598-088E-4F7D-9179-D2C9180F1755}.Release|x86.ActiveCfg = Release|Win32
		{9C742598-088E-4F7D-9179-D2C9180F1755}.Release|x86.Build.0 = Release|Win32
		{546F124A-A19F-4110-BF21-B5380E392229}.Debug|x64.ActiveCfg = Debug|x64
		{546F124A-A19F-4110-BF21-B5380E392229}.Debug|x64.Build.0 = Debug|x64
		{546F124A-A19F-4110-BF21-B5380E392229}.Debug|x86.ActiveCfg = Debug|Win32
		{546F124A-A19F-4110-BF21-B5380E392229}.Debug|x86.Build.0 = Debug|Win32
		{546F124A-A19F-4110-BF21-B5380E392229}.Release|x64.ActiveCfg = Release|x64
		{546F124A-A19F-4110-BF21-B5380E392229}.Release|x64.Build.0 = Release|x64
		{546F124A-A19F-4110-BF21-B5380E392229}.Release|x86.ActiveCfg = Release|Win32
		{546F124A-A19F-4110-BF21-B5380E392229}.Release|x86.Build.0 = Release|Win32
		{CD7880A2-0455-40FF-864F-7C4DD92F8E05}.Debug|x64.ActiveCfg = Debug|x64
		{CD7880A2-0455-40FF-864F-7C4DD92F8E05}.Debug|x64.Build.0 = Debug|x64
		{CD7880A2-0455-40FF-864F-7C4DD92F8E05}.Debug|x86.ActiveCfg = Debug|Win32
		{CD7880A2-0455-40FF-864F-7C4DD92F8E05}.Debug|x86.Build.0 = Debug|Win32
		{CD7880A2-0455-40FF-864F-7C4DD92F8E05}.Release|x64.ActiveCfg = Release|x64
		{CD7880A2-0455-40FF-864F-7C4DD92F8E05}.Release|x64.Build.0 = Release|x64
		{CD7880A2-0455-40FF-864F-7C4DD92F8E05}.Release|x86.ActiveCfg = Release|Win32
		{CD7880A2-0455-40FF-864F-7C4DD92F8E05}.Release|x86.Build.0 = Release|Win32
		{4DB138A9-E0A3-4B26-83F3-DFAC3F6CF6B8}.Debug|x64.ActiveCfg = Debug|x64
		{4DB138A9-E0A3-4B26-83F3-DFAC3F6CF6B8}.Debug|x64.Build.0 = Debug|x64
		{4DB138A9-E0A3-4B26-83F3-DFAC3F6CF6B8}.Debug|x86.ActiveCfg = Debug|Win32
		{4DB138A9-E0A3-4B26-83F3-DFAC3F6CF6B8}.Debug|x86.Build.0 = Debug|Win32
		{4DB138A9-E0A3-4B26-83F3-DFAC3F6CF6B8}.Release|x64.ActiveCfg = Release|x64
		{4DB138A9-E0A3-4B26-83F3-DFAC3F6CF6B8}.Release|x64.Build.0 = Release|x64
		{4DB138A9-E0A3-4B26-83F3-DFAC3F6CF6B8}.Release|x86.ActiveCfg = Release|Win32
		{4DB138A9-E0A3-4B26-83F3-DFAC3F6CF6B8}.Release|x86.Build.0 = Release|Win32
		{943728A2-CD96-43AD-B995-935CBCE862C3}.Debug|x64.ActiveCfg = Debug|x64
		{943728A2-CD96-43AD-B995-935CBCE862C3}.Debug|x64.Build.0 = Debug|x64
		{943728A2-CD96-43AD-B995-935CBCE862C3}.Debug|x86.ActiveCfg = Debug|Win32
		{943728A2-CD96-43AD-B995-935CBCE862C3}.Debug|x86.Build.0 = Debug|Win32
		{943728A2-CD96-43AD-B995-935CBCE862C3}.Release|x64.ActiveCfg = Release|x64
		{943728A2-CD96-43AD-B995-935CBCE862C3}.Release|x64.Build.0 = Release|x64
		{943728A2-CD96-43AD-B995-935CBCE862C3}.Release|x86.ActiveCfg = Release|Win32
		{943728A2-CD96-43AD-B995-935CBCE862C3}.Release|x86.Build.0 = Release|Win32
	EndGlobalSection
	GlobalSection(SolutionProperties) = preSolution
		HideSolutionNode = FALSE
	EndGlobalSection
	GlobalSection(ExtensibilityGlobals) = postSolution
		SolutionGuid = {1C65F9BF-B173-49C1-9BC1-75A102044380}
	EndGlobalSection
EndGlobal
