
Microsoft Visual Studio Solution File, Format Version 12.00
# Visual Studio Version 16
VisualStudioVersion = 16.0.30128.36
MinimumVisualStudioVersion = 10.0.40219.1
Project("{8BC9CEB8-8B4A-11D0-8D11-00A0C91BC942}") = "Hax_calculator", "Hax_calculator\Hax_calculator.vcxproj", "{2ACBF588-FC67-44DA-A424-C2BCB67CFAAE}"
EndProject
Global
	GlobalSection(SolutionConfigurationPlatforms) = preSolution
		Debug|x64 = Debug|x64
		Debug|x86 = Debug|x86
		Release|x64 = Release|x64
		Release|x86 = Release|x86
	EndGlobalSection
	GlobalSection(ProjectConfigurationPlatforms) = postSolution
		{2ACBF588-FC67-44DA-A424-C2BCB67CFAAE}.Debug|x64.ActiveCfg = Debug|x64
		{2ACBF588-FC67-44DA-A424-C2BCB67CFAAE}.Debug|x64.Build.0 = Debug|x64
		{2ACBF588-FC67-44DA-A424-C2BCB67CFAAE}.Debug|x86.ActiveCfg = Debug|Win32
		{2ACBF588-FC67-44DA-A424-C2BCB67CFAAE}.Debug|x86.Build.0 = Debug|Win32
		{2ACBF588-FC67-44DA-A424-C2BCB67CFAAE}.Release|x64.ActiveCfg = Release|x64
		{2ACBF588-FC67-44DA-A424-C2BCB67CFAAE}.Release|x64.Build.0 = Release|x64
		{2ACBF588-FC67-44DA-A424-C2BCB67CFAAE}.Release|x86.ActiveCfg = Release|Win32
		{2ACBF588-FC67-44DA-A424-C2BCB67CFAAE}.Release|x86.Build.0 = Release|Win32
	EndGlobalSection
	GlobalSection(SolutionProperties) = preSolution
		HideSolutionNode = FALSE
	EndGlobalSection
	GlobalSection(ExtensibilityGlobals) = postSolution
		SolutionGuid = {1466D480-4D38-4921-9B80-11C318C0DEC5}
	EndGlobalSection
EndGlobal
