
Microsoft Visual Studio Solution File, Format Version 12.00
# Visual Studio 15
VisualStudioVersion = 15.0.27130.2010
MinimumVisualStudioVersion = 10.0.40219.1
Project("{8BC9CEB8-8B4A-11D0-8D11-00A0C91BC942}") = "그림 8-13", "그림 8-13\그림 8-13.vcxproj", "{92C951BB-500F-4E88-ACCA-EF25AA5586CA}"
EndProject
Project("{8BC9CEB8-8B4A-11D0-8D11-00A0C91BC942}") = "그림 8-16", "그림 8-16\그림 8-16.vcxproj", "{75CAAE6D-B645-4BAA-8C82-22C44DB09BC3}"
EndProject
Project("{8BC9CEB8-8B4A-11D0-8D11-00A0C91BC942}") = "그림 8-17", "그림 8-17\그림 8-17.vcxproj", "{68963174-278F-4747-A864-CB281B277444}"
EndProject
Project("{8BC9CEB8-8B4A-11D0-8D11-00A0C91BC942}") = "그림 8-20", "그림 8-20\그림 8-20.vcxproj", "{48A71C2A-6047-45DA-8476-6661A11F55ED}"
EndProject
Project("{8BC9CEB8-8B4A-11D0-8D11-00A0C91BC942}") = "그림 8-21", "그림 8-21\그림 8-21.vcxproj", "{534D92C5-40A4-4D7E-8474-D6773D2AC3DD}"
EndProject
Project("{8BC9CEB8-8B4A-11D0-8D11-00A0C91BC942}") = "예제 8-1", "예제 8-1\예제 8-1.vcxproj", "{A783B14C-F130-45C1-9868-7E58FFCAAE64}"
EndProject
Project("{8BC9CEB8-8B4A-11D0-8D11-00A0C91BC942}") = "예제 8-2", "예제 8-2\예제 8-2.vcxproj", "{86728C97-FD77-4382-A541-911EB0586052}"
EndProject
Project("{8BC9CEB8-8B4A-11D0-8D11-00A0C91BC942}") = "예제 8-3", "예제 8-3\예제 8-3.vcxproj", "{018DAC06-5134-4789-A47E-52DE731EA1A3}"
EndProject
Project("{8BC9CEB8-8B4A-11D0-8D11-00A0C91BC942}") = "예제 8-4", "예제 8-4\예제 8-4.vcxproj", "{5707AC88-DD40-44FD-98C4-6189756A4FB2}"
EndProject
Project("{8BC9CEB8-8B4A-11D0-8D11-00A0C91BC942}") = "예제 8-5", "예제 8-5\예제 8-5.vcxproj", "{103E3F1C-E9BD-401C-925A-80405121288D}"
EndProject
Project("{8BC9CEB8-8B4A-11D0-8D11-00A0C91BC942}") = "예제 8-6", "예제 8-6\예제 8-6.vcxproj", "{13FA3C8C-F611-4E9D-8136-9F2FC8C0728B}"
EndProject
Project("{8BC9CEB8-8B4A-11D0-8D11-00A0C91BC942}") = "예제 8-7", "예제 8-7\예제 8-7.vcxproj", "{6C4267ED-2773-4FEA-A708-91839D808F11}"
EndProject
Global
	GlobalSection(SolutionConfigurationPlatforms) = preSolution
		Debug|x64 = Debug|x64
		Debug|x86 = Debug|x86
		Release|x64 = Release|x64
		Release|x86 = Release|x86
	EndGlobalSection
	GlobalSection(ProjectConfigurationPlatforms) = postSolution
		{92C951BB-500F-4E88-ACCA-EF25AA5586CA}.Debug|x64.ActiveCfg = Debug|x64
		{92C951BB-500F-4E88-ACCA-EF25AA5586CA}.Debug|x64.Build.0 = Debug|x64
		{92C951BB-500F-4E88-ACCA-EF25AA5586CA}.Debug|x86.ActiveCfg = Debug|Win32
		{92C951BB-500F-4E88-ACCA-EF25AA5586CA}.Debug|x86.Build.0 = Debug|Win32
		{92C951BB-500F-4E88-ACCA-EF25AA5586CA}.Release|x64.ActiveCfg = Release|x64
		{92C951BB-500F-4E88-ACCA-EF25AA5586CA}.Release|x64.Build.0 = Release|x64
		{92C951BB-500F-4E88-ACCA-EF25AA5586CA}.Release|x86.ActiveCfg = Release|Win32
		{92C951BB-500F-4E88-ACCA-EF25AA5586CA}.Release|x86.Build.0 = Release|Win32
		{75CAAE6D-B645-4BAA-8C82-22C44DB09BC3}.Debug|x64.ActiveCfg = Debug|x64
		{75CAAE6D-B645-4BAA-8C82-22C44DB09BC3}.Debug|x64.Build.0 = Debug|x64
		{75CAAE6D-B645-4BAA-8C82-22C44DB09BC3}.Debug|x86.ActiveCfg = Debug|Win32
		{75CAAE6D-B645-4BAA-8C82-22C44DB09BC3}.Debug|x86.Build.0 = Debug|Win32
		{75CAAE6D-B645-4BAA-8C82-22C44DB09BC3}.Release|x64.ActiveCfg = Release|x64
		{75CAAE6D-B645-4BAA-8C82-22C44DB09BC3}.Release|x64.Build.0 = Release|x64
		{75CAAE6D-B645-4BAA-8C82-22C44DB09BC3}.Release|x86.ActiveCfg = Release|Win32
		{75CAAE6D-B645-4BAA-8C82-22C44DB09BC3}.Release|x86.Build.0 = Release|Win32
		{68963174-278F-4747-A864-CB281B277444}.Debug|x64.ActiveCfg = Debug|x64
		{68963174-278F-4747-A864-CB281B277444}.Debug|x64.Build.0 = Debug|x64
		{68963174-278F-4747-A864-CB281B277444}.Debug|x86.ActiveCfg = Debug|Win32
		{68963174-278F-4747-A864-CB281B277444}.Debug|x86.Build.0 = Debug|Win32
		{68963174-278F-4747-A864-CB281B277444}.Release|x64.ActiveCfg = Release|x64
		{68963174-278F-4747-A864-CB281B277444}.Release|x64.Build.0 = Release|x64
		{68963174-278F-4747-A864-CB281B277444}.Release|x86.ActiveCfg = Release|Win32
		{68963174-278F-4747-A864-CB281B277444}.Release|x86.Build.0 = Release|Win32
		{48A71C2A-6047-45DA-8476-6661A11F55ED}.Debug|x64.ActiveCfg = Debug|x64
		{48A71C2A-6047-45DA-8476-6661A11F55ED}.Debug|x64.Build.0 = Debug|x64
		{48A71C2A-6047-45DA-8476-6661A11F55ED}.Debug|x86.ActiveCfg = Debug|Win32
		{48A71C2A-6047-45DA-8476-6661A11F55ED}.Debug|x86.Build.0 = Debug|Win32
		{48A71C2A-6047-45DA-8476-6661A11F55ED}.Release|x64.ActiveCfg = Release|x64
		{48A71C2A-6047-45DA-8476-6661A11F55ED}.Release|x64.Build.0 = Release|x64
		{48A71C2A-6047-45DA-8476-6661A11F55ED}.Release|x86.ActiveCfg = Release|Win32
		{48A71C2A-6047-45DA-8476-6661A11F55ED}.Release|x86.Build.0 = Release|Win32
		{534D92C5-40A4-4D7E-8474-D6773D2AC3DD}.Debug|x64.ActiveCfg = Debug|x64
		{534D92C5-40A4-4D7E-8474-D6773D2AC3DD}.Debug|x64.Build.0 = Debug|x64
		{534D92C5-40A4-4D7E-8474-D6773D2AC3DD}.Debug|x86.ActiveCfg = Debug|Win32
		{534D92C5-40A4-4D7E-8474-D6773D2AC3DD}.Debug|x86.Build.0 = Debug|Win32
		{534D92C5-40A4-4D7E-8474-D6773D2AC3DD}.Release|x64.ActiveCfg = Release|x64
		{534D92C5-40A4-4D7E-8474-D6773D2AC3DD}.Release|x64.Build.0 = Release|x64
		{534D92C5-40A4-4D7E-8474-D6773D2AC3DD}.Release|x86.ActiveCfg = Release|Win32
		{534D92C5-40A4-4D7E-8474-D6773D2AC3DD}.Release|x86.Build.0 = Release|Win32
		{A783B14C-F130-45C1-9868-7E58FFCAAE64}.Debug|x64.ActiveCfg = Debug|x64
		{A783B14C-F130-45C1-9868-7E58FFCAAE64}.Debug|x64.Build.0 = Debug|x64
		{A783B14C-F130-45C1-9868-7E58FFCAAE64}.Debug|x86.ActiveCfg = Debug|Win32
		{A783B14C-F130-45C1-9868-7E58FFCAAE64}.Debug|x86.Build.0 = Debug|Win32
		{A783B14C-F130-45C1-9868-7E58FFCAAE64}.Release|x64.ActiveCfg = Release|x64
		{A783B14C-F130-45C1-9868-7E58FFCAAE64}.Release|x64.Build.0 = Release|x64
		{A783B14C-F130-45C1-9868-7E58FFCAAE64}.Release|x86.ActiveCfg = Release|Win32
		{A783B14C-F130-45C1-9868-7E58FFCAAE64}.Release|x86.Build.0 = Release|Win32
		{86728C97-FD77-4382-A541-911EB0586052}.Debug|x64.ActiveCfg = Debug|x64
		{86728C97-FD77-4382-A541-911EB0586052}.Debug|x64.Build.0 = Debug|x64
		{86728C97-FD77-4382-A541-911EB0586052}.Debug|x86.ActiveCfg = Debug|Win32
		{86728C97-FD77-4382-A541-911EB0586052}.Debug|x86.Build.0 = Debug|Win32
		{86728C97-FD77-4382-A541-911EB0586052}.Release|x64.ActiveCfg = Release|x64
		{86728C97-FD77-4382-A541-911EB0586052}.Release|x64.Build.0 = Release|x64
		{86728C97-FD77-4382-A541-911EB0586052}.Release|x86.ActiveCfg = Release|Win32
		{86728C97-FD77-4382-A541-911EB0586052}.Release|x86.Build.0 = Release|Win32
		{018DAC06-5134-4789-A47E-52DE731EA1A3}.Debug|x64.ActiveCfg = Debug|x64
		{018DAC06-5134-4789-A47E-52DE731EA1A3}.Debug|x64.Build.0 = Debug|x64
		{018DAC06-5134-4789-A47E-52DE731EA1A3}.Debug|x86.ActiveCfg = Debug|Win32
		{018DAC06-5134-4789-A47E-52DE731EA1A3}.Debug|x86.Build.0 = Debug|Win32
		{018DAC06-5134-4789-A47E-52DE731EA1A3}.Release|x64.ActiveCfg = Release|x64
		{018DAC06-5134-4789-A47E-52DE731EA1A3}.Release|x64.Build.0 = Release|x64
		{018DAC06-5134-4789-A47E-52DE731EA1A3}.Release|x86.ActiveCfg = Release|Win32
		{018DAC06-5134-4789-A47E-52DE731EA1A3}.Release|x86.Build.0 = Release|Win32
		{5707AC88-DD40-44FD-98C4-6189756A4FB2}.Debug|x64.ActiveCfg = Debug|x64
		{5707AC88-DD40-44FD-98C4-6189756A4FB2}.Debug|x64.Build.0 = Debug|x64
		{5707AC88-DD40-44FD-98C4-6189756A4FB2}.Debug|x86.ActiveCfg = Debug|Win32
		{5707AC88-DD40-44FD-98C4-6189756A4FB2}.Debug|x86.Build.0 = Debug|Win32
		{5707AC88-DD40-44FD-98C4-6189756A4FB2}.Release|x64.ActiveCfg = Release|x64
		{5707AC88-DD40-44FD-98C4-6189756A4FB2}.Release|x64.Build.0 = Release|x64
		{5707AC88-DD40-44FD-98C4-6189756A4FB2}.Release|x86.ActiveCfg = Release|Win32
		{5707AC88-DD40-44FD-98C4-6189756A4FB2}.Release|x86.Build.0 = Release|Win32
		{103E3F1C-E9BD-401C-925A-80405121288D}.Debug|x64.ActiveCfg = Debug|x64
		{103E3F1C-E9BD-401C-925A-80405121288D}.Debug|x64.Build.0 = Debug|x64
		{103E3F1C-E9BD-401C-925A-80405121288D}.Debug|x86.ActiveCfg = Debug|Win32
		{103E3F1C-E9BD-401C-925A-80405121288D}.Debug|x86.Build.0 = Debug|Win32
		{103E3F1C-E9BD-401C-925A-80405121288D}.Release|x64.ActiveCfg = Release|x64
		{103E3F1C-E9BD-401C-925A-80405121288D}.Release|x64.Build.0 = Release|x64
		{103E3F1C-E9BD-401C-925A-80405121288D}.Release|x86.ActiveCfg = Release|Win32
		{103E3F1C-E9BD-401C-925A-80405121288D}.Release|x86.Build.0 = Release|Win32
		{13FA3C8C-F611-4E9D-8136-9F2FC8C0728B}.Debug|x64.ActiveCfg = Debug|x64
		{13FA3C8C-F611-4E9D-8136-9F2FC8C0728B}.Debug|x64.Build.0 = Debug|x64
		{13FA3C8C-F611-4E9D-8136-9F2FC8C0728B}.Debug|x86.ActiveCfg = Debug|Win32
		{13FA3C8C-F611-4E9D-8136-9F2FC8C0728B}.Debug|x86.Build.0 = Debug|Win32
		{13FA3C8C-F611-4E9D-8136-9F2FC8C0728B}.Release|x64.ActiveCfg = Release|x64
		{13FA3C8C-F611-4E9D-8136-9F2FC8C0728B}.Release|x64.Build.0 = Release|x64
		{13FA3C8C-F611-4E9D-8136-9F2FC8C0728B}.Release|x86.ActiveCfg = Release|Win32
		{13FA3C8C-F611-4E9D-8136-9F2FC8C0728B}.Release|x86.Build.0 = Release|Win32
		{6C4267ED-2773-4FEA-A708-91839D808F11}.Debug|x64.ActiveCfg = Debug|x64
		{6C4267ED-2773-4FEA-A708-91839D808F11}.Debug|x64.Build.0 = Debug|x64
		{6C4267ED-2773-4FEA-A708-91839D808F11}.Debug|x86.ActiveCfg = Debug|Win32
		{6C4267ED-2773-4FEA-A708-91839D808F11}.Debug|x86.Build.0 = Debug|Win32
		{6C4267ED-2773-4FEA-A708-91839D808F11}.Release|x64.ActiveCfg = Release|x64
		{6C4267ED-2773-4FEA-A708-91839D808F11}.Release|x64.Build.0 = Release|x64
		{6C4267ED-2773-4FEA-A708-91839D808F11}.Release|x86.ActiveCfg = Release|Win32
		{6C4267ED-2773-4FEA-A708-91839D808F11}.Release|x86.Build.0 = Release|Win32
	EndGlobalSection
	GlobalSection(SolutionProperties) = preSolution
		HideSolutionNode = FALSE
	EndGlobalSection
	GlobalSection(ExtensibilityGlobals) = postSolution
		SolutionGuid = {B05962CE-F1EE-40CF-A384-FCF43FC5F683}
	EndGlobalSection
EndGlobal
