
Microsoft Visual Studio Solution File, Format Version 12.00
# Visual Studio 15
VisualStudioVersion = 15.0.27130.2010
MinimumVisualStudioVersion = 10.0.40219.1
Project("{8BC9CEB8-8B4A-11D0-8D11-00A0C91BC942}") = "예제 7-1", "예제 7-1\예제 7-1.vcxproj", "{5BA54375-ED41-4E18-B769-E83565BEC503}"
EndProject
Project("{8BC9CEB8-8B4A-11D0-8D11-00A0C91BC942}") = "예제 7-2", "예제 7-2\예제 7-2.vcxproj", "{37126CD9-E778-4D15-9E40-C146FC39B222}"
EndProject
Project("{8BC9CEB8-8B4A-11D0-8D11-00A0C91BC942}") = "예제 7-3", "예제 7-3\예제 7-3.vcxproj", "{11BD3998-2C8B-4B7A-8243-69EAE00C299B}"
EndProject
Project("{8BC9CEB8-8B4A-11D0-8D11-00A0C91BC942}") = "예제 7-4", "예제 7-4\예제 7-4.vcxproj", "{1352846B-61BF-4286-9760-EC6A71FD5DBF}"
EndProject
Project("{8BC9CEB8-8B4A-11D0-8D11-00A0C91BC942}") = "예제 7-5", "예제 7-5\예제 7-5.vcxproj", "{14106890-B391-4E7E-AB6B-AAE545A12903}"
EndProject
Project("{8BC9CEB8-8B4A-11D0-8D11-00A0C91BC942}") = "예제 7-6", "예제 7-6\예제 7-6.vcxproj", "{2B35C7BA-CC40-4815-BAB4-75088A48379B}"
EndProject
Project("{8BC9CEB8-8B4A-11D0-8D11-00A0C91BC942}") = "예제 7-7", "예제 7-7\예제 7-7.vcxproj", "{3E87977E-7024-420A-AC25-CD8643C23C5A}"
EndProject
Project("{8BC9CEB8-8B4A-11D0-8D11-00A0C91BC942}") = "예제 7-8", "예제 7-8\예제 7-8.vcxproj", "{A2EBEE7A-B1AF-4DBF-9A7B-A5B5388478A5}"
EndProject
Project("{8BC9CEB8-8B4A-11D0-8D11-00A0C91BC942}") = "예제 7-9", "예제 7-9\예제 7-9.vcxproj", "{2CC4E4D4-4DAC-45BE-B05A-D67A76E3A787}"
EndProject
Project("{8BC9CEB8-8B4A-11D0-8D11-00A0C91BC942}") = "예제 7-10", "예제 7-10\예제 7-10.vcxproj", "{057F4AD9-7760-4484-847B-69A733DD83ED}"
EndProject
Project("{8BC9CEB8-8B4A-11D0-8D11-00A0C91BC942}") = "예제 7-11", "예제 7-11\예제 7-11.vcxproj", "{D71709B3-F8F6-422E-8179-6C58A4F791E1}"
EndProject
Project("{8BC9CEB8-8B4A-11D0-8D11-00A0C91BC942}") = "예제 7-12", "예제 7-12\예제 7-12.vcxproj", "{1BC00687-9575-4E24-9724-EF5AA8087F37}"
EndProject
Project("{8BC9CEB8-8B4A-11D0-8D11-00A0C91BC942}") = "예제 7-13", "예제 7-13\예제 7-13.vcxproj", "{65097118-651B-4393-92D7-3CEF49C61B75}"
EndProject
Project("{8BC9CEB8-8B4A-11D0-8D11-00A0C91BC942}") = "예제 7-14", "예제 7-14\예제 7-14.vcxproj", "{DE3CD2F2-D6D6-4DEE-8555-AF5FAAE5EAE5}"
EndProject
Global
	GlobalSection(SolutionConfigurationPlatforms) = preSolution
		Debug|x64 = Debug|x64
		Debug|x86 = Debug|x86
		Release|x64 = Release|x64
		Release|x86 = Release|x86
	EndGlobalSection
	GlobalSection(ProjectConfigurationPlatforms) = postSolution
		{5BA54375-ED41-4E18-B769-E83565BEC503}.Debug|x64.ActiveCfg = Debug|x64
		{5BA54375-ED41-4E18-B769-E83565BEC503}.Debug|x64.Build.0 = Debug|x64
		{5BA54375-ED41-4E18-B769-E83565BEC503}.Debug|x86.ActiveCfg = Debug|Win32
		{5BA54375-ED41-4E18-B769-E83565BEC503}.Debug|x86.Build.0 = Debug|Win32
		{5BA54375-ED41-4E18-B769-E83565BEC503}.Release|x64.ActiveCfg = Release|x64
		{5BA54375-ED41-4E18-B769-E83565BEC503}.Release|x64.Build.0 = Release|x64
		{5BA54375-ED41-4E18-B769-E83565BEC503}.Release|x86.ActiveCfg = Release|Win32
		{5BA54375-ED41-4E18-B769-E83565BEC503}.Release|x86.Build.0 = Release|Win32
		{37126CD9-E778-4D15-9E40-C146FC39B222}.Debug|x64.ActiveCfg = Debug|x64
		{37126CD9-E778-4D15-9E40-C146FC39B222}.Debug|x64.Build.0 = Debug|x64
		{37126CD9-E778-4D15-9E40-C146FC39B222}.Debug|x86.ActiveCfg = Debug|Win32
		{37126CD9-E778-4D15-9E40-C146FC39B222}.Debug|x86.Build.0 = Debug|Win32
		{37126CD9-E778-4D15-9E40-C146FC39B222}.Release|x64.ActiveCfg = Release|x64
		{37126CD9-E778-4D15-9E40-C146FC39B222}.Release|x64.Build.0 = Release|x64
		{37126CD9-E778-4D15-9E40-C146FC39B222}.Release|x86.ActiveCfg = Release|Win32
		{37126CD9-E778-4D15-9E40-C146FC39B222}.Release|x86.Build.0 = Release|Win32
		{11BD3998-2C8B-4B7A-8243-69EAE00C299B}.Debug|x64.ActiveCfg = Debug|x64
		{11BD3998-2C8B-4B7A-8243-69EAE00C299B}.Debug|x64.Build.0 = Debug|x64
		{11BD3998-2C8B-4B7A-8243-69EAE00C299B}.Debug|x86.ActiveCfg = Debug|Win32
		{11BD3998-2C8B-4B7A-8243-69EAE00C299B}.Debug|x86.Build.0 = Debug|Win32
		{11BD3998-2C8B-4B7A-8243-69EAE00C299B}.Release|x64.ActiveCfg = Release|x64
		{11BD3998-2C8B-4B7A-8243-69EAE00C299B}.Release|x64.Build.0 = Release|x64
		{11BD3998-2C8B-4B7A-8243-69EAE00C299B}.Release|x86.ActiveCfg = Release|Win32
		{11BD3998-2C8B-4B7A-8243-69EAE00C299B}.Release|x86.Build.0 = Release|Win32
		{1352846B-61BF-4286-9760-EC6A71FD5DBF}.Debug|x64.ActiveCfg = Debug|x64
		{1352846B-61BF-4286-9760-EC6A71FD5DBF}.Debug|x64.Build.0 = Debug|x64
		{1352846B-61BF-4286-9760-EC6A71FD5DBF}.Debug|x86.ActiveCfg = Debug|Win32
		{1352846B-61BF-4286-9760-EC6A71FD5DBF}.Debug|x86.Build.0 = Debug|Win32
		{1352846B-61BF-4286-9760-EC6A71FD5DBF}.Release|x64.ActiveCfg = Release|x64
		{1352846B-61BF-4286-9760-EC6A71FD5DBF}.Release|x64.Build.0 = Release|x64
		{1352846B-61BF-4286-9760-EC6A71FD5DBF}.Release|x86.ActiveCfg = Release|Win32
		{1352846B-61BF-4286-9760-EC6A71FD5DBF}.Release|x86.Build.0 = Release|Win32
		{14106890-B391-4E7E-AB6B-AAE545A12903}.Debug|x64.ActiveCfg = Debug|x64
		{14106890-B391-4E7E-AB6B-AAE545A12903}.Debug|x64.Build.0 = Debug|x64
		{14106890-B391-4E7E-AB6B-AAE545A12903}.Debug|x86.ActiveCfg = Debug|Win32
		{14106890-B391-4E7E-AB6B-AAE545A12903}.Debug|x86.Build.0 = Debug|Win32
		{14106890-B391-4E7E-AB6B-AAE545A12903}.Release|x64.ActiveCfg = Release|x64
		{14106890-B391-4E7E-AB6B-AAE545A12903}.Release|x64.Build.0 = Release|x64
		{14106890-B391-4E7E-AB6B-AAE545A12903}.Release|x86.ActiveCfg = Release|Win32
		{14106890-B391-4E7E-AB6B-AAE545A12903}.Release|x86.Build.0 = Release|Win32
		{2B35C7BA-CC40-4815-BAB4-75088A48379B}.Debug|x64.ActiveCfg = Debug|x64
		{2B35C7BA-CC40-4815-BAB4-75088A48379B}.Debug|x64.Build.0 = Debug|x64
		{2B35C7BA-CC40-4815-BAB4-75088A48379B}.Debug|x86.ActiveCfg = Debug|Win32
		{2B35C7BA-CC40-4815-BAB4-75088A48379B}.Debug|x86.Build.0 = Debug|Win32
		{2B35C7BA-CC40-4815-BAB4-75088A48379B}.Release|x64.ActiveCfg = Release|x64
		{2B35C7BA-CC40-4815-BAB4-75088A48379B}.Release|x64.Build.0 = Release|x64
		{2B35C7BA-CC40-4815-BAB4-75088A48379B}.Release|x86.ActiveCfg = Release|Win32
		{2B35C7BA-CC40-4815-BAB4-75088A48379B}.Release|x86.Build.0 = Release|Win32
		{3E87977E-7024-420A-AC25-CD8643C23C5A}.Debug|x64.ActiveCfg = Debug|x64
		{3E87977E-7024-420A-AC25-CD8643C23C5A}.Debug|x64.Build.0 = Debug|x64
		{3E87977E-7024-420A-AC25-CD8643C23C5A}.Debug|x86.ActiveCfg = Debug|Win32
		{3E87977E-7024-420A-AC25-CD8643C23C5A}.Debug|x86.Build.0 = Debug|Win32
		{3E87977E-7024-420A-AC25-CD8643C23C5A}.Release|x64.ActiveCfg = Release|x64
		{3E87977E-7024-420A-AC25-CD8643C23C5A}.Release|x64.Build.0 = Release|x64
		{3E87977E-7024-420A-AC25-CD8643C23C5A}.Release|x86.ActiveCfg = Release|Win32
		{3E87977E-7024-420A-AC25-CD8643C23C5A}.Release|x86.Build.0 = Release|Win32
		{A2EBEE7A-B1AF-4DBF-9A7B-A5B5388478A5}.Debug|x64.ActiveCfg = Debug|x64
		{A2EBEE7A-B1AF-4DBF-9A7B-A5B5388478A5}.Debug|x64.Build.0 = Debug|x64
		{A2EBEE7A-B1AF-4DBF-9A7B-A5B5388478A5}.Debug|x86.ActiveCfg = Debug|Win32
		{A2EBEE7A-B1AF-4DBF-9A7B-A5B5388478A5}.Debug|x86.Build.0 = Debug|Win32
		{A2EBEE7A-B1AF-4DBF-9A7B-A5B5388478A5}.Release|x64.ActiveCfg = Release|x64
		{A2EBEE7A-B1AF-4DBF-9A7B-A5B5388478A5}.Release|x64.Build.0 = Release|x64
		{A2EBEE7A-B1AF-4DBF-9A7B-A5B5388478A5}.Release|x86.ActiveCfg = Release|Win32
		{A2EBEE7A-B1AF-4DBF-9A7B-A5B5388478A5}.Release|x86.Build.0 = Release|Win32
		{2CC4E4D4-4DAC-45BE-B05A-D67A76E3A787}.Debug|x64.ActiveCfg = Debug|x64
		{2CC4E4D4-4DAC-45BE-B05A-D67A76E3A787}.Debug|x64.Build.0 = Debug|x64
		{2CC4E4D4-4DAC-45BE-B05A-D67A76E3A787}.Debug|x86.ActiveCfg = Debug|Win32
		{2CC4E4D4-4DAC-45BE-B05A-D67A76E3A787}.Debug|x86.Build.0 = Debug|Win32
		{2CC4E4D4-4DAC-45BE-B05A-D67A76E3A787}.Release|x64.ActiveCfg = Release|x64
		{2CC4E4D4-4DAC-45BE-B05A-D67A76E3A787}.Release|x64.Build.0 = Release|x64
		{2CC4E4D4-4DAC-45BE-B05A-D67A76E3A787}.Release|x86.ActiveCfg = Release|Win32
		{2CC4E4D4-4DAC-45BE-B05A-D67A76E3A787}.Release|x86.Build.0 = Release|Win32
		{057F4AD9-7760-4484-847B-69A733DD83ED}.Debug|x64.ActiveCfg = Debug|x64
		{057F4AD9-7760-4484-847B-69A733DD83ED}.Debug|x64.Build.0 = Debug|x64
		{057F4AD9-7760-4484-847B-69A733DD83ED}.Debug|x86.ActiveCfg = Debug|Win32
		{057F4AD9-7760-4484-847B-69A733DD83ED}.Debug|x86.Build.0 = Debug|Win32
		{057F4AD9-7760-4484-847B-69A733DD83ED}.Release|x64.ActiveCfg = Release|x64
		{057F4AD9-7760-4484-847B-69A733DD83ED}.Release|x64.Build.0 = Release|x64
		{057F4AD9-7760-4484-847B-69A733DD83ED}.Release|x86.ActiveCfg = Release|Win32
		{057F4AD9-7760-4484-847B-69A733DD83ED}.Release|x86.Build.0 = Release|Win32
		{D71709B3-F8F6-422E-8179-6C58A4F791E1}.Debug|x64.ActiveCfg = Debug|x64
		{D71709B3-F8F6-422E-8179-6C58A4F791E1}.Debug|x64.Build.0 = Debug|x64
		{D71709B3-F8F6-422E-8179-6C58A4F791E1}.Debug|x86.ActiveCfg = Debug|Win32
		{D71709B3-F8F6-422E-8179-6C58A4F791E1}.Debug|x86.Build.0 = Debug|Win32
		{D71709B3-F8F6-422E-8179-6C58A4F791E1}.Release|x64.ActiveCfg = Release|x64
		{D71709B3-F8F6-422E-8179-6C58A4F791E1}.Release|x64.Build.0 = Release|x64
		{D71709B3-F8F6-422E-8179-6C58A4F791E1}.Release|x86.ActiveCfg = Release|Win32
		{D71709B3-F8F6-422E-8179-6C58A4F791E1}.Release|x86.Build.0 = Release|Win32
		{1BC00687-9575-4E24-9724-EF5AA8087F37}.Debug|x64.ActiveCfg = Debug|x64
		{1BC00687-9575-4E24-9724-EF5AA8087F37}.Debug|x64.Build.0 = Debug|x64
		{1BC00687-9575-4E24-9724-EF5AA8087F37}.Debug|x86.ActiveCfg = Debug|Win32
		{1BC00687-9575-4E24-9724-EF5AA8087F37}.Debug|x86.Build.0 = Debug|Win32
		{1BC00687-9575-4E24-9724-EF5AA8087F37}.Release|x64.ActiveCfg = Release|x64
		{1BC00687-9575-4E24-9724-EF5AA8087F37}.Release|x64.Build.0 = Release|x64
		{1BC00687-9575-4E24-9724-EF5AA8087F37}.Release|x86.ActiveCfg = Release|Win32
		{1BC00687-9575-4E24-9724-EF5AA8087F37}.Release|x86.Build.0 = Release|Win32
		{65097118-651B-4393-92D7-3CEF49C61B75}.Debug|x64.ActiveCfg = Debug|x64
		{65097118-651B-4393-92D7-3CEF49C61B75}.Debug|x64.Build.0 = Debug|x64
		{65097118-651B-4393-92D7-3CEF49C61B75}.Debug|x86.ActiveCfg = Debug|Win32
		{65097118-651B-4393-92D7-3CEF49C61B75}.Debug|x86.Build.0 = Debug|Win32
		{65097118-651B-4393-92D7-3CEF49C61B75}.Release|x64.ActiveCfg = Release|x64
		{65097118-651B-4393-92D7-3CEF49C61B75}.Release|x64.Build.0 = Release|x64
		{65097118-651B-4393-92D7-3CEF49C61B75}.Release|x86.ActiveCfg = Release|Win32
		{65097118-651B-4393-92D7-3CEF49C61B75}.Release|x86.Build.0 = Release|Win32
		{DE3CD2F2-D6D6-4DEE-8555-AF5FAAE5EAE5}.Debug|x64.ActiveCfg = Debug|x64
		{DE3CD2F2-D6D6-4DEE-8555-AF5FAAE5EAE5}.Debug|x64.Build.0 = Debug|x64
		{DE3CD2F2-D6D6-4DEE-8555-AF5FAAE5EAE5}.Debug|x86.ActiveCfg = Debug|Win32
		{DE3CD2F2-D6D6-4DEE-8555-AF5FAAE5EAE5}.Debug|x86.Build.0 = Debug|Win32
		{DE3CD2F2-D6D6-4DEE-8555-AF5FAAE5EAE5}.Release|x64.ActiveCfg = Release|x64
		{DE3CD2F2-D6D6-4DEE-8555-AF5FAAE5EAE5}.Release|x64.Build.0 = Release|x64
		{DE3CD2F2-D6D6-4DEE-8555-AF5FAAE5EAE5}.Release|x86.ActiveCfg = Release|Win32
		{DE3CD2F2-D6D6-4DEE-8555-AF5FAAE5EAE5}.Release|x86.Build.0 = Release|Win32
	EndGlobalSection
	GlobalSection(SolutionProperties) = preSolution
		HideSolutionNode = FALSE
	EndGlobalSection
	GlobalSection(ExtensibilityGlobals) = postSolution
		SolutionGuid = {7674E470-1AE4-4153-9986-6D5A6F32AF80}
	EndGlobalSection
EndGlobal
