
Microsoft Visual Studio Solution File, Format Version 12.00
# Visual Studio 15
VisualStudioVersion = 15.0.27130.2010
MinimumVisualStudioVersion = 10.0.40219.1
Project("{8BC9CEB8-8B4A-11D0-8D11-00A0C91BC942}") = "12-1", "12-1\12-1.vcxproj", "{D9503EF1-3FBF-45A3-A128-78A06F2EFC64}"
EndProject
Project("{8BC9CEB8-8B4A-11D0-8D11-00A0C91BC942}") = "12-4", "12-4\12-4.vcxproj", "{6158F997-0CEC-4EC9-B500-FB216B6955D0}"
EndProject
Project("{8BC9CEB8-8B4A-11D0-8D11-00A0C91BC942}") = "12-5", "12-5\12-5.vcxproj", "{0912481C-91BA-4EA6-92DD-29E61CFBA7C5}"
EndProject
Project("{8BC9CEB8-8B4A-11D0-8D11-00A0C91BC942}") = "12-10", "12-10\12-10.vcxproj", "{409ADC43-15E0-4EE6-BADB-B329E746694A}"
EndProject
Project("{8BC9CEB8-8B4A-11D0-8D11-00A0C91BC942}") = "12-12", "12-12\12-12.vcxproj", "{C904B320-9F5A-4B85-8622-634703062B55}"
EndProject
Global
	GlobalSection(SolutionConfigurationPlatforms) = preSolution
		Debug|x64 = Debug|x64
		Debug|x86 = Debug|x86
		Release|x64 = Release|x64
		Release|x86 = Release|x86
	EndGlobalSection
	GlobalSection(ProjectConfigurationPlatforms) = postSolution
		{D9503EF1-3FBF-45A3-A128-78A06F2EFC64}.Debug|x64.ActiveCfg = Debug|x64
		{D9503EF1-3FBF-45A3-A128-78A06F2EFC64}.Debug|x64.Build.0 = Debug|x64
		{D9503EF1-3FBF-45A3-A128-78A06F2EFC64}.Debug|x86.ActiveCfg = Debug|Win32
		{D9503EF1-3FBF-45A3-A128-78A06F2EFC64}.Debug|x86.Build.0 = Debug|Win32
		{D9503EF1-3FBF-45A3-A128-78A06F2EFC64}.Release|x64.ActiveCfg = Release|x64
		{D9503EF1-3FBF-45A3-A128-78A06F2EFC64}.Release|x64.Build.0 = Release|x64
		{D9503EF1-3FBF-45A3-A128-78A06F2EFC64}.Release|x86.ActiveCfg = Release|Win32
		{D9503EF1-3FBF-45A3-A128-78A06F2EFC64}.Release|x86.Build.0 = Release|Win32
		{6158F997-0CEC-4EC9-B500-FB216B6955D0}.Debug|x64.ActiveCfg = Debug|x64
		{6158F997-0CEC-4EC9-B500-FB216B6955D0}.Debug|x64.Build.0 = Debug|x64
		{6158F997-0CEC-4EC9-B500-FB216B6955D0}.Debug|x86.ActiveCfg = Debug|Win32
		{6158F997-0CEC-4EC9-B500-FB216B6955D0}.Debug|x86.Build.0 = Debug|Win32
		{6158F997-0CEC-4EC9-B500-FB216B6955D0}.Release|x64.ActiveCfg = Release|x64
		{6158F997-0CEC-4EC9-B500-FB216B6955D0}.Release|x64.Build.0 = Release|x64
		{6158F997-0CEC-4EC9-B500-FB216B6955D0}.Release|x86.ActiveCfg = Release|Win32
		{6158F997-0CEC-4EC9-B500-FB216B6955D0}.Release|x86.Build.0 = Release|Win32
		{0912481C-91BA-4EA6-92DD-29E61CFBA7C5}.Debug|x64.ActiveCfg = Debug|x64
		{0912481C-91BA-4EA6-92DD-29E61CFBA7C5}.Debug|x64.Build.0 = Debug|x64
		{0912481C-91BA-4EA6-92DD-29E61CFBA7C5}.Debug|x86.ActiveCfg = Debug|Win32
		{0912481C-91BA-4EA6-92DD-29E61CFBA7C5}.Debug|x86.Build.0 = Debug|Win32
		{0912481C-91BA-4EA6-92DD-29E61CFBA7C5}.Release|x64.ActiveCfg = Release|x64
		{0912481C-91BA-4EA6-92DD-29E61CFBA7C5}.Release|x64.Build.0 = Release|x64
		{0912481C-91BA-4EA6-92DD-29E61CFBA7C5}.Release|x86.ActiveCfg = Release|Win32
		{0912481C-91BA-4EA6-92DD-29E61CFBA7C5}.Release|x86.Build.0 = Release|Win32
		{409ADC43-15E0-4EE6-BADB-B329E746694A}.Debug|x64.ActiveCfg = Debug|x64
		{409ADC43-15E0-4EE6-BADB-B329E746694A}.Debug|x64.Build.0 = Debug|x64
		{409ADC43-15E0-4EE6-BADB-B329E746694A}.Debug|x86.ActiveCfg = Debug|Win32
		{409ADC43-15E0-4EE6-BADB-B329E746694A}.Debug|x86.Build.0 = Debug|Win32
		{409ADC43-15E0-4EE6-BADB-B329E746694A}.Release|x64.ActiveCfg = Release|x64
		{409ADC43-15E0-4EE6-BADB-B329E746694A}.Release|x64.Build.0 = Release|x64
		{409ADC43-15E0-4EE6-BADB-B329E746694A}.Release|x86.ActiveCfg = Release|Win32
		{409ADC43-15E0-4EE6-BADB-B329E746694A}.Release|x86.Build.0 = Release|Win32
		{C904B320-9F5A-4B85-8622-634703062B55}.Debug|x64.ActiveCfg = Debug|x64
		{C904B320-9F5A-4B85-8622-634703062B55}.Debug|x64.Build.0 = Debug|x64
		{C904B320-9F5A-4B85-8622-634703062B55}.Debug|x86.ActiveCfg = Debug|Win32
		{C904B320-9F5A-4B85-8622-634703062B55}.Debug|x86.Build.0 = Debug|Win32
		{C904B320-9F5A-4B85-8622-634703062B55}.Release|x64.ActiveCfg = Release|x64
		{C904B320-9F5A-4B85-8622-634703062B55}.Release|x64.Build.0 = Release|x64
		{C904B320-9F5A-4B85-8622-634703062B55}.Release|x86.ActiveCfg = Release|Win32
		{C904B320-9F5A-4B85-8622-634703062B55}.Release|x86.Build.0 = Release|Win32
	EndGlobalSection
	GlobalSection(SolutionProperties) = preSolution
		HideSolutionNode = FALSE
	EndGlobalSection
	GlobalSection(ExtensibilityGlobals) = postSolution
		SolutionGuid = {791C6808-2B1D-4ED9-BFED-262F5F9BB74C}
	EndGlobalSection
EndGlobal
