
Microsoft Visual Studio Solution File, Format Version 11.00
# Visual Studio 2010
Project("{8BC9CEB8-8B4A-11D0-8D11-00A0C91BC942}") = "ex3", "ex3\ex3.vcxproj", "{DA2135D4-D386-4FFB-9F3E-3E6F712756E8}"
EndProject
Global
	GlobalSection(SolutionConfigurationPlatforms) = preSolution
		Debug|Win32 = Debug|Win32
		Release|Win32 = Release|Win32
	EndGlobalSection
	GlobalSection(ProjectConfigurationPlatforms) = postSolution
		{DA2135D4-D386-4FFB-9F3E-3E6F712756E8}.Debug|Win32.ActiveCfg = Debug|Win32
		{DA2135D4-D386-4FFB-9F3E-3E6F712756E8}.Debug|Win32.Build.0 = Debug|Win32
		{DA2135D4-D386-4FFB-9F3E-3E6F712756E8}.Release|Win32.ActiveCfg = Release|Win32
		{DA2135D4-D386-4FFB-9F3E-3E6F712756E8}.Release|Win32.Build.0 = Release|Win32
	EndGlobalSection
	GlobalSection(SolutionProperties) = preSolution
		HideSolutionNode = FALSE
	EndGlobalSection
EndGlobal
