
Microsoft Visual Studio Solution File, Format Version 12.00
# Visual Studio Version 16
VisualStudioVersion = 16.0.30128.36
MinimumVisualStudioVersion = 10.0.40219.1
Project("{8BC9CEB8-8B4A-11D0-8D11-00A0C91BC942}") = "short_Bubble_solt", "short_Bubble_solt\short_Bubble_solt.vcxproj", "{BE6234CC-A68B-4FDC-BBC2-19F2020C6398}"
EndProject
Global
	GlobalSection(SolutionConfigurationPlatforms) = preSolution
		Debug|x64 = Debug|x64
		Debug|x86 = Debug|x86
		Release|x64 = Release|x64
		Release|x86 = Release|x86
	EndGlobalSection
	GlobalSection(ProjectConfigurationPlatforms) = postSolution
		{BE6234CC-A68B-4FDC-BBC2-19F2020C6398}.Debug|x64.ActiveCfg = Debug|x64
		{BE6234CC-A68B-4FDC-BBC2-19F2020C6398}.Debug|x64.Build.0 = Debug|x64
		{BE6234CC-A68B-4FDC-BBC2-19F2020C6398}.Debug|x86.ActiveCfg = Debug|Win32
		{BE6234CC-A68B-4FDC-BBC2-19F2020C6398}.Debug|x86.Build.0 = Debug|Win32
		{BE6234CC-A68B-4FDC-BBC2-19F2020C6398}.Release|x64.ActiveCfg = Release|x64
		{BE6234CC-A68B-4FDC-BBC2-19F2020C6398}.Release|x64.Build.0 = Release|x64
		{BE6234CC-A68B-4FDC-BBC2-19F2020C6398}.Release|x86.ActiveCfg = Release|Win32
		{BE6234CC-A68B-4FDC-BBC2-19F2020C6398}.Release|x86.Build.0 = Release|Win32
	EndGlobalSection
	GlobalSection(SolutionProperties) = preSolution
		HideSolutionNode = FALSE
	EndGlobalSection
	GlobalSection(ExtensibilityGlobals) = postSolution
		SolutionGuid = {18FA28E3-F6A1-49E6-BAAD-7824E675140F}
	EndGlobalSection
EndGlobal
