
Microsoft Visual Studio Solution File, Format Version 12.00
# Visual Studio 15
VisualStudioVersion = 15.0.27130.2010
MinimumVisualStudioVersion = 10.0.40219.1
Project("{8BC9CEB8-8B4A-11D0-8D11-00A0C91BC942}") = "그림 6-9", "그림 6-9\그림 6-9.vcxproj", "{664EC3BB-ECBB-40AE-9359-CCA65AD3B42A}"
EndProject
Project("{8BC9CEB8-8B4A-11D0-8D11-00A0C91BC942}") = "그림 6-11", "그림 6-11\그림 6-11.vcxproj", "{AC73B8FF-4EE0-435B-8674-ED8E06D7C613}"
EndProject
Project("{8BC9CEB8-8B4A-11D0-8D11-00A0C91BC942}") = "그림 6-12", "그림 6-12\그림 6-12.vcxproj", "{774F3BE9-57B1-4E67-845B-DC404A381AD1}"
EndProject
Project("{8BC9CEB8-8B4A-11D0-8D11-00A0C91BC942}") = "그림 6-13", "그림 6-13\그림 6-13.vcxproj", "{18D6CEC3-4A66-4F40-A9E6-A0267F32DB5F}"
EndProject
Project("{8BC9CEB8-8B4A-11D0-8D11-00A0C91BC942}") = "예제 6-1", "예제 6-1\예제 6-1.vcxproj", "{C01E85EA-7BC6-4E68-8B64-A2A48A319ED2}"
EndProject
Project("{8BC9CEB8-8B4A-11D0-8D11-00A0C91BC942}") = "예제 6-2", "예제 6-2\예제 6-2.vcxproj", "{F04AA1BC-EB38-4F1C-BF9F-573EC6F07E48}"
EndProject
Project("{8BC9CEB8-8B4A-11D0-8D11-00A0C91BC942}") = "예제 6-3", "예제 6-3\예제 6-3.vcxproj", "{557A90CE-3164-4339-8B00-8127B3279FF6}"
EndProject
Project("{8BC9CEB8-8B4A-11D0-8D11-00A0C91BC942}") = "예제 6-4", "예제 6-4\예제 6-4.vcxproj", "{425EA4C5-2FDE-4C50-BAFF-42331E4258F5}"
EndProject
Project("{8BC9CEB8-8B4A-11D0-8D11-00A0C91BC942}") = "예제 6-5", "예제 6-5\예제 6-5.vcxproj", "{BBE305FD-0453-4D99-9AB9-344D449667E9}"
EndProject
Project("{8BC9CEB8-8B4A-11D0-8D11-00A0C91BC942}") = "예제 6-6", "예제 6-6\예제 6-6.vcxproj", "{7745180C-6838-4F40-9770-13A29370DD7C}"
EndProject
Project("{8BC9CEB8-8B4A-11D0-8D11-00A0C91BC942}") = "예제 6-7", "예제 6-7\예제 6-7.vcxproj", "{94DE5DA9-1A9F-4547-9D17-4272AAD43C9B}"
EndProject
Project("{8BC9CEB8-8B4A-11D0-8D11-00A0C91BC942}") = "예제 6-8", "예제 6-8\예제 6-8.vcxproj", "{F0E8B6CC-F696-4878-A8D6-C5A53930286F}"
EndProject
Project("{8BC9CEB8-8B4A-11D0-8D11-00A0C91BC942}") = "예제 6-9", "예제 6-9\예제 6-9.vcxproj", "{088961BC-D6CC-4E2E-BDA8-F7056390C923}"
EndProject
Project("{8BC9CEB8-8B4A-11D0-8D11-00A0C91BC942}") = "예제 6-10", "예제 6-10\예제 6-10.vcxproj", "{93B79083-EAC2-4A6D-82A1-B391B48636EB}"
EndProject
Project("{8BC9CEB8-8B4A-11D0-8D11-00A0C91BC942}") = "예제 6-11", "예제 6-11\예제 6-11.vcxproj", "{3C491F92-997B-418E-B3BF-253ECD48168C}"
EndProject
Global
	GlobalSection(SolutionConfigurationPlatforms) = preSolution
		Debug|x64 = Debug|x64
		Debug|x86 = Debug|x86
		Release|x64 = Release|x64
		Release|x86 = Release|x86
	EndGlobalSection
	GlobalSection(ProjectConfigurationPlatforms) = postSolution
		{664EC3BB-ECBB-40AE-9359-CCA65AD3B42A}.Debug|x64.ActiveCfg = Debug|x64
		{664EC3BB-ECBB-40AE-9359-CCA65AD3B42A}.Debug|x64.Build.0 = Debug|x64
		{664EC3BB-ECBB-40AE-9359-CCA65AD3B42A}.Debug|x86.ActiveCfg = Debug|Win32
		{664EC3BB-ECBB-40AE-9359-CCA65AD3B42A}.Debug|x86.Build.0 = Debug|Win32
		{664EC3BB-ECBB-40AE-9359-CCA65AD3B42A}.Release|x64.ActiveCfg = Release|x64
		{664EC3BB-ECBB-40AE-9359-CCA65AD3B42A}.Release|x64.Build.0 = Release|x64
		{664EC3BB-ECBB-40AE-9359-CCA65AD3B42A}.Release|x86.ActiveCfg = Release|Win32
		{664EC3BB-ECBB-40AE-9359-CCA65AD3B42A}.Release|x86.Build.0 = Release|Win32
		{AC73B8FF-4EE0-435B-8674-ED8E06D7C613}.Debug|x64.ActiveCfg = Debug|x64
		{AC73B8FF-4EE0-435B-8674-ED8E06D7C613}.Debug|x64.Build.0 = Debug|x64
		{AC73B8FF-4EE0-435B-8674-ED8E06D7C613}.Debug|x86.ActiveCfg = Debug|Win32
		{AC73B8FF-4EE0-435B-8674-ED8E06D7C613}.Debug|x86.Build.0 = Debug|Win32
		{AC73B8FF-4EE0-435B-8674-ED8E06D7C613}.Release|x64.ActiveCfg = Release|x64
		{AC73B8FF-4EE0-435B-8674-ED8E06D7C613}.Release|x64.Build.0 = Release|x64
		{AC73B8FF-4EE0-435B-8674-ED8E06D7C613}.Release|x86.ActiveCfg = Release|Win32
		{AC73B8FF-4EE0-435B-8674-ED8E06D7C613}.Release|x86.Build.0 = Release|Win32
		{774F3BE9-57B1-4E67-845B-DC404A381AD1}.Debug|x64.ActiveCfg = Debug|x64
		{774F3BE9-57B1-4E67-845B-DC404A381AD1}.Debug|x64.Build.0 = Debug|x64
		{774F3BE9-57B1-4E67-845B-DC404A381AD1}.Debug|x86.ActiveCfg = Debug|Win32
		{774F3BE9-57B1-4E67-845B-DC404A381AD1}.Debug|x86.Build.0 = Debug|Win32
		{774F3BE9-57B1-4E67-845B-DC404A381AD1}.Release|x64.ActiveCfg = Release|x64
		{774F3BE9-57B1-4E67-845B-DC404A381AD1}.Release|x64.Build.0 = Release|x64
		{774F3BE9-57B1-4E67-845B-DC404A381AD1}.Release|x86.ActiveCfg = Release|Win32
		{774F3BE9-57B1-4E67-845B-DC404A381AD1}.Release|x86.Build.0 = Release|Win32
		{18D6CEC3-4A66-4F40-A9E6-A0267F32DB5F}.Debug|x64.ActiveCfg = Debug|x64
		{18D6CEC3-4A66-4F40-A9E6-A0267F32DB5F}.Debug|x64.Build.0 = Debug|x64
		{18D6CEC3-4A66-4F40-A9E6-A0267F32DB5F}.Debug|x86.ActiveCfg = Debug|Win32
		{18D6CEC3-4A66-4F40-A9E6-A0267F32DB5F}.Debug|x86.Build.0 = Debug|Win32
		{18D6CEC3-4A66-4F40-A9E6-A0267F32DB5F}.Release|x64.ActiveCfg = Release|x64
		{18D6CEC3-4A66-4F40-A9E6-A0267F32DB5F}.Release|x64.Build.0 = Release|x64
		{18D6CEC3-4A66-4F40-A9E6-A0267F32DB5F}.Release|x86.ActiveCfg = Release|Win32
		{18D6CEC3-4A66-4F40-A9E6-A0267F32DB5F}.Release|x86.Build.0 = Release|Win32
		{C01E85EA-7BC6-4E68-8B64-A2A48A319ED2}.Debug|x64.ActiveCfg = Debug|x64
		{C01E85EA-7BC6-4E68-8B64-A2A48A319ED2}.Debug|x64.Build.0 = Debug|x64
		{C01E85EA-7BC6-4E68-8B64-A2A48A319ED2}.Debug|x86.ActiveCfg = Debug|Win32
		{C01E85EA-7BC6-4E68-8B64-A2A48A319ED2}.Debug|x86.Build.0 = Debug|Win32
		{C01E85EA-7BC6-4E68-8B64-A2A48A319ED2}.Release|x64.ActiveCfg = Release|x64
		{C01E85EA-7BC6-4E68-8B64-A2A48A319ED2}.Release|x64.Build.0 = Release|x64
		{C01E85EA-7BC6-4E68-8B64-A2A48A319ED2}.Release|x86.ActiveCfg = Release|Win32
		{C01E85EA-7BC6-4E68-8B64-A2A48A319ED2}.Release|x86.Build.0 = Release|Win32
		{F04AA1BC-EB38-4F1C-BF9F-573EC6F07E48}.Debug|x64.ActiveCfg = Debug|x64
		{F04AA1BC-EB38-4F1C-BF9F-573EC6F07E48}.Debug|x64.Build.0 = Debug|x64
		{F04AA1BC-EB38-4F1C-BF9F-573EC6F07E48}.Debug|x86.ActiveCfg = Debug|Win32
		{F04AA1BC-EB38-4F1C-BF9F-573EC6F07E48}.Debug|x86.Build.0 = Debug|Win32
		{F04AA1BC-EB38-4F1C-BF9F-573EC6F07E48}.Release|x64.ActiveCfg = Release|x64
		{F04AA1BC-EB38-4F1C-BF9F-573EC6F07E48}.Release|x64.Build.0 = Release|x64
		{F04AA1BC-EB38-4F1C-BF9F-573EC6F07E48}.Release|x86.ActiveCfg = Release|Win32
		{F04AA1BC-EB38-4F1C-BF9F-573EC6F07E48}.Release|x86.Build.0 = Release|Win32
		{557A90CE-3164-4339-8B00-8127B3279FF6}.Debug|x64.ActiveCfg = Debug|x64
		{557A90CE-3164-4339-8B00-8127B3279FF6}.Debug|x64.Build.0 = Debug|x64
		{557A90CE-3164-4339-8B00-8127B3279FF6}.Debug|x86.ActiveCfg = Debug|Win32
		{557A90CE-3164-4339-8B00-8127B3279FF6}.Debug|x86.Build.0 = Debug|Win32
		{557A90CE-3164-4339-8B00-8127B3279FF6}.Release|x64.ActiveCfg = Release|x64
		{557A90CE-3164-4339-8B00-8127B3279FF6}.Release|x64.Build.0 = Release|x64
		{557A90CE-3164-4339-8B00-8127B3279FF6}.Release|x86.ActiveCfg = Release|Win32
		{557A90CE-3164-4339-8B00-8127B3279FF6}.Release|x86.Build.0 = Release|Win32
		{425EA4C5-2FDE-4C50-BAFF-42331E4258F5}.Debug|x64.ActiveCfg = Debug|x64
		{425EA4C5-2FDE-4C50-BAFF-42331E4258F5}.Debug|x64.Build.0 = Debug|x64
		{425EA4C5-2FDE-4C50-BAFF-42331E4258F5}.Debug|x86.ActiveCfg = Debug|Win32
		{425EA4C5-2FDE-4C50-BAFF-42331E4258F5}.Debug|x86.Build.0 = Debug|Win32
		{425EA4C5-2FDE-4C50-BAFF-42331E4258F5}.Release|x64.ActiveCfg = Release|x64
		{425EA4C5-2FDE-4C50-BAFF-42331E4258F5}.Release|x64.Build.0 = Release|x64
		{425EA4C5-2FDE-4C50-BAFF-42331E4258F5}.Release|x86.ActiveCfg = Release|Win32
		{425EA4C5-2FDE-4C50-BAFF-42331E4258F5}.Release|x86.Build.0 = Release|Win32
		{BBE305FD-0453-4D99-9AB9-344D449667E9}.Debug|x64.ActiveCfg = Debug|x64
		{BBE305FD-0453-4D99-9AB9-344D449667E9}.Debug|x64.Build.0 = Debug|x64
		{BBE305FD-0453-4D99-9AB9-344D449667E9}.Debug|x86.ActiveCfg = Debug|Win32
		{BBE305FD-0453-4D99-9AB9-344D449667E9}.Debug|x86.Build.0 = Debug|Win32
		{BBE305FD-0453-4D99-9AB9-344D449667E9}.Release|x64.ActiveCfg = Release|x64
		{BBE305FD-0453-4D99-9AB9-344D449667E9}.Release|x64.Build.0 = Release|x64
		{BBE305FD-0453-4D99-9AB9-344D449667E9}.Release|x86.ActiveCfg = Release|Win32
		{BBE305FD-0453-4D99-9AB9-344D449667E9}.Release|x86.Build.0 = Release|Win32
		{7745180C-6838-4F40-9770-13A29370DD7C}.Debug|x64.ActiveCfg = Debug|x64
		{7745180C-6838-4F40-9770-13A29370DD7C}.Debug|x64.Build.0 = Debug|x64
		{7745180C-6838-4F40-9770-13A29370DD7C}.Debug|x86.ActiveCfg = Debug|Win32
		{7745180C-6838-4F40-9770-13A29370DD7C}.Debug|x86.Build.0 = Debug|Win32
		{7745180C-6838-4F40-9770-13A29370DD7C}.Release|x64.ActiveCfg = Release|x64
		{7745180C-6838-4F40-9770-13A29370DD7C}.Release|x64.Build.0 = Release|x64
		{7745180C-6838-4F40-9770-13A29370DD7C}.Release|x86.ActiveCfg = Release|Win32
		{7745180C-6838-4F40-9770-13A29370DD7C}.Release|x86.Build.0 = Release|Win32
		{94DE5DA9-1A9F-4547-9D17-4272AAD43C9B}.Debug|x64.ActiveCfg = Debug|x64
		{94DE5DA9-1A9F-4547-9D17-4272AAD43C9B}.Debug|x64.Build.0 = Debug|x64
		{94DE5DA9-1A9F-4547-9D17-4272AAD43C9B}.Debug|x86.ActiveCfg = Debug|Win32
		{94DE5DA9-1A9F-4547-9D17-4272AAD43C9B}.Debug|x86.Build.0 = Debug|Win32
		{94DE5DA9-1A9F-4547-9D17-4272AAD43C9B}.Release|x64.ActiveCfg = Release|x64
		{94DE5DA9-1A9F-4547-9D17-4272AAD43C9B}.Release|x64.Build.0 = Release|x64
		{94DE5DA9-1A9F-4547-9D17-4272AAD43C9B}.Release|x86.ActiveCfg = Release|Win32
		{94DE5DA9-1A9F-4547-9D17-4272AAD43C9B}.Release|x86.Build.0 = Release|Win32
		{F0E8B6CC-F696-4878-A8D6-C5A53930286F}.Debug|x64.ActiveCfg = Debug|x64
		{F0E8B6CC-F696-4878-A8D6-C5A53930286F}.Debug|x64.Build.0 = Debug|x64
		{F0E8B6CC-F696-4878-A8D6-C5A53930286F}.Debug|x86.ActiveCfg = Debug|Win32
		{F0E8B6CC-F696-4878-A8D6-C5A53930286F}.Debug|x86.Build.0 = Debug|Win32
		{F0E8B6CC-F696-4878-A8D6-C5A53930286F}.Release|x64.ActiveCfg = Release|x64
		{F0E8B6CC-F696-4878-A8D6-C5A53930286F}.Release|x64.Build.0 = Release|x64
		{F0E8B6CC-F696-4878-A8D6-C5A53930286F}.Release|x86.ActiveCfg = Release|Win32
		{F0E8B6CC-F696-4878-A8D6-C5A53930286F}.Release|x86.Build.0 = Release|Win32
		{088961BC-D6CC-4E2E-BDA8-F7056390C923}.Debug|x64.ActiveCfg = Debug|x64
		{088961BC-D6CC-4E2E-BDA8-F7056390C923}.Debug|x64.Build.0 = Debug|x64
		{088961BC-D6CC-4E2E-BDA8-F7056390C923}.Debug|x86.ActiveCfg = Debug|Win32
		{088961BC-D6CC-4E2E-BDA8-F7056390C923}.Debug|x86.Build.0 = Debug|Win32
		{088961BC-D6CC-4E2E-BDA8-F7056390C923}.Release|x64.ActiveCfg = Release|x64
		{088961BC-D6CC-4E2E-BDA8-F7056390C923}.Release|x64.Build.0 = Release|x64
		{088961BC-D6CC-4E2E-BDA8-F7056390C923}.Release|x86.ActiveCfg = Release|Win32
		{088961BC-D6CC-4E2E-BDA8-F7056390C923}.Release|x86.Build.0 = Release|Win32
		{93B79083-EAC2-4A6D-82A1-B391B48636EB}.Debug|x64.ActiveCfg = Debug|x64
		{93B79083-EAC2-4A6D-82A1-B391B48636EB}.Debug|x64.Build.0 = Debug|x64
		{93B79083-EAC2-4A6D-82A1-B391B48636EB}.Debug|x86.ActiveCfg = Debug|Win32
		{93B79083-EAC2-4A6D-82A1-B391B48636EB}.Debug|x86.Build.0 = Debug|Win32
		{93B79083-EAC2-4A6D-82A1-B391B48636EB}.Release|x64.ActiveCfg = Release|x64
		{93B79083-EAC2-4A6D-82A1-B391B48636EB}.Release|x64.Build.0 = Release|x64
		{93B79083-EAC2-4A6D-82A1-B391B48636EB}.Release|x86.ActiveCfg = Release|Win32
		{93B79083-EAC2-4A6D-82A1-B391B48636EB}.Release|x86.Build.0 = Release|Win32
		{3C491F92-997B-418E-B3BF-253ECD48168C}.Debug|x64.ActiveCfg = Debug|x64
		{3C491F92-997B-418E-B3BF-253ECD48168C}.Debug|x64.Build.0 = Debug|x64
		{3C491F92-997B-418E-B3BF-253ECD48168C}.Debug|x86.ActiveCfg = Debug|Win32
		{3C491F92-997B-418E-B3BF-253ECD48168C}.Debug|x86.Build.0 = Debug|Win32
		{3C491F92-997B-418E-B3BF-253ECD48168C}.Release|x64.ActiveCfg = Release|x64
		{3C491F92-997B-418E-B3BF-253ECD48168C}.Release|x64.Build.0 = Release|x64
		{3C491F92-997B-418E-B3BF-253ECD48168C}.Release|x86.ActiveCfg = Release|Win32
		{3C491F92-997B-418E-B3BF-253ECD48168C}.Release|x86.Build.0 = Release|Win32
	EndGlobalSection
	GlobalSection(SolutionProperties) = preSolution
		HideSolutionNode = FALSE
	EndGlobalSection
	GlobalSection(ExtensibilityGlobals) = postSolution
		SolutionGuid = {FA602720-F11D-4B0D-A4E1-62CF90AF00B2}
	EndGlobalSection
EndGlobal
