
Microsoft Visual Studio Solution File, Format Version 12.00
# Visual Studio 15
VisualStudioVersion = 15.0.27130.2010
MinimumVisualStudioVersion = 10.0.40219.1
Project("{8BC9CEB8-8B4A-11D0-8D11-00A0C91BC942}") = "그림 4-3(b)", "그림 4-3(b)\그림 4-3(b).vcxproj", "{2146DEE5-89E0-44D4-A8C2-B8B72FF5B350}"
EndProject
Project("{8BC9CEB8-8B4A-11D0-8D11-00A0C91BC942}") = "예제 4-1", "예제 4-1\예제 4-1.vcxproj", "{0AA2FC12-B423-4353-9815-D3D1A5031011}"
EndProject
Project("{8BC9CEB8-8B4A-11D0-8D11-00A0C91BC942}") = "예제 4-2", "예제 4-2\예제 4-2.vcxproj", "{CF05A060-04C8-445A-8D71-AD83F8874463}"
EndProject
Project("{8BC9CEB8-8B4A-11D0-8D11-00A0C91BC942}") = "예제 4-3", "예제 4-3\예제 4-3.vcxproj", "{9591E255-6798-4908-9596-60D3FAF8AF07}"
EndProject
Project("{8BC9CEB8-8B4A-11D0-8D11-00A0C91BC942}") = "예제 4-4", "예제 4-4\예제 4-4.vcxproj", "{DA7FD93D-A5A6-458F-90DA-6D34177DD636}"
EndProject
Project("{8BC9CEB8-8B4A-11D0-8D11-00A0C91BC942}") = "예제 4-5", "예제 4-5\예제 4-5.vcxproj", "{83B5FA8B-8195-4A84-84BE-49861488D18F}"
EndProject
Project("{8BC9CEB8-8B4A-11D0-8D11-00A0C91BC942}") = "예제 4-6", "예제 4-6\예제 4-6.vcxproj", "{A0665EB0-B3A4-4B67-A043-C0F1237A5BBF}"
EndProject
Project("{8BC9CEB8-8B4A-11D0-8D11-00A0C91BC942}") = "예제 4-7", "예제 4-7\예제 4-7.vcxproj", "{7F3BD00A-42CF-49F6-BB5E-FFA98BA995F9}"
EndProject
Project("{8BC9CEB8-8B4A-11D0-8D11-00A0C91BC942}") = "예제 4-8", "예제 4-8\예제 4-8.vcxproj", "{43655753-560D-480F-9AB1-B8AD84698984}"
EndProject
Project("{8BC9CEB8-8B4A-11D0-8D11-00A0C91BC942}") = "예제 4-9", "예제 4-9\예제 4-9.vcxproj", "{A2B78F18-EE21-471D-B105-AF0CAB70A87A}"
EndProject
Project("{8BC9CEB8-8B4A-11D0-8D11-00A0C91BC942}") = "예제 4-10", "예제 4-10\예제 4-10.vcxproj", "{356A392C-7F67-4E41-8164-E41877F99510}"
EndProject
Project("{8BC9CEB8-8B4A-11D0-8D11-00A0C91BC942}") = "예제 4-11", "예제 4-11\예제 4-11.vcxproj", "{8E1AEE64-097C-4F58-9F91-A26FDF674715}"
EndProject
Project("{8BC9CEB8-8B4A-11D0-8D11-00A0C91BC942}") = "예제 4-12", "예제 4-12\예제 4-12.vcxproj", "{07C9BD35-12BB-4E74-9CC8-47820A96727D}"
EndProject
Project("{8BC9CEB8-8B4A-11D0-8D11-00A0C91BC942}") = "예제 4-13", "예제 4-13\예제 4-13.vcxproj", "{0022623C-2EFF-48F9-9520-7CF704F5F74A}"
EndProject
Project("{8BC9CEB8-8B4A-11D0-8D11-00A0C91BC942}") = "예제 4-14", "예제 4-14\예제 4-14.vcxproj", "{EB9BD669-ECF7-4A5C-8856-10FFF3F2FF9C}"
EndProject
Project("{8BC9CEB8-8B4A-11D0-8D11-00A0C91BC942}") = "예제 4-15", "예제 4-15\예제 4-15.vcxproj", "{A7015B90-220C-497F-94A5-20B884CA3BAB}"
EndProject
Global
	GlobalSection(SolutionConfigurationPlatforms) = preSolution
		Debug|x64 = Debug|x64
		Debug|x86 = Debug|x86
		Release|x64 = Release|x64
		Release|x86 = Release|x86
	EndGlobalSection
	GlobalSection(ProjectConfigurationPlatforms) = postSolution
		{2146DEE5-89E0-44D4-A8C2-B8B72FF5B350}.Debug|x64.ActiveCfg = Debug|x64
		{2146DEE5-89E0-44D4-A8C2-B8B72FF5B350}.Debug|x64.Build.0 = Debug|x64
		{2146DEE5-89E0-44D4-A8C2-B8B72FF5B350}.Debug|x86.ActiveCfg = Debug|Win32
		{2146DEE5-89E0-44D4-A8C2-B8B72FF5B350}.Debug|x86.Build.0 = Debug|Win32
		{2146DEE5-89E0-44D4-A8C2-B8B72FF5B350}.Release|x64.ActiveCfg = Release|x64
		{2146DEE5-89E0-44D4-A8C2-B8B72FF5B350}.Release|x64.Build.0 = Release|x64
		{2146DEE5-89E0-44D4-A8C2-B8B72FF5B350}.Release|x86.ActiveCfg = Release|Win32
		{2146DEE5-89E0-44D4-A8C2-B8B72FF5B350}.Release|x86.Build.0 = Release|Win32
		{0AA2FC12-B423-4353-9815-D3D1A5031011}.Debug|x64.ActiveCfg = Debug|x64
		{0AA2FC12-B423-4353-9815-D3D1A5031011}.Debug|x64.Build.0 = Debug|x64
		{0AA2FC12-B423-4353-9815-D3D1A5031011}.Debug|x86.ActiveCfg = Debug|Win32
		{0AA2FC12-B423-4353-9815-D3D1A5031011}.Debug|x86.Build.0 = Debug|Win32
		{0AA2FC12-B423-4353-9815-D3D1A5031011}.Release|x64.ActiveCfg = Release|x64
		{0AA2FC12-B423-4353-9815-D3D1A5031011}.Release|x64.Build.0 = Release|x64
		{0AA2FC12-B423-4353-9815-D3D1A5031011}.Release|x86.ActiveCfg = Release|Win32
		{0AA2FC12-B423-4353-9815-D3D1A5031011}.Release|x86.Build.0 = Release|Win32
		{CF05A060-04C8-445A-8D71-AD83F8874463}.Debug|x64.ActiveCfg = Debug|x64
		{CF05A060-04C8-445A-8D71-AD83F8874463}.Debug|x64.Build.0 = Debug|x64
		{CF05A060-04C8-445A-8D71-AD83F8874463}.Debug|x86.ActiveCfg = Debug|Win32
		{CF05A060-04C8-445A-8D71-AD83F8874463}.Debug|x86.Build.0 = Debug|Win32
		{CF05A060-04C8-445A-8D71-AD83F8874463}.Release|x64.ActiveCfg = Release|x64
		{CF05A060-04C8-445A-8D71-AD83F8874463}.Release|x64.Build.0 = Release|x64
		{CF05A060-04C8-445A-8D71-AD83F8874463}.Release|x86.ActiveCfg = Release|Win32
		{CF05A060-04C8-445A-8D71-AD83F8874463}.Release|x86.Build.0 = Release|Win32
		{9591E255-6798-4908-9596-60D3FAF8AF07}.Debug|x64.ActiveCfg = Debug|x64
		{9591E255-6798-4908-9596-60D3FAF8AF07}.Debug|x64.Build.0 = Debug|x64
		{9591E255-6798-4908-9596-60D3FAF8AF07}.Debug|x86.ActiveCfg = Debug|Win32
		{9591E255-6798-4908-9596-60D3FAF8AF07}.Debug|x86.Build.0 = Debug|Win32
		{9591E255-6798-4908-9596-60D3FAF8AF07}.Release|x64.ActiveCfg = Release|x64
		{9591E255-6798-4908-9596-60D3FAF8AF07}.Release|x64.Build.0 = Release|x64
		{9591E255-6798-4908-9596-60D3FAF8AF07}.Release|x86.ActiveCfg = Release|Win32
		{9591E255-6798-4908-9596-60D3FAF8AF07}.Release|x86.Build.0 = Release|Win32
		{DA7FD93D-A5A6-458F-90DA-6D34177DD636}.Debug|x64.ActiveCfg = Debug|x64
		{DA7FD93D-A5A6-458F-90DA-6D34177DD636}.Debug|x64.Build.0 = Debug|x64
		{DA7FD93D-A5A6-458F-90DA-6D34177DD636}.Debug|x86.ActiveCfg = Debug|Win32
		{DA7FD93D-A5A6-458F-90DA-6D34177DD636}.Debug|x86.Build.0 = Debug|Win32
		{DA7FD93D-A5A6-458F-90DA-6D34177DD636}.Release|x64.ActiveCfg = Release|x64
		{DA7FD93D-A5A6-458F-90DA-6D34177DD636}.Release|x64.Build.0 = Release|x64
		{DA7FD93D-A5A6-458F-90DA-6D34177DD636}.Release|x86.ActiveCfg = Release|Win32
		{DA7FD93D-A5A6-458F-90DA-6D34177DD636}.Release|x86.Build.0 = Release|Win32
		{83B5FA8B-8195-4A84-84BE-49861488D18F}.Debug|x64.ActiveCfg = Debug|x64
		{83B5FA8B-8195-4A84-84BE-49861488D18F}.Debug|x64.Build.0 = Debug|x64
		{83B5FA8B-8195-4A84-84BE-49861488D18F}.Debug|x86.ActiveCfg = Debug|Win32
		{83B5FA8B-8195-4A84-84BE-49861488D18F}.Debug|x86.Build.0 = Debug|Win32
		{83B5FA8B-8195-4A84-84BE-49861488D18F}.Release|x64.ActiveCfg = Release|x64
		{83B5FA8B-8195-4A84-84BE-49861488D18F}.Release|x64.Build.0 = Release|x64
		{83B5FA8B-8195-4A84-84BE-49861488D18F}.Release|x86.ActiveCfg = Release|Win32
		{83B5FA8B-8195-4A84-84BE-49861488D18F}.Release|x86.Build.0 = Release|Win32
		{A0665EB0-B3A4-4B67-A043-C0F1237A5BBF}.Debug|x64.ActiveCfg = Debug|x64
		{A0665EB0-B3A4-4B67-A043-C0F1237A5BBF}.Debug|x64.Build.0 = Debug|x64
		{A0665EB0-B3A4-4B67-A043-C0F1237A5BBF}.Debug|x86.ActiveCfg = Debug|Win32
		{A0665EB0-B3A4-4B67-A043-C0F1237A5BBF}.Debug|x86.Build.0 = Debug|Win32
		{A0665EB0-B3A4-4B67-A043-C0F1237A5BBF}.Release|x64.ActiveCfg = Release|x64
		{A0665EB0-B3A4-4B67-A043-C0F1237A5BBF}.Release|x64.Build.0 = Release|x64
		{A0665EB0-B3A4-4B67-A043-C0F1237A5BBF}.Release|x86.ActiveCfg = Release|Win32
		{A0665EB0-B3A4-4B67-A043-C0F1237A5BBF}.Release|x86.Build.0 = Release|Win32
		{7F3BD00A-42CF-49F6-BB5E-FFA98BA995F9}.Debug|x64.ActiveCfg = Debug|x64
		{7F3BD00A-42CF-49F6-BB5E-FFA98BA995F9}.Debug|x64.Build.0 = Debug|x64
		{7F3BD00A-42CF-49F6-BB5E-FFA98BA995F9}.Debug|x86.ActiveCfg = Debug|Win32
		{7F3BD00A-42CF-49F6-BB5E-FFA98BA995F9}.Debug|x86.Build.0 = Debug|Win32
		{7F3BD00A-42CF-49F6-BB5E-FFA98BA995F9}.Release|x64.ActiveCfg = Release|x64
		{7F3BD00A-42CF-49F6-BB5E-FFA98BA995F9}.Release|x64.Build.0 = Release|x64
		{7F3BD00A-42CF-49F6-BB5E-FFA98BA995F9}.Release|x86.ActiveCfg = Release|Win32
		{7F3BD00A-42CF-49F6-BB5E-FFA98BA995F9}.Release|x86.Build.0 = Release|Win32
		{43655753-560D-480F-9AB1-B8AD84698984}.Debug|x64.ActiveCfg = Debug|x64
		{43655753-560D-480F-9AB1-B8AD84698984}.Debug|x64.Build.0 = Debug|x64
		{43655753-560D-480F-9AB1-B8AD84698984}.Debug|x86.ActiveCfg = Debug|Win32
		{43655753-560D-480F-9AB1-B8AD84698984}.Debug|x86.Build.0 = Debug|Win32
		{43655753-560D-480F-9AB1-B8AD84698984}.Release|x64.ActiveCfg = Release|x64
		{43655753-560D-480F-9AB1-B8AD84698984}.Release|x64.Build.0 = Release|x64
		{43655753-560D-480F-9AB1-B8AD84698984}.Release|x86.ActiveCfg = Release|Win32
		{43655753-560D-480F-9AB1-B8AD84698984}.Release|x86.Build.0 = Release|Win32
		{A2B78F18-EE21-471D-B105-AF0CAB70A87A}.Debug|x64.ActiveCfg = Debug|x64
		{A2B78F18-EE21-471D-B105-AF0CAB70A87A}.Debug|x64.Build.0 = Debug|x64
		{A2B78F18-EE21-471D-B105-AF0CAB70A87A}.Debug|x86.ActiveCfg = Debug|Win32
		{A2B78F18-EE21-471D-B105-AF0CAB70A87A}.Debug|x86.Build.0 = Debug|Win32
		{A2B78F18-EE21-471D-B105-AF0CAB70A87A}.Release|x64.ActiveCfg = Release|x64
		{A2B78F18-EE21-471D-B105-AF0CAB70A87A}.Release|x64.Build.0 = Release|x64
		{A2B78F18-EE21-471D-B105-AF0CAB70A87A}.Release|x86.ActiveCfg = Release|Win32
		{A2B78F18-EE21-471D-B105-AF0CAB70A87A}.Release|x86.Build.0 = Release|Win32
		{356A392C-7F67-4E41-8164-E41877F99510}.Debug|x64.ActiveCfg = Debug|x64
		{356A392C-7F67-4E41-8164-E41877F99510}.Debug|x64.Build.0 = Debug|x64
		{356A392C-7F67-4E41-8164-E41877F99510}.Debug|x86.ActiveCfg = Debug|Win32
		{356A392C-7F67-4E41-8164-E41877F99510}.Debug|x86.Build.0 = Debug|Win32
		{356A392C-7F67-4E41-8164-E41877F99510}.Release|x64.ActiveCfg = Release|x64
		{356A392C-7F67-4E41-8164-E41877F99510}.Release|x64.Build.0 = Release|x64
		{356A392C-7F67-4E41-8164-E41877F99510}.Release|x86.ActiveCfg = Release|Win32
		{356A392C-7F67-4E41-8164-E41877F99510}.Release|x86.Build.0 = Release|Win32
		{8E1AEE64-097C-4F58-9F91-A26FDF674715}.Debug|x64.ActiveCfg = Debug|x64
		{8E1AEE64-097C-4F58-9F91-A26FDF674715}.Debug|x64.Build.0 = Debug|x64
		{8E1AEE64-097C-4F58-9F91-A26FDF674715}.Debug|x86.ActiveCfg = Debug|Win32
		{8E1AEE64-097C-4F58-9F91-A26FDF674715}.Debug|x86.Build.0 = Debug|Win32
		{8E1AEE64-097C-4F58-9F91-A26FDF674715}.Release|x64.ActiveCfg = Release|x64
		{8E1AEE64-097C-4F58-9F91-A26FDF674715}.Release|x64.Build.0 = Release|x64
		{8E1AEE64-097C-4F58-9F91-A26FDF674715}.Release|x86.ActiveCfg = Release|Win32
		{8E1AEE64-097C-4F58-9F91-A26FDF674715}.Release|x86.Build.0 = Release|Win32
		{07C9BD35-12BB-4E74-9CC8-47820A96727D}.Debug|x64.ActiveCfg = Debug|x64
		{07C9BD35-12BB-4E74-9CC8-47820A96727D}.Debug|x64.Build.0 = Debug|x64
		{07C9BD35-12BB-4E74-9CC8-47820A96727D}.Debug|x86.ActiveCfg = Debug|Win32
		{07C9BD35-12BB-4E74-9CC8-47820A96727D}.Debug|x86.Build.0 = Debug|Win32
		{07C9BD35-12BB-4E74-9CC8-47820A96727D}.Release|x64.ActiveCfg = Release|x64
		{07C9BD35-12BB-4E74-9CC8-47820A96727D}.Release|x64.Build.0 = Release|x64
		{07C9BD35-12BB-4E74-9CC8-47820A96727D}.Release|x86.ActiveCfg = Release|Win32
		{07C9BD35-12BB-4E74-9CC8-47820A96727D}.Release|x86.Build.0 = Release|Win32
		{0022623C-2EFF-48F9-9520-7CF704F5F74A}.Debug|x64.ActiveCfg = Debug|x64
		{0022623C-2EFF-48F9-9520-7CF704F5F74A}.Debug|x64.Build.0 = Debug|x64
		{0022623C-2EFF-48F9-9520-7CF704F5F74A}.Debug|x86.ActiveCfg = Debug|Win32
		{0022623C-2EFF-48F9-9520-7CF704F5F74A}.Debug|x86.Build.0 = Debug|Win32
		{0022623C-2EFF-48F9-9520-7CF704F5F74A}.Release|x64.ActiveCfg = Release|x64
		{0022623C-2EFF-48F9-9520-7CF704F5F74A}.Release|x64.Build.0 = Release|x64
		{0022623C-2EFF-48F9-9520-7CF704F5F74A}.Release|x86.ActiveCfg = Release|Win32
		{0022623C-2EFF-48F9-9520-7CF704F5F74A}.Release|x86.Build.0 = Release|Win32
		{EB9BD669-ECF7-4A5C-8856-10FFF3F2FF9C}.Debug|x64.ActiveCfg = Debug|x64
		{EB9BD669-ECF7-4A5C-8856-10FFF3F2FF9C}.Debug|x64.Build.0 = Debug|x64
		{EB9BD669-ECF7-4A5C-8856-10FFF3F2FF9C}.Debug|x86.ActiveCfg = Debug|Win32
		{EB9BD669-ECF7-4A5C-8856-10FFF3F2FF9C}.Debug|x86.Build.0 = Debug|Win32
		{EB9BD669-ECF7-4A5C-8856-10FFF3F2FF9C}.Release|x64.ActiveCfg = Release|x64
		{EB9BD669-ECF7-4A5C-8856-10FFF3F2FF9C}.Release|x64.Build.0 = Release|x64
		{EB9BD669-ECF7-4A5C-8856-10FFF3F2FF9C}.Release|x86.ActiveCfg = Release|Win32
		{EB9BD669-ECF7-4A5C-8856-10FFF3F2FF9C}.Release|x86.Build.0 = Release|Win32
		{A7015B90-220C-497F-94A5-20B884CA3BAB}.Debug|x64.ActiveCfg = Debug|x64
		{A7015B90-220C-497F-94A5-20B884CA3BAB}.Debug|x64.Build.0 = Debug|x64
		{A7015B90-220C-497F-94A5-20B884CA3BAB}.Debug|x86.ActiveCfg = Debug|Win32
		{A7015B90-220C-497F-94A5-20B884CA3BAB}.Debug|x86.Build.0 = Debug|Win32
		{A7015B90-220C-497F-94A5-20B884CA3BAB}.Release|x64.ActiveCfg = Release|x64
		{A7015B90-220C-497F-94A5-20B884CA3BAB}.Release|x64.Build.0 = Release|x64
		{A7015B90-220C-497F-94A5-20B884CA3BAB}.Release|x86.ActiveCfg = Release|Win32
		{A7015B90-220C-497F-94A5-20B884CA3BAB}.Release|x86.Build.0 = Release|Win32
	EndGlobalSection
	GlobalSection(SolutionProperties) = preSolution
		HideSolutionNode = FALSE
	EndGlobalSection
	GlobalSection(ExtensibilityGlobals) = postSolution
		SolutionGuid = {8D772521-3177-4F3D-9E6E-F19F80B4C94B}
	EndGlobalSection
EndGlobal
