
Microsoft Visual Studio Solution File, Format Version 12.00
# Visual Studio 15
VisualStudioVersion = 15.0.27130.2010
MinimumVisualStudioVersion = 10.0.40219.1
Project("{8BC9CEB8-8B4A-11D0-8D11-00A0C91BC942}") = "그림 5-2(a)", "그림 5-2(a)\그림 5-2(a).vcxproj", "{58E8F09F-D446-4E06-904A-2E6A6D697E9C}"
EndProject
Project("{8BC9CEB8-8B4A-11D0-8D11-00A0C91BC942}") = "그림 5-2(b)", "그림 5-2(b)\그림 5-2(b).vcxproj", "{23A34AEC-BB33-4F7F-9A7E-025EC080EDA1}"
EndProject
Project("{8BC9CEB8-8B4A-11D0-8D11-00A0C91BC942}") = "그림 5-3", "그림 5-3\그림 5-3.vcxproj", "{C1BE3D73-61B3-468C-9ED1-61DA6CA9E3D1}"
EndProject
Project("{8BC9CEB8-8B4A-11D0-8D11-00A0C91BC942}") = "그림 5-5", "그림 5-5\그림 5-5.vcxproj", "{AB9A6E26-EB8D-42B5-BD23-FC6452700F30}"
EndProject
Project("{8BC9CEB8-8B4A-11D0-8D11-00A0C91BC942}") = "그림 5-8", "그림 5-8\그림 5-8.vcxproj", "{0AF6B10C-477C-4431-91C6-856644EAA4BE}"
EndProject
Project("{8BC9CEB8-8B4A-11D0-8D11-00A0C91BC942}") = "예제 5-1", "예제 5-1\예제 5-1.vcxproj", "{ADD27DBE-0848-448C-912D-B16D1E590742}"
EndProject
Project("{8BC9CEB8-8B4A-11D0-8D11-00A0C91BC942}") = "예제 5-2", "예제 5-2\예제 5-2.vcxproj", "{E1CF9D9F-CE7C-4F67-BE61-1CC32F68C87D}"
EndProject
Project("{8BC9CEB8-8B4A-11D0-8D11-00A0C91BC942}") = "예제 5-3", "예제 5-3\예제 5-3.vcxproj", "{24335CE7-7ED7-43DB-984A-2CED51F0169C}"
EndProject
Project("{8BC9CEB8-8B4A-11D0-8D11-00A0C91BC942}") = "예제 5-4", "예제 5-4\예제 5-4.vcxproj", "{2B424352-2E3D-4526-9157-E3D372FBDCD4}"
EndProject
Project("{8BC9CEB8-8B4A-11D0-8D11-00A0C91BC942}") = "예제 5-5", "예제 5-5\예제 5-5.vcxproj", "{CEE9211B-CD91-46EF-86DC-2211432F6A27}"
EndProject
Project("{8BC9CEB8-8B4A-11D0-8D11-00A0C91BC942}") = "예제 5-6", "예제 5-6\예제 5-6.vcxproj", "{3E77D428-E08A-4F91-BF48-0A7AC541633A}"
EndProject
Project("{8BC9CEB8-8B4A-11D0-8D11-00A0C91BC942}") = "예제 5-7", "예제 5-7\예제 5-7.vcxproj", "{D51B46E1-F309-4309-80EA-F32D28186E64}"
EndProject
Project("{8BC9CEB8-8B4A-11D0-8D11-00A0C91BC942}") = "예제 5-8", "예제 5-8\예제 5-8.vcxproj", "{0A36357B-A0E8-4B7E-9D94-E8171ECD84EC}"
EndProject
Project("{8BC9CEB8-8B4A-11D0-8D11-00A0C91BC942}") = "예제 5-9", "예제 5-9\예제 5-9.vcxproj", "{FDC40C4F-1A21-494D-BE48-77ADA71CE399}"
EndProject
Project("{8BC9CEB8-8B4A-11D0-8D11-00A0C91BC942}") = "예제 5-10", "예제 5-10\예제 5-10.vcxproj", "{7AEC2E01-DF66-403B-8305-3FF63D6B361D}"
EndProject
Project("{8BC9CEB8-8B4A-11D0-8D11-00A0C91BC942}") = "예제 5-11", "예제 5-11\예제 5-11.vcxproj", "{E058337D-EF08-4546-B486-EE953C64A093}"
EndProject
Project("{8BC9CEB8-8B4A-11D0-8D11-00A0C91BC942}") = "예제 5-12", "예제 5-12\예제 5-12.vcxproj", "{14BAAF16-B1D4-4A1C-B0D4-F05753347D42}"
EndProject
Global
	GlobalSection(SolutionConfigurationPlatforms) = preSolution
		Debug|x64 = Debug|x64
		Debug|x86 = Debug|x86
		Release|x64 = Release|x64
		Release|x86 = Release|x86
	EndGlobalSection
	GlobalSection(ProjectConfigurationPlatforms) = postSolution
		{58E8F09F-D446-4E06-904A-2E6A6D697E9C}.Debug|x64.ActiveCfg = Debug|x64
		{58E8F09F-D446-4E06-904A-2E6A6D697E9C}.Debug|x64.Build.0 = Debug|x64
		{58E8F09F-D446-4E06-904A-2E6A6D697E9C}.Debug|x86.ActiveCfg = Debug|Win32
		{58E8F09F-D446-4E06-904A-2E6A6D697E9C}.Debug|x86.Build.0 = Debug|Win32
		{58E8F09F-D446-4E06-904A-2E6A6D697E9C}.Release|x64.ActiveCfg = Release|x64
		{58E8F09F-D446-4E06-904A-2E6A6D697E9C}.Release|x64.Build.0 = Release|x64
		{58E8F09F-D446-4E06-904A-2E6A6D697E9C}.Release|x86.ActiveCfg = Release|Win32
		{58E8F09F-D446-4E06-904A-2E6A6D697E9C}.Release|x86.Build.0 = Release|Win32
		{23A34AEC-BB33-4F7F-9A7E-025EC080EDA1}.Debug|x64.ActiveCfg = Debug|x64
		{23A34AEC-BB33-4F7F-9A7E-025EC080EDA1}.Debug|x64.Build.0 = Debug|x64
		{23A34AEC-BB33-4F7F-9A7E-025EC080EDA1}.Debug|x86.ActiveCfg = Debug|Win32
		{23A34AEC-BB33-4F7F-9A7E-025EC080EDA1}.Debug|x86.Build.0 = Debug|Win32
		{23A34AEC-BB33-4F7F-9A7E-025EC080EDA1}.Release|x64.ActiveCfg = Release|x64
		{23A34AEC-BB33-4F7F-9A7E-025EC080EDA1}.Release|x64.Build.0 = Release|x64
		{23A34AEC-BB33-4F7F-9A7E-025EC080EDA1}.Release|x86.ActiveCfg = Release|Win32
		{23A34AEC-BB33-4F7F-9A7E-025EC080EDA1}.Release|x86.Build.0 = Release|Win32
		{C1BE3D73-61B3-468C-9ED1-61DA6CA9E3D1}.Debug|x64.ActiveCfg = Debug|x64
		{C1BE3D73-61B3-468C-9ED1-61DA6CA9E3D1}.Debug|x64.Build.0 = Debug|x64
		{C1BE3D73-61B3-468C-9ED1-61DA6CA9E3D1}.Debug|x86.ActiveCfg = Debug|Win32
		{C1BE3D73-61B3-468C-9ED1-61DA6CA9E3D1}.Debug|x86.Build.0 = Debug|Win32
		{C1BE3D73-61B3-468C-9ED1-61DA6CA9E3D1}.Release|x64.ActiveCfg = Release|x64
		{C1BE3D73-61B3-468C-9ED1-61DA6CA9E3D1}.Release|x64.Build.0 = Release|x64
		{C1BE3D73-61B3-468C-9ED1-61DA6CA9E3D1}.Release|x86.ActiveCfg = Release|Win32
		{C1BE3D73-61B3-468C-9ED1-61DA6CA9E3D1}.Release|x86.Build.0 = Release|Win32
		{AB9A6E26-EB8D-42B5-BD23-FC6452700F30}.Debug|x64.ActiveCfg = Debug|x64
		{AB9A6E26-EB8D-42B5-BD23-FC6452700F30}.Debug|x64.Build.0 = Debug|x64
		{AB9A6E26-EB8D-42B5-BD23-FC6452700F30}.Debug|x86.ActiveCfg = Debug|Win32
		{AB9A6E26-EB8D-42B5-BD23-FC6452700F30}.Debug|x86.Build.0 = Debug|Win32
		{AB9A6E26-EB8D-42B5-BD23-FC6452700F30}.Release|x64.ActiveCfg = Release|x64
		{AB9A6E26-EB8D-42B5-BD23-FC6452700F30}.Release|x64.Build.0 = Release|x64
		{AB9A6E26-EB8D-42B5-BD23-FC6452700F30}.Release|x86.ActiveCfg = Release|Win32
		{AB9A6E26-EB8D-42B5-BD23-FC6452700F30}.Release|x86.Build.0 = Release|Win32
		{0AF6B10C-477C-4431-91C6-856644EAA4BE}.Debug|x64.ActiveCfg = Debug|x64
		{0AF6B10C-477C-4431-91C6-856644EAA4BE}.Debug|x64.Build.0 = Debug|x64
		{0AF6B10C-477C-4431-91C6-856644EAA4BE}.Debug|x86.ActiveCfg = Debug|Win32
		{0AF6B10C-477C-4431-91C6-856644EAA4BE}.Debug|x86.Build.0 = Debug|Win32
		{0AF6B10C-477C-4431-91C6-856644EAA4BE}.Release|x64.ActiveCfg = Release|x64
		{0AF6B10C-477C-4431-91C6-856644EAA4BE}.Release|x64.Build.0 = Release|x64
		{0AF6B10C-477C-4431-91C6-856644EAA4BE}.Release|x86.ActiveCfg = Release|Win32
		{0AF6B10C-477C-4431-91C6-856644EAA4BE}.Release|x86.Build.0 = Release|Win32
		{ADD27DBE-0848-448C-912D-B16D1E590742}.Debug|x64.ActiveCfg = Debug|x64
		{ADD27DBE-0848-448C-912D-B16D1E590742}.Debug|x64.Build.0 = Debug|x64
		{ADD27DBE-0848-448C-912D-B16D1E590742}.Debug|x86.ActiveCfg = Debug|Win32
		{ADD27DBE-0848-448C-912D-B16D1E590742}.Debug|x86.Build.0 = Debug|Win32
		{ADD27DBE-0848-448C-912D-B16D1E590742}.Release|x64.ActiveCfg = Release|x64
		{ADD27DBE-0848-448C-912D-B16D1E590742}.Release|x64.Build.0 = Release|x64
		{ADD27DBE-0848-448C-912D-B16D1E590742}.Release|x86.ActiveCfg = Release|Win32
		{ADD27DBE-0848-448C-912D-B16D1E590742}.Release|x86.Build.0 = Release|Win32
		{E1CF9D9F-CE7C-4F67-BE61-1CC32F68C87D}.Debug|x64.ActiveCfg = Debug|x64
		{E1CF9D9F-CE7C-4F67-BE61-1CC32F68C87D}.Debug|x64.Build.0 = Debug|x64
		{E1CF9D9F-CE7C-4F67-BE61-1CC32F68C87D}.Debug|x86.ActiveCfg = Debug|Win32
		{E1CF9D9F-CE7C-4F67-BE61-1CC32F68C87D}.Debug|x86.Build.0 = Debug|Win32
		{E1CF9D9F-CE7C-4F67-BE61-1CC32F68C87D}.Release|x64.ActiveCfg = Release|x64
		{E1CF9D9F-CE7C-4F67-BE61-1CC32F68C87D}.Release|x64.Build.0 = Release|x64
		{E1CF9D9F-CE7C-4F67-BE61-1CC32F68C87D}.Release|x86.ActiveCfg = Release|Win32
		{E1CF9D9F-CE7C-4F67-BE61-1CC32F68C87D}.Release|x86.Build.0 = Release|Win32
		{24335CE7-7ED7-43DB-984A-2CED51F0169C}.Debug|x64.ActiveCfg = Debug|x64
		{24335CE7-7ED7-43DB-984A-2CED51F0169C}.Debug|x64.Build.0 = Debug|x64
		{24335CE7-7ED7-43DB-984A-2CED51F0169C}.Debug|x86.ActiveCfg = Debug|Win32
		{24335CE7-7ED7-43DB-984A-2CED51F0169C}.Debug|x86.Build.0 = Debug|Win32
		{24335CE7-7ED7-43DB-984A-2CED51F0169C}.Release|x64.ActiveCfg = Release|x64
		{24335CE7-7ED7-43DB-984A-2CED51F0169C}.Release|x64.Build.0 = Release|x64
		{24335CE7-7ED7-43DB-984A-2CED51F0169C}.Release|x86.ActiveCfg = Release|Win32
		{24335CE7-7ED7-43DB-984A-2CED51F0169C}.Release|x86.Build.0 = Release|Win32
		{2B424352-2E3D-4526-9157-E3D372FBDCD4}.Debug|x64.ActiveCfg = Debug|x64
		{2B424352-2E3D-4526-9157-E3D372FBDCD4}.Debug|x64.Build.0 = Debug|x64
		{2B424352-2E3D-4526-9157-E3D372FBDCD4}.Debug|x86.ActiveCfg = Debug|Win32
		{2B424352-2E3D-4526-9157-E3D372FBDCD4}.Debug|x86.Build.0 = Debug|Win32
		{2B424352-2E3D-4526-9157-E3D372FBDCD4}.Release|x64.ActiveCfg = Release|x64
		{2B424352-2E3D-4526-9157-E3D372FBDCD4}.Release|x64.Build.0 = Release|x64
		{2B424352-2E3D-4526-9157-E3D372FBDCD4}.Release|x86.ActiveCfg = Release|Win32
		{2B424352-2E3D-4526-9157-E3D372FBDCD4}.Release|x86.Build.0 = Release|Win32
		{CEE9211B-CD91-46EF-86DC-2211432F6A27}.Debug|x64.ActiveCfg = Debug|x64
		{CEE9211B-CD91-46EF-86DC-2211432F6A27}.Debug|x64.Build.0 = Debug|x64
		{CEE9211B-CD91-46EF-86DC-2211432F6A27}.Debug|x86.ActiveCfg = Debug|Win32
		{CEE9211B-CD91-46EF-86DC-2211432F6A27}.Debug|x86.Build.0 = Debug|Win32
		{CEE9211B-CD91-46EF-86DC-2211432F6A27}.Release|x64.ActiveCfg = Release|x64
		{CEE9211B-CD91-46EF-86DC-2211432F6A27}.Release|x64.Build.0 = Release|x64
		{CEE9211B-CD91-46EF-86DC-2211432F6A27}.Release|x86.ActiveCfg = Release|Win32
		{CEE9211B-CD91-46EF-86DC-2211432F6A27}.Release|x86.Build.0 = Release|Win32
		{3E77D428-E08A-4F91-BF48-0A7AC541633A}.Debug|x64.ActiveCfg = Debug|x64
		{3E77D428-E08A-4F91-BF48-0A7AC541633A}.Debug|x64.Build.0 = Debug|x64
		{3E77D428-E08A-4F91-BF48-0A7AC541633A}.Debug|x86.ActiveCfg = Debug|Win32
		{3E77D428-E08A-4F91-BF48-0A7AC541633A}.Debug|x86.Build.0 = Debug|Win32
		{3E77D428-E08A-4F91-BF48-0A7AC541633A}.Release|x64.ActiveCfg = Release|x64
		{3E77D428-E08A-4F91-BF48-0A7AC541633A}.Release|x64.Build.0 = Release|x64
		{3E77D428-E08A-4F91-BF48-0A7AC541633A}.Release|x86.ActiveCfg = Release|Win32
		{3E77D428-E08A-4F91-BF48-0A7AC541633A}.Release|x86.Build.0 = Release|Win32
		{D51B46E1-F309-4309-80EA-F32D28186E64}.Debug|x64.ActiveCfg = Debug|x64
		{D51B46E1-F309-4309-80EA-F32D28186E64}.Debug|x64.Build.0 = Debug|x64
		{D51B46E1-F309-4309-80EA-F32D28186E64}.Debug|x86.ActiveCfg = Debug|Win32
		{D51B46E1-F309-4309-80EA-F32D28186E64}.Debug|x86.Build.0 = Debug|Win32
		{D51B46E1-F309-4309-80EA-F32D28186E64}.Release|x64.ActiveCfg = Release|x64
		{D51B46E1-F309-4309-80EA-F32D28186E64}.Release|x64.Build.0 = Release|x64
		{D51B46E1-F309-4309-80EA-F32D28186E64}.Release|x86.ActiveCfg = Release|Win32
		{D51B46E1-F309-4309-80EA-F32D28186E64}.Release|x86.Build.0 = Release|Win32
		{0A36357B-A0E8-4B7E-9D94-E8171ECD84EC}.Debug|x64.ActiveCfg = Debug|x64
		{0A36357B-A0E8-4B7E-9D94-E8171ECD84EC}.Debug|x64.Build.0 = Debug|x64
		{0A36357B-A0E8-4B7E-9D94-E8171ECD84EC}.Debug|x86.ActiveCfg = Debug|Win32
		{0A36357B-A0E8-4B7E-9D94-E8171ECD84EC}.Debug|x86.Build.0 = Debug|Win32
		{0A36357B-A0E8-4B7E-9D94-E8171ECD84EC}.Release|x64.ActiveCfg = Release|x64
		{0A36357B-A0E8-4B7E-9D94-E8171ECD84EC}.Release|x64.Build.0 = Release|x64
		{0A36357B-A0E8-4B7E-9D94-E8171ECD84EC}.Release|x86.ActiveCfg = Release|Win32
		{0A36357B-A0E8-4B7E-9D94-E8171ECD84EC}.Release|x86.Build.0 = Release|Win32
		{FDC40C4F-1A21-494D-BE48-77ADA71CE399}.Debug|x64.ActiveCfg = Debug|x64
		{FDC40C4F-1A21-494D-BE48-77ADA71CE399}.Debug|x64.Build.0 = Debug|x64
		{FDC40C4F-1A21-494D-BE48-77ADA71CE399}.Debug|x86.ActiveCfg = Debug|Win32
		{FDC40C4F-1A21-494D-BE48-77ADA71CE399}.Debug|x86.Build.0 = Debug|Win32
		{FDC40C4F-1A21-494D-BE48-77ADA71CE399}.Release|x64.ActiveCfg = Release|x64
		{FDC40C4F-1A21-494D-BE48-77ADA71CE399}.Release|x64.Build.0 = Release|x64
		{FDC40C4F-1A21-494D-BE48-77ADA71CE399}.Release|x86.ActiveCfg = Release|Win32
		{FDC40C4F-1A21-494D-BE48-77ADA71CE399}.Release|x86.Build.0 = Release|Win32
		{7AEC2E01-DF66-403B-8305-3FF63D6B361D}.Debug|x64.ActiveCfg = Debug|x64
		{7AEC2E01-DF66-403B-8305-3FF63D6B361D}.Debug|x64.Build.0 = Debug|x64
		{7AEC2E01-DF66-403B-8305-3FF63D6B361D}.Debug|x86.ActiveCfg = Debug|Win32
		{7AEC2E01-DF66-403B-8305-3FF63D6B361D}.Debug|x86.Build.0 = Debug|Win32
		{7AEC2E01-DF66-403B-8305-3FF63D6B361D}.Release|x64.ActiveCfg = Release|x64
		{7AEC2E01-DF66-403B-8305-3FF63D6B361D}.Release|x64.Build.0 = Release|x64
		{7AEC2E01-DF66-403B-8305-3FF63D6B361D}.Release|x86.ActiveCfg = Release|Win32
		{7AEC2E01-DF66-403B-8305-3FF63D6B361D}.Release|x86.Build.0 = Release|Win32
		{E058337D-EF08-4546-B486-EE953C64A093}.Debug|x64.ActiveCfg = Debug|x64
		{E058337D-EF08-4546-B486-EE953C64A093}.Debug|x64.Build.0 = Debug|x64
		{E058337D-EF08-4546-B486-EE953C64A093}.Debug|x86.ActiveCfg = Debug|Win32
		{E058337D-EF08-4546-B486-EE953C64A093}.Debug|x86.Build.0 = Debug|Win32
		{E058337D-EF08-4546-B486-EE953C64A093}.Release|x64.ActiveCfg = Release|x64
		{E058337D-EF08-4546-B486-EE953C64A093}.Release|x64.Build.0 = Release|x64
		{E058337D-EF08-4546-B486-EE953C64A093}.Release|x86.ActiveCfg = Release|Win32
		{E058337D-EF08-4546-B486-EE953C64A093}.Release|x86.Build.0 = Release|Win32
		{14BAAF16-B1D4-4A1C-B0D4-F05753347D42}.Debug|x64.ActiveCfg = Debug|x64
		{14BAAF16-B1D4-4A1C-B0D4-F05753347D42}.Debug|x64.Build.0 = Debug|x64
		{14BAAF16-B1D4-4A1C-B0D4-F05753347D42}.Debug|x86.ActiveCfg = Debug|Win32
		{14BAAF16-B1D4-4A1C-B0D4-F05753347D42}.Debug|x86.Build.0 = Debug|Win32
		{14BAAF16-B1D4-4A1C-B0D4-F05753347D42}.Release|x64.ActiveCfg = Release|x64
		{14BAAF16-B1D4-4A1C-B0D4-F05753347D42}.Release|x64.Build.0 = Release|x64
		{14BAAF16-B1D4-4A1C-B0D4-F05753347D42}.Release|x86.ActiveCfg = Release|Win32
		{14BAAF16-B1D4-4A1C-B0D4-F05753347D42}.Release|x86.Build.0 = Release|Win32
	EndGlobalSection
	GlobalSection(SolutionProperties) = preSolution
		HideSolutionNode = FALSE
	EndGlobalSection
	GlobalSection(ExtensibilityGlobals) = postSolution
		SolutionGuid = {C3BA9B32-1F62-442A-8C17-91C55B35006B}
	EndGlobalSection
EndGlobal
