
Microsoft Visual Studio Solution File, Format Version 12.00
# Visual Studio 15
VisualStudioVersion = 15.0.27130.2024
MinimumVisualStudioVersion = 10.0.40219.1
Project("{8BC9CEB8-8B4A-11D0-8D11-00A0C91BC942}") = "Tip-범위지정연산자1", "Tip-범위지정연산자1\Tip-범위지정연산자1.vcxproj", "{B7B59558-510C-4717-BF36-DB2B1FF00257}"
EndProject
Project("{8BC9CEB8-8B4A-11D0-8D11-00A0C91BC942}") = "Tip-범위지정연산자2", "Tip-범위지정연산자2\Tip-범위지정연산자2.vcxproj", "{C0B43C93-3F2D-41EA-A16C-0785FA4BBDAF}"
EndProject
Project("{8BC9CEB8-8B4A-11D0-8D11-00A0C91BC942}") = "VirtualDestructor", "VirtualDestructor\VirtualDestructor.vcxproj", "{DA644010-3A0E-49EE-BE37-2DA64F7C07F9}"
EndProject
Project("{8BC9CEB8-8B4A-11D0-8D11-00A0C91BC942}") = "그림 9-6(a)", "그림 9-6(a)\그림 9-6(a).vcxproj", "{856CC724-88A9-4E4C-9C2E-69988A660BC5}"
EndProject
Project("{8BC9CEB8-8B4A-11D0-8D11-00A0C91BC942}") = "그림 9-6(b)", "그림 9-6(b)\그림 9-6(b).vcxproj", "{AE0E361E-9B52-46C4-8B62-2BCFC9EB2A81}"
EndProject
Project("{8BC9CEB8-8B4A-11D0-8D11-00A0C91BC942}") = "그림 9-7", "그림 9-7\그림 9-7.vcxproj", "{65EDDA11-7E0B-4B5F-BEAF-0FB3CD35ED25}"
EndProject
Project("{8BC9CEB8-8B4A-11D0-8D11-00A0C91BC942}") = "그림 9-10 그림 9-11 그림 9-12", "그림 9-10 그림 9-11 그림 9-12\그림 9-10 그림 9-11 그림 9-12.vcxproj", "{A22BE5B7-F6D7-40D6-BD5F-D0F7177B5B9F}"
EndProject
Project("{8BC9CEB8-8B4A-11D0-8D11-00A0C91BC942}") = "그림 9-13", "그림 9-13\그림 9-13.vcxproj", "{A6D5EDA4-24F0-415F-88CD-E883D2A52C0A}"
EndProject
Project("{8BC9CEB8-8B4A-11D0-8D11-00A0C91BC942}") = "예제 9-1", "예제 9-1\예제 9-1.vcxproj", "{A94A8AB0-B9B3-4196-BA2C-8D042CF63DC8}"
EndProject
Project("{8BC9CEB8-8B4A-11D0-8D11-00A0C91BC942}") = "예제 9-2", "예제 9-2\예제 9-2.vcxproj", "{B4225607-4AE8-4485-987E-FBDD35754E99}"
EndProject
Project("{8BC9CEB8-8B4A-11D0-8D11-00A0C91BC942}") = "예제 9-3", "예제 9-3\예제 9-3.vcxproj", "{30D18D90-31D9-4D51-AADE-572B1D44DFDC}"
EndProject
Project("{8BC9CEB8-8B4A-11D0-8D11-00A0C91BC942}") = "예제 9-4", "예제 9-4\예제 9-4.vcxproj", "{29871479-A08B-4193-91C6-AE7A905990E2}"
EndProject
Project("{8BC9CEB8-8B4A-11D0-8D11-00A0C91BC942}") = "예제 9-5", "예제 9-5\예제 9-5.vcxproj", "{E24EB744-B5F1-4B2E-829B-3F0D2F39AF24}"
EndProject
Project("{8BC9CEB8-8B4A-11D0-8D11-00A0C91BC942}") = "예제 9-6", "예제 9-6\예제 9-6.vcxproj", "{8BC0D286-6B46-4E7C-8BF8-5EB14A4A00DB}"
EndProject
Project("{8BC9CEB8-8B4A-11D0-8D11-00A0C91BC942}") = "예제 9-7", "예제 9-7\예제 9-7.vcxproj", "{985E2032-B5DD-4DE9-A777-3F268E5B5482}"
EndProject
Project("{8BC9CEB8-8B4A-11D0-8D11-00A0C91BC942}") = "Tip-override", "Tip-override\Tip-override.vcxproj", "{A8D72CB9-A57C-449A-951C-8D88A56F24B1}"
EndProject
Project("{8BC9CEB8-8B4A-11D0-8D11-00A0C91BC942}") = "Tip-final", "Tip-final\Tip-final.vcxproj", "{A2A546D2-A747-4D5C-B4C1-3BAC4C5F3180}"
EndProject
Global
	GlobalSection(SolutionConfigurationPlatforms) = preSolution
		Debug|x64 = Debug|x64
		Debug|x86 = Debug|x86
		Release|x64 = Release|x64
		Release|x86 = Release|x86
	EndGlobalSection
	GlobalSection(ProjectConfigurationPlatforms) = postSolution
		{B7B59558-510C-4717-BF36-DB2B1FF00257}.Debug|x64.ActiveCfg = Debug|x64
		{B7B59558-510C-4717-BF36-DB2B1FF00257}.Debug|x64.Build.0 = Debug|x64
		{B7B59558-510C-4717-BF36-DB2B1FF00257}.Debug|x86.ActiveCfg = Debug|Win32
		{B7B59558-510C-4717-BF36-DB2B1FF00257}.Debug|x86.Build.0 = Debug|Win32
		{B7B59558-510C-4717-BF36-DB2B1FF00257}.Release|x64.ActiveCfg = Release|x64
		{B7B59558-510C-4717-BF36-DB2B1FF00257}.Release|x64.Build.0 = Release|x64
		{B7B59558-510C-4717-BF36-DB2B1FF00257}.Release|x86.ActiveCfg = Release|Win32
		{B7B59558-510C-4717-BF36-DB2B1FF00257}.Release|x86.Build.0 = Release|Win32
		{C0B43C93-3F2D-41EA-A16C-0785FA4BBDAF}.Debug|x64.ActiveCfg = Debug|x64
		{C0B43C93-3F2D-41EA-A16C-0785FA4BBDAF}.Debug|x64.Build.0 = Debug|x64
		{C0B43C93-3F2D-41EA-A16C-0785FA4BBDAF}.Debug|x86.ActiveCfg = Debug|Win32
		{C0B43C93-3F2D-41EA-A16C-0785FA4BBDAF}.Debug|x86.Build.0 = Debug|Win32
		{C0B43C93-3F2D-41EA-A16C-0785FA4BBDAF}.Release|x64.ActiveCfg = Release|x64
		{C0B43C93-3F2D-41EA-A16C-0785FA4BBDAF}.Release|x64.Build.0 = Release|x64
		{C0B43C93-3F2D-41EA-A16C-0785FA4BBDAF}.Release|x86.ActiveCfg = Release|Win32
		{C0B43C93-3F2D-41EA-A16C-0785FA4BBDAF}.Release|x86.Build.0 = Release|Win32
		{DA644010-3A0E-49EE-BE37-2DA64F7C07F9}.Debug|x64.ActiveCfg = Debug|x64
		{DA644010-3A0E-49EE-BE37-2DA64F7C07F9}.Debug|x64.Build.0 = Debug|x64
		{DA644010-3A0E-49EE-BE37-2DA64F7C07F9}.Debug|x86.ActiveCfg = Debug|Win32
		{DA644010-3A0E-49EE-BE37-2DA64F7C07F9}.Debug|x86.Build.0 = Debug|Win32
		{DA644010-3A0E-49EE-BE37-2DA64F7C07F9}.Release|x64.ActiveCfg = Release|x64
		{DA644010-3A0E-49EE-BE37-2DA64F7C07F9}.Release|x64.Build.0 = Release|x64
		{DA644010-3A0E-49EE-BE37-2DA64F7C07F9}.Release|x86.ActiveCfg = Release|Win32
		{DA644010-3A0E-49EE-BE37-2DA64F7C07F9}.Release|x86.Build.0 = Release|Win32
		{856CC724-88A9-4E4C-9C2E-69988A660BC5}.Debug|x64.ActiveCfg = Debug|x64
		{856CC724-88A9-4E4C-9C2E-69988A660BC5}.Debug|x64.Build.0 = Debug|x64
		{856CC724-88A9-4E4C-9C2E-69988A660BC5}.Debug|x86.ActiveCfg = Debug|Win32
		{856CC724-88A9-4E4C-9C2E-69988A660BC5}.Debug|x86.Build.0 = Debug|Win32
		{856CC724-88A9-4E4C-9C2E-69988A660BC5}.Release|x64.ActiveCfg = Release|x64
		{856CC724-88A9-4E4C-9C2E-69988A660BC5}.Release|x64.Build.0 = Release|x64
		{856CC724-88A9-4E4C-9C2E-69988A660BC5}.Release|x86.ActiveCfg = Release|Win32
		{856CC724-88A9-4E4C-9C2E-69988A660BC5}.Release|x86.Build.0 = Release|Win32
		{AE0E361E-9B52-46C4-8B62-2BCFC9EB2A81}.Debug|x64.ActiveCfg = Debug|x64
		{AE0E361E-9B52-46C4-8B62-2BCFC9EB2A81}.Debug|x64.Build.0 = Debug|x64
		{AE0E361E-9B52-46C4-8B62-2BCFC9EB2A81}.Debug|x86.ActiveCfg = Debug|Win32
		{AE0E361E-9B52-46C4-8B62-2BCFC9EB2A81}.Debug|x86.Build.0 = Debug|Win32
		{AE0E361E-9B52-46C4-8B62-2BCFC9EB2A81}.Release|x64.ActiveCfg = Release|x64
		{AE0E361E-9B52-46C4-8B62-2BCFC9EB2A81}.Release|x64.Build.0 = Release|x64
		{AE0E361E-9B52-46C4-8B62-2BCFC9EB2A81}.Release|x86.ActiveCfg = Release|Win32
		{AE0E361E-9B52-46C4-8B62-2BCFC9EB2A81}.Release|x86.Build.0 = Release|Win32
		{65EDDA11-7E0B-4B5F-BEAF-0FB3CD35ED25}.Debug|x64.ActiveCfg = Debug|x64
		{65EDDA11-7E0B-4B5F-BEAF-0FB3CD35ED25}.Debug|x64.Build.0 = Debug|x64
		{65EDDA11-7E0B-4B5F-BEAF-0FB3CD35ED25}.Debug|x86.ActiveCfg = Debug|Win32
		{65EDDA11-7E0B-4B5F-BEAF-0FB3CD35ED25}.Debug|x86.Build.0 = Debug|Win32
		{65EDDA11-7E0B-4B5F-BEAF-0FB3CD35ED25}.Release|x64.ActiveCfg = Release|x64
		{65EDDA11-7E0B-4B5F-BEAF-0FB3CD35ED25}.Release|x64.Build.0 = Release|x64
		{65EDDA11-7E0B-4B5F-BEAF-0FB3CD35ED25}.Release|x86.ActiveCfg = Release|Win32
		{65EDDA11-7E0B-4B5F-BEAF-0FB3CD35ED25}.Release|x86.Build.0 = Release|Win32
		{A22BE5B7-F6D7-40D6-BD5F-D0F7177B5B9F}.Debug|x64.ActiveCfg = Debug|x64
		{A22BE5B7-F6D7-40D6-BD5F-D0F7177B5B9F}.Debug|x64.Build.0 = Debug|x64
		{A22BE5B7-F6D7-40D6-BD5F-D0F7177B5B9F}.Debug|x86.ActiveCfg = Debug|Win32
		{A22BE5B7-F6D7-40D6-BD5F-D0F7177B5B9F}.Debug|x86.Build.0 = Debug|Win32
		{A22BE5B7-F6D7-40D6-BD5F-D0F7177B5B9F}.Release|x64.ActiveCfg = Release|x64
		{A22BE5B7-F6D7-40D6-BD5F-D0F7177B5B9F}.Release|x64.Build.0 = Release|x64
		{A22BE5B7-F6D7-40D6-BD5F-D0F7177B5B9F}.Release|x86.ActiveCfg = Release|Win32
		{A22BE5B7-F6D7-40D6-BD5F-D0F7177B5B9F}.Release|x86.Build.0 = Release|Win32
		{A6D5EDA4-24F0-415F-88CD-E883D2A52C0A}.Debug|x64.ActiveCfg = Debug|x64
		{A6D5EDA4-24F0-415F-88CD-E883D2A52C0A}.Debug|x64.Build.0 = Debug|x64
		{A6D5EDA4-24F0-415F-88CD-E883D2A52C0A}.Debug|x86.ActiveCfg = Debug|Win32
		{A6D5EDA4-24F0-415F-88CD-E883D2A52C0A}.Debug|x86.Build.0 = Debug|Win32
		{A6D5EDA4-24F0-415F-88CD-E883D2A52C0A}.Release|x64.ActiveCfg = Release|x64
		{A6D5EDA4-24F0-415F-88CD-E883D2A52C0A}.Release|x64.Build.0 = Release|x64
		{A6D5EDA4-24F0-415F-88CD-E883D2A52C0A}.Release|x86.ActiveCfg = Release|Win32
		{A6D5EDA4-24F0-415F-88CD-E883D2A52C0A}.Release|x86.Build.0 = Release|Win32
		{A94A8AB0-B9B3-4196-BA2C-8D042CF63DC8}.Debug|x64.ActiveCfg = Debug|x64
		{A94A8AB0-B9B3-4196-BA2C-8D042CF63DC8}.Debug|x64.Build.0 = Debug|x64
		{A94A8AB0-B9B3-4196-BA2C-8D042CF63DC8}.Debug|x86.ActiveCfg = Debug|Win32
		{A94A8AB0-B9B3-4196-BA2C-8D042CF63DC8}.Debug|x86.Build.0 = Debug|Win32
		{A94A8AB0-B9B3-4196-BA2C-8D042CF63DC8}.Release|x64.ActiveCfg = Release|x64
		{A94A8AB0-B9B3-4196-BA2C-8D042CF63DC8}.Release|x64.Build.0 = Release|x64
		{A94A8AB0-B9B3-4196-BA2C-8D042CF63DC8}.Release|x86.ActiveCfg = Release|Win32
		{A94A8AB0-B9B3-4196-BA2C-8D042CF63DC8}.Release|x86.Build.0 = Release|Win32
		{B4225607-4AE8-4485-987E-FBDD35754E99}.Debug|x64.ActiveCfg = Debug|x64
		{B4225607-4AE8-4485-987E-FBDD35754E99}.Debug|x64.Build.0 = Debug|x64
		{B4225607-4AE8-4485-987E-FBDD35754E99}.Debug|x86.ActiveCfg = Debug|Win32
		{B4225607-4AE8-4485-987E-FBDD35754E99}.Debug|x86.Build.0 = Debug|Win32
		{B4225607-4AE8-4485-987E-FBDD35754E99}.Release|x64.ActiveCfg = Release|x64
		{B4225607-4AE8-4485-987E-FBDD35754E99}.Release|x64.Build.0 = Release|x64
		{B4225607-4AE8-4485-987E-FBDD35754E99}.Release|x86.ActiveCfg = Release|Win32
		{B4225607-4AE8-4485-987E-FBDD35754E99}.Release|x86.Build.0 = Release|Win32
		{30D18D90-31D9-4D51-AADE-572B1D44DFDC}.Debug|x64.ActiveCfg = Debug|x64
		{30D18D90-31D9-4D51-AADE-572B1D44DFDC}.Debug|x64.Build.0 = Debug|x64
		{30D18D90-31D9-4D51-AADE-572B1D44DFDC}.Debug|x86.ActiveCfg = Debug|Win32
		{30D18D90-31D9-4D51-AADE-572B1D44DFDC}.Debug|x86.Build.0 = Debug|Win32
		{30D18D90-31D9-4D51-AADE-572B1D44DFDC}.Release|x64.ActiveCfg = Release|x64
		{30D18D90-31D9-4D51-AADE-572B1D44DFDC}.Release|x64.Build.0 = Release|x64
		{30D18D90-31D9-4D51-AADE-572B1D44DFDC}.Release|x86.ActiveCfg = Release|Win32
		{30D18D90-31D9-4D51-AADE-572B1D44DFDC}.Release|x86.Build.0 = Release|Win32
		{29871479-A08B-4193-91C6-AE7A905990E2}.Debug|x64.ActiveCfg = Debug|x64
		{29871479-A08B-4193-91C6-AE7A905990E2}.Debug|x64.Build.0 = Debug|x64
		{29871479-A08B-4193-91C6-AE7A905990E2}.Debug|x86.ActiveCfg = Debug|Win32
		{29871479-A08B-4193-91C6-AE7A905990E2}.Debug|x86.Build.0 = Debug|Win32
		{29871479-A08B-4193-91C6-AE7A905990E2}.Release|x64.ActiveCfg = Release|x64
		{29871479-A08B-4193-91C6-AE7A905990E2}.Release|x64.Build.0 = Release|x64
		{29871479-A08B-4193-91C6-AE7A905990E2}.Release|x86.ActiveCfg = Release|Win32
		{29871479-A08B-4193-91C6-AE7A905990E2}.Release|x86.Build.0 = Release|Win32
		{E24EB744-B5F1-4B2E-829B-3F0D2F39AF24}.Debug|x64.ActiveCfg = Debug|x64
		{E24EB744-B5F1-4B2E-829B-3F0D2F39AF24}.Debug|x64.Build.0 = Debug|x64
		{E24EB744-B5F1-4B2E-829B-3F0D2F39AF24}.Debug|x86.ActiveCfg = Debug|Win32
		{E24EB744-B5F1-4B2E-829B-3F0D2F39AF24}.Debug|x86.Build.0 = Debug|Win32
		{E24EB744-B5F1-4B2E-829B-3F0D2F39AF24}.Release|x64.ActiveCfg = Release|x64
		{E24EB744-B5F1-4B2E-829B-3F0D2F39AF24}.Release|x64.Build.0 = Release|x64
		{E24EB744-B5F1-4B2E-829B-3F0D2F39AF24}.Release|x86.ActiveCfg = Release|Win32
		{E24EB744-B5F1-4B2E-829B-3F0D2F39AF24}.Release|x86.Build.0 = Release|Win32
		{8BC0D286-6B46-4E7C-8BF8-5EB14A4A00DB}.Debug|x64.ActiveCfg = Debug|x64
		{8BC0D286-6B46-4E7C-8BF8-5EB14A4A00DB}.Debug|x64.Build.0 = Debug|x64
		{8BC0D286-6B46-4E7C-8BF8-5EB14A4A00DB}.Debug|x86.ActiveCfg = Debug|Win32
		{8BC0D286-6B46-4E7C-8BF8-5EB14A4A00DB}.Debug|x86.Build.0 = Debug|Win32
		{8BC0D286-6B46-4E7C-8BF8-5EB14A4A00DB}.Release|x64.ActiveCfg = Release|x64
		{8BC0D286-6B46-4E7C-8BF8-5EB14A4A00DB}.Release|x64.Build.0 = Release|x64
		{8BC0D286-6B46-4E7C-8BF8-5EB14A4A00DB}.Release|x86.ActiveCfg = Release|Win32
		{8BC0D286-6B46-4E7C-8BF8-5EB14A4A00DB}.Release|x86.Build.0 = Release|Win32
		{985E2032-B5DD-4DE9-A777-3F268E5B5482}.Debug|x64.ActiveCfg = Debug|x64
		{985E2032-B5DD-4DE9-A777-3F268E5B5482}.Debug|x64.Build.0 = Debug|x64
		{985E2032-B5DD-4DE9-A777-3F268E5B5482}.Debug|x86.ActiveCfg = Debug|Win32
		{985E2032-B5DD-4DE9-A777-3F268E5B5482}.Debug|x86.Build.0 = Debug|Win32
		{985E2032-B5DD-4DE9-A777-3F268E5B5482}.Release|x64.ActiveCfg = Release|x64
		{985E2032-B5DD-4DE9-A777-3F268E5B5482}.Release|x64.Build.0 = Release|x64
		{985E2032-B5DD-4DE9-A777-3F268E5B5482}.Release|x86.ActiveCfg = Release|Win32
		{985E2032-B5DD-4DE9-A777-3F268E5B5482}.Release|x86.Build.0 = Release|Win32
		{A8D72CB9-A57C-449A-951C-8D88A56F24B1}.Debug|x64.ActiveCfg = Debug|x64
		{A8D72CB9-A57C-449A-951C-8D88A56F24B1}.Debug|x64.Build.0 = Debug|x64
		{A8D72CB9-A57C-449A-951C-8D88A56F24B1}.Debug|x86.ActiveCfg = Debug|Win32
		{A8D72CB9-A57C-449A-951C-8D88A56F24B1}.Debug|x86.Build.0 = Debug|Win32
		{A8D72CB9-A57C-449A-951C-8D88A56F24B1}.Release|x64.ActiveCfg = Release|x64
		{A8D72CB9-A57C-449A-951C-8D88A56F24B1}.Release|x64.Build.0 = Release|x64
		{A8D72CB9-A57C-449A-951C-8D88A56F24B1}.Release|x86.ActiveCfg = Release|Win32
		{A8D72CB9-A57C-449A-951C-8D88A56F24B1}.Release|x86.Build.0 = Release|Win32
		{A2A546D2-A747-4D5C-B4C1-3BAC4C5F3180}.Debug|x64.ActiveCfg = Debug|x64
		{A2A546D2-A747-4D5C-B4C1-3BAC4C5F3180}.Debug|x64.Build.0 = Debug|x64
		{A2A546D2-A747-4D5C-B4C1-3BAC4C5F3180}.Debug|x86.ActiveCfg = Debug|Win32
		{A2A546D2-A747-4D5C-B4C1-3BAC4C5F3180}.Debug|x86.Build.0 = Debug|Win32
		{A2A546D2-A747-4D5C-B4C1-3BAC4C5F3180}.Release|x64.ActiveCfg = Release|x64
		{A2A546D2-A747-4D5C-B4C1-3BAC4C5F3180}.Release|x64.Build.0 = Release|x64
		{A2A546D2-A747-4D5C-B4C1-3BAC4C5F3180}.Release|x86.ActiveCfg = Release|Win32
		{A2A546D2-A747-4D5C-B4C1-3BAC4C5F3180}.Release|x86.Build.0 = Release|Win32
	EndGlobalSection
	GlobalSection(SolutionProperties) = preSolution
		HideSolutionNode = FALSE
	EndGlobalSection
	GlobalSection(ExtensibilityGlobals) = postSolution
		SolutionGuid = {889FAA83-710D-4CD6-9E65-ED9E1B89E711}
	EndGlobalSection
EndGlobal
