
Microsoft Visual Studio Solution File, Format Version 12.00
# Visual Studio 15
VisualStudioVersion = 15.0.27130.2024
MinimumVisualStudioVersion = 10.0.40219.1
Project("{8BC9CEB8-8B4A-11D0-8D11-00A0C91BC942}") = "그림 13-4", "그림 13-4\그림 13-4.vcxproj", "{ED0C64E1-FB0D-4A29-AFDE-E26E059E8BF9}"
EndProject
Project("{8BC9CEB8-8B4A-11D0-8D11-00A0C91BC942}") = "그림 13-5", "그림 13-5\그림 13-5.vcxproj", "{7DD338FC-9427-4759-88E8-81C5EF729AC9}"
EndProject
Project("{8BC9CEB8-8B4A-11D0-8D11-00A0C91BC942}") = "그림 13-6", "그림 13-6\그림 13-6.vcxproj", "{18AF10B0-A20D-41C2-B55C-02111BA86230}"
EndProject
Project("{8BC9CEB8-8B4A-11D0-8D11-00A0C91BC942}") = "그림 13-7", "그림 13-7\그림 13-7.vcxproj", "{E34FEAF4-5B8D-43B4-959F-94B2DC1D9E20}"
EndProject
Project("{8BC9CEB8-8B4A-11D0-8D11-00A0C91BC942}") = "그림 13-8", "그림 13-8\그림 13-8.vcxproj", "{8F91E825-7D2A-4164-97C2-084BD67D059D}"
EndProject
Project("{8BC9CEB8-8B4A-11D0-8D11-00A0C91BC942}") = "그림 13-10", "그림 13-10\그림 13-10.vcxproj", "{3A41B54E-D18C-40E3-ADB4-8FF96BC24884}"
EndProject
Project("{8BC9CEB8-8B4A-11D0-8D11-00A0C91BC942}") = "예제 13-1", "예제 13-1\예제 13-1.vcxproj", "{08ED872E-9E3F-435F-A171-BA175DC1937E}"
EndProject
Project("{8BC9CEB8-8B4A-11D0-8D11-00A0C91BC942}") = "예제 13-2", "예제 13-2\예제 13-2.vcxproj", "{B47875B6-E3BE-4607-83EE-CADE4947C00A}"
EndProject
Project("{8BC9CEB8-8B4A-11D0-8D11-00A0C91BC942}") = "예제 13-3", "예제 13-3\예제 13-3.vcxproj", "{408EF5B1-CE6B-4EE5-AE0A-E99E93A78D5D}"
EndProject
Project("{8BC9CEB8-8B4A-11D0-8D11-00A0C91BC942}") = "예제 13-4", "예제 13-4\예제 13-4.vcxproj", "{2706B662-52C0-4DBA-B0F7-17D417B876FF}"
EndProject
Project("{8BC9CEB8-8B4A-11D0-8D11-00A0C91BC942}") = "예제 13-5", "예제 13-5\예제 13-5.vcxproj", "{E52939CA-0114-4DA8-B3F0-D47FE1915E81}"
EndProject
Project("{8BC9CEB8-8B4A-11D0-8D11-00A0C91BC942}") = "예제 13-6", "예제 13-6\예제 13-6.vcxproj", "{343AE023-78F5-4497-BFF2-FDBBB6D57C04}"
EndProject
Project("{8BC9CEB8-8B4A-11D0-8D11-00A0C91BC942}") = "예제 13-7", "예제 13-7\예제 13-7.vcxproj", "{A0C111BE-86D5-41F8-BED1-9012E123FA1F}"
EndProject
Project("{8BC9CEB8-8B4A-11D0-8D11-00A0C91BC942}") = "예제 13-8", "예제 13-8\예제 13-8.vcxproj", "{9F89C5E5-C8F7-4302-8AED-30D20E6BA272}"
EndProject
Global
	GlobalSection(SolutionConfigurationPlatforms) = preSolution
		Debug|x64 = Debug|x64
		Debug|x86 = Debug|x86
		Release|x64 = Release|x64
		Release|x86 = Release|x86
	EndGlobalSection
	GlobalSection(ProjectConfigurationPlatforms) = postSolution
		{ED0C64E1-FB0D-4A29-AFDE-E26E059E8BF9}.Debug|x64.ActiveCfg = Debug|x64
		{ED0C64E1-FB0D-4A29-AFDE-E26E059E8BF9}.Debug|x64.Build.0 = Debug|x64
		{ED0C64E1-FB0D-4A29-AFDE-E26E059E8BF9}.Debug|x86.ActiveCfg = Debug|Win32
		{ED0C64E1-FB0D-4A29-AFDE-E26E059E8BF9}.Debug|x86.Build.0 = Debug|Win32
		{ED0C64E1-FB0D-4A29-AFDE-E26E059E8BF9}.Release|x64.ActiveCfg = Release|x64
		{ED0C64E1-FB0D-4A29-AFDE-E26E059E8BF9}.Release|x64.Build.0 = Release|x64
		{ED0C64E1-FB0D-4A29-AFDE-E26E059E8BF9}.Release|x86.ActiveCfg = Release|Win32
		{ED0C64E1-FB0D-4A29-AFDE-E26E059E8BF9}.Release|x86.Build.0 = Release|Win32
		{7DD338FC-9427-4759-88E8-81C5EF729AC9}.Debug|x64.ActiveCfg = Debug|x64
		{7DD338FC-9427-4759-88E8-81C5EF729AC9}.Debug|x64.Build.0 = Debug|x64
		{7DD338FC-9427-4759-88E8-81C5EF729AC9}.Debug|x86.ActiveCfg = Debug|Win32
		{7DD338FC-9427-4759-88E8-81C5EF729AC9}.Debug|x86.Build.0 = Debug|Win32
		{7DD338FC-9427-4759-88E8-81C5EF729AC9}.Release|x64.ActiveCfg = Release|x64
		{7DD338FC-9427-4759-88E8-81C5EF729AC9}.Release|x64.Build.0 = Release|x64
		{7DD338FC-9427-4759-88E8-81C5EF729AC9}.Release|x86.ActiveCfg = Release|Win32
		{7DD338FC-9427-4759-88E8-81C5EF729AC9}.Release|x86.Build.0 = Release|Win32
		{18AF10B0-A20D-41C2-B55C-02111BA86230}.Debug|x64.ActiveCfg = Debug|x64
		{18AF10B0-A20D-41C2-B55C-02111BA86230}.Debug|x64.Build.0 = Debug|x64
		{18AF10B0-A20D-41C2-B55C-02111BA86230}.Debug|x86.ActiveCfg = Debug|Win32
		{18AF10B0-A20D-41C2-B55C-02111BA86230}.Debug|x86.Build.0 = Debug|Win32
		{18AF10B0-A20D-41C2-B55C-02111BA86230}.Release|x64.ActiveCfg = Release|x64
		{18AF10B0-A20D-41C2-B55C-02111BA86230}.Release|x64.Build.0 = Release|x64
		{18AF10B0-A20D-41C2-B55C-02111BA86230}.Release|x86.ActiveCfg = Release|Win32
		{18AF10B0-A20D-41C2-B55C-02111BA86230}.Release|x86.Build.0 = Release|Win32
		{E34FEAF4-5B8D-43B4-959F-94B2DC1D9E20}.Debug|x64.ActiveCfg = Debug|x64
		{E34FEAF4-5B8D-43B4-959F-94B2DC1D9E20}.Debug|x64.Build.0 = Debug|x64
		{E34FEAF4-5B8D-43B4-959F-94B2DC1D9E20}.Debug|x86.ActiveCfg = Debug|Win32
		{E34FEAF4-5B8D-43B4-959F-94B2DC1D9E20}.Debug|x86.Build.0 = Debug|Win32
		{E34FEAF4-5B8D-43B4-959F-94B2DC1D9E20}.Release|x64.ActiveCfg = Release|x64
		{E34FEAF4-5B8D-43B4-959F-94B2DC1D9E20}.Release|x64.Build.0 = Release|x64
		{E34FEAF4-5B8D-43B4-959F-94B2DC1D9E20}.Release|x86.ActiveCfg = Release|Win32
		{E34FEAF4-5B8D-43B4-959F-94B2DC1D9E20}.Release|x86.Build.0 = Release|Win32
		{8F91E825-7D2A-4164-97C2-084BD67D059D}.Debug|x64.ActiveCfg = Debug|x64
		{8F91E825-7D2A-4164-97C2-084BD67D059D}.Debug|x64.Build.0 = Debug|x64
		{8F91E825-7D2A-4164-97C2-084BD67D059D}.Debug|x86.ActiveCfg = Debug|Win32
		{8F91E825-7D2A-4164-97C2-084BD67D059D}.Debug|x86.Build.0 = Debug|Win32
		{8F91E825-7D2A-4164-97C2-084BD67D059D}.Release|x64.ActiveCfg = Release|x64
		{8F91E825-7D2A-4164-97C2-084BD67D059D}.Release|x64.Build.0 = Release|x64
		{8F91E825-7D2A-4164-97C2-084BD67D059D}.Release|x86.ActiveCfg = Release|Win32
		{8F91E825-7D2A-4164-97C2-084BD67D059D}.Release|x86.Build.0 = Release|Win32
		{3A41B54E-D18C-40E3-ADB4-8FF96BC24884}.Debug|x64.ActiveCfg = Debug|x64
		{3A41B54E-D18C-40E3-ADB4-8FF96BC24884}.Debug|x64.Build.0 = Debug|x64
		{3A41B54E-D18C-40E3-ADB4-8FF96BC24884}.Debug|x86.ActiveCfg = Debug|Win32
		{3A41B54E-D18C-40E3-ADB4-8FF96BC24884}.Debug|x86.Build.0 = Debug|Win32
		{3A41B54E-D18C-40E3-ADB4-8FF96BC24884}.Release|x64.ActiveCfg = Release|x64
		{3A41B54E-D18C-40E3-ADB4-8FF96BC24884}.Release|x64.Build.0 = Release|x64
		{3A41B54E-D18C-40E3-ADB4-8FF96BC24884}.Release|x86.ActiveCfg = Release|Win32
		{3A41B54E-D18C-40E3-ADB4-8FF96BC24884}.Release|x86.Build.0 = Release|Win32
		{08ED872E-9E3F-435F-A171-BA175DC1937E}.Debug|x64.ActiveCfg = Debug|x64
		{08ED872E-9E3F-435F-A171-BA175DC1937E}.Debug|x64.Build.0 = Debug|x64
		{08ED872E-9E3F-435F-A171-BA175DC1937E}.Debug|x86.ActiveCfg = Debug|Win32
		{08ED872E-9E3F-435F-A171-BA175DC1937E}.Debug|x86.Build.0 = Debug|Win32
		{08ED872E-9E3F-435F-A171-BA175DC1937E}.Release|x64.ActiveCfg = Release|x64
		{08ED872E-9E3F-435F-A171-BA175DC1937E}.Release|x64.Build.0 = Release|x64
		{08ED872E-9E3F-435F-A171-BA175DC1937E}.Release|x86.ActiveCfg = Release|Win32
		{08ED872E-9E3F-435F-A171-BA175DC1937E}.Release|x86.Build.0 = Release|Win32
		{B47875B6-E3BE-4607-83EE-CADE4947C00A}.Debug|x64.ActiveCfg = Debug|x64
		{B47875B6-E3BE-4607-83EE-CADE4947C00A}.Debug|x64.Build.0 = Debug|x64
		{B47875B6-E3BE-4607-83EE-CADE4947C00A}.Debug|x86.ActiveCfg = Debug|Win32
		{B47875B6-E3BE-4607-83EE-CADE4947C00A}.Debug|x86.Build.0 = Debug|Win32
		{B47875B6-E3BE-4607-83EE-CADE4947C00A}.Release|x64.ActiveCfg = Release|x64
		{B47875B6-E3BE-4607-83EE-CADE4947C00A}.Release|x64.Build.0 = Release|x64
		{B47875B6-E3BE-4607-83EE-CADE4947C00A}.Release|x86.ActiveCfg = Release|Win32
		{B47875B6-E3BE-4607-83EE-CADE4947C00A}.Release|x86.Build.0 = Release|Win32
		{408EF5B1-CE6B-4EE5-AE0A-E99E93A78D5D}.Debug|x64.ActiveCfg = Debug|x64
		{408EF5B1-CE6B-4EE5-AE0A-E99E93A78D5D}.Debug|x64.Build.0 = Debug|x64
		{408EF5B1-CE6B-4EE5-AE0A-E99E93A78D5D}.Debug|x86.ActiveCfg = Debug|Win32
		{408EF5B1-CE6B-4EE5-AE0A-E99E93A78D5D}.Debug|x86.Build.0 = Debug|Win32
		{408EF5B1-CE6B-4EE5-AE0A-E99E93A78D5D}.Release|x64.ActiveCfg = Release|x64
		{408EF5B1-CE6B-4EE5-AE0A-E99E93A78D5D}.Release|x64.Build.0 = Release|x64
		{408EF5B1-CE6B-4EE5-AE0A-E99E93A78D5D}.Release|x86.ActiveCfg = Release|Win32
		{408EF5B1-CE6B-4EE5-AE0A-E99E93A78D5D}.Release|x86.Build.0 = Release|Win32
		{2706B662-52C0-4DBA-B0F7-17D417B876FF}.Debug|x64.ActiveCfg = Debug|x64
		{2706B662-52C0-4DBA-B0F7-17D417B876FF}.Debug|x64.Build.0 = Debug|x64
		{2706B662-52C0-4DBA-B0F7-17D417B876FF}.Debug|x86.ActiveCfg = Debug|Win32
		{2706B662-52C0-4DBA-B0F7-17D417B876FF}.Debug|x86.Build.0 = Debug|Win32
		{2706B662-52C0-4DBA-B0F7-17D417B876FF}.Release|x64.ActiveCfg = Release|x64
		{2706B662-52C0-4DBA-B0F7-17D417B876FF}.Release|x64.Build.0 = Release|x64
		{2706B662-52C0-4DBA-B0F7-17D417B876FF}.Release|x86.ActiveCfg = Release|Win32
		{2706B662-52C0-4DBA-B0F7-17D417B876FF}.Release|x86.Build.0 = Release|Win32
		{E52939CA-0114-4DA8-B3F0-D47FE1915E81}.Debug|x64.ActiveCfg = Debug|x64
		{E52939CA-0114-4DA8-B3F0-D47FE1915E81}.Debug|x64.Build.0 = Debug|x64
		{E52939CA-0114-4DA8-B3F0-D47FE1915E81}.Debug|x86.ActiveCfg = Debug|Win32
		{E52939CA-0114-4DA8-B3F0-D47FE1915E81}.Debug|x86.Build.0 = Debug|Win32
		{E52939CA-0114-4DA8-B3F0-D47FE1915E81}.Release|x64.ActiveCfg = Release|x64
		{E52939CA-0114-4DA8-B3F0-D47FE1915E81}.Release|x64.Build.0 = Release|x64
		{E52939CA-0114-4DA8-B3F0-D47FE1915E81}.Release|x86.ActiveCfg = Release|Win32
		{E52939CA-0114-4DA8-B3F0-D47FE1915E81}.Release|x86.Build.0 = Release|Win32
		{343AE023-78F5-4497-BFF2-FDBBB6D57C04}.Debug|x64.ActiveCfg = Debug|x64
		{343AE023-78F5-4497-BFF2-FDBBB6D57C04}.Debug|x64.Build.0 = Debug|x64
		{343AE023-78F5-4497-BFF2-FDBBB6D57C04}.Debug|x86.ActiveCfg = Debug|Win32
		{343AE023-78F5-4497-BFF2-FDBBB6D57C04}.Debug|x86.Build.0 = Debug|Win32
		{343AE023-78F5-4497-BFF2-FDBBB6D57C04}.Release|x64.ActiveCfg = Release|x64
		{343AE023-78F5-4497-BFF2-FDBBB6D57C04}.Release|x64.Build.0 = Release|x64
		{343AE023-78F5-4497-BFF2-FDBBB6D57C04}.Release|x86.ActiveCfg = Release|Win32
		{343AE023-78F5-4497-BFF2-FDBBB6D57C04}.Release|x86.Build.0 = Release|Win32
		{A0C111BE-86D5-41F8-BED1-9012E123FA1F}.Debug|x64.ActiveCfg = Debug|x64
		{A0C111BE-86D5-41F8-BED1-9012E123FA1F}.Debug|x64.Build.0 = Debug|x64
		{A0C111BE-86D5-41F8-BED1-9012E123FA1F}.Debug|x86.ActiveCfg = Debug|Win32
		{A0C111BE-86D5-41F8-BED1-9012E123FA1F}.Debug|x86.Build.0 = Debug|Win32
		{A0C111BE-86D5-41F8-BED1-9012E123FA1F}.Release|x64.ActiveCfg = Release|x64
		{A0C111BE-86D5-41F8-BED1-9012E123FA1F}.Release|x64.Build.0 = Release|x64
		{A0C111BE-86D5-41F8-BED1-9012E123FA1F}.Release|x86.ActiveCfg = Release|Win32
		{A0C111BE-86D5-41F8-BED1-9012E123FA1F}.Release|x86.Build.0 = Release|Win32
		{9F89C5E5-C8F7-4302-8AED-30D20E6BA272}.Debug|x64.ActiveCfg = Debug|x64
		{9F89C5E5-C8F7-4302-8AED-30D20E6BA272}.Debug|x64.Build.0 = Debug|x64
		{9F89C5E5-C8F7-4302-8AED-30D20E6BA272}.Debug|x86.ActiveCfg = Debug|Win32
		{9F89C5E5-C8F7-4302-8AED-30D20E6BA272}.Debug|x86.Build.0 = Debug|Win32
		{9F89C5E5-C8F7-4302-8AED-30D20E6BA272}.Release|x64.ActiveCfg = Release|x64
		{9F89C5E5-C8F7-4302-8AED-30D20E6BA272}.Release|x64.Build.0 = Release|x64
		{9F89C5E5-C8F7-4302-8AED-30D20E6BA272}.Release|x86.ActiveCfg = Release|Win32
		{9F89C5E5-C8F7-4302-8AED-30D20E6BA272}.Release|x86.Build.0 = Release|Win32
	EndGlobalSection
	GlobalSection(SolutionProperties) = preSolution
		HideSolutionNode = FALSE
	EndGlobalSection
	GlobalSection(ExtensibilityGlobals) = postSolution
		SolutionGuid = {DDE13CB3-634A-4D96-BA11-6604D58E694E}
	EndGlobalSection
EndGlobal
