
Microsoft Visual Studio Solution File, Format Version 12.00
# Visual Studio 15
VisualStudioVersion = 15.0.27130.2010
MinimumVisualStudioVersion = 10.0.40219.1
Project("{8BC9CEB8-8B4A-11D0-8D11-00A0C91BC942}") = "그림 12-8", "그림 12-8\그림 12-8.vcxproj", "{E547563F-761C-40AD-AA69-E773D3233010}"
EndProject
Project("{8BC9CEB8-8B4A-11D0-8D11-00A0C91BC942}") = "예제 12-1", "예제 12-1\예제 12-1.vcxproj", "{5CDC462C-7FEA-4106-85ED-A32DAF7E4D1D}"
EndProject
Project("{8BC9CEB8-8B4A-11D0-8D11-00A0C91BC942}") = "예제 12-2", "예제 12-2\예제 12-2.vcxproj", "{3EB78D0A-D444-4BB3-80FE-9577681B52F4}"
EndProject
Project("{8BC9CEB8-8B4A-11D0-8D11-00A0C91BC942}") = "예제 12-3", "예제 12-3\예제 12-3.vcxproj", "{7B40DFEB-5AFE-4CD9-9ECD-8FB0959B53A2}"
EndProject
Project("{8BC9CEB8-8B4A-11D0-8D11-00A0C91BC942}") = "예제 12-4", "예제 12-4\예제 12-4.vcxproj", "{698CEEA1-F6E6-401B-85B8-BC8A70E9B86C}"
EndProject
Project("{8BC9CEB8-8B4A-11D0-8D11-00A0C91BC942}") = "예제 12-5", "예제 12-5\예제 12-5.vcxproj", "{DD4D4CC2-2B77-4A83-9054-5D379BBA9C05}"
EndProject
Project("{8BC9CEB8-8B4A-11D0-8D11-00A0C91BC942}") = "예제 12-6", "예제 12-6\예제 12-6.vcxproj", "{275C69C9-5D0F-4A02-925D-53E6B2EF5136}"
EndProject
Project("{8BC9CEB8-8B4A-11D0-8D11-00A0C91BC942}") = "예제 12-7", "예제 12-7\예제 12-7.vcxproj", "{87E3679C-A528-4EB7-A54C-DEE9B100D70D}"
EndProject
Project("{8BC9CEB8-8B4A-11D0-8D11-00A0C91BC942}") = "예제 12-8", "예제 12-8\예제 12-8.vcxproj", "{80CEADC3-1969-420A-A0B8-B8BD2CC2EA9E}"
EndProject
Project("{8BC9CEB8-8B4A-11D0-8D11-00A0C91BC942}") = "예제 12-9", "예제 12-9\예제 12-9.vcxproj", "{EBB7231F-7B84-40A5-928D-5ABBF1C82451}"
EndProject
Project("{8BC9CEB8-8B4A-11D0-8D11-00A0C91BC942}") = "예제 12-10", "예제 12-10\예제 12-10.vcxproj", "{93C21EC3-556F-4D82-AAC6-4468A318AA68}"
EndProject
Project("{8BC9CEB8-8B4A-11D0-8D11-00A0C91BC942}") = "예제 12-11", "예제 12-11\예제 12-11.vcxproj", "{18683462-4D62-4458-84C3-6004702B9844}"
EndProject
Project("{8BC9CEB8-8B4A-11D0-8D11-00A0C91BC942}") = "예제 12-12", "예제 12-12\예제 12-12.vcxproj", "{E3C5D0E8-1253-4943-9396-40391AA257FA}"
EndProject
Global
	GlobalSection(SolutionConfigurationPlatforms) = preSolution
		Debug|x64 = Debug|x64
		Debug|x86 = Debug|x86
		Release|x64 = Release|x64
		Release|x86 = Release|x86
	EndGlobalSection
	GlobalSection(ProjectConfigurationPlatforms) = postSolution
		{E547563F-761C-40AD-AA69-E773D3233010}.Debug|x64.ActiveCfg = Debug|x64
		{E547563F-761C-40AD-AA69-E773D3233010}.Debug|x64.Build.0 = Debug|x64
		{E547563F-761C-40AD-AA69-E773D3233010}.Debug|x86.ActiveCfg = Debug|Win32
		{E547563F-761C-40AD-AA69-E773D3233010}.Debug|x86.Build.0 = Debug|Win32
		{E547563F-761C-40AD-AA69-E773D3233010}.Release|x64.ActiveCfg = Release|x64
		{E547563F-761C-40AD-AA69-E773D3233010}.Release|x64.Build.0 = Release|x64
		{E547563F-761C-40AD-AA69-E773D3233010}.Release|x86.ActiveCfg = Release|Win32
		{E547563F-761C-40AD-AA69-E773D3233010}.Release|x86.Build.0 = Release|Win32
		{5CDC462C-7FEA-4106-85ED-A32DAF7E4D1D}.Debug|x64.ActiveCfg = Debug|x64
		{5CDC462C-7FEA-4106-85ED-A32DAF7E4D1D}.Debug|x64.Build.0 = Debug|x64
		{5CDC462C-7FEA-4106-85ED-A32DAF7E4D1D}.Debug|x86.ActiveCfg = Debug|Win32
		{5CDC462C-7FEA-4106-85ED-A32DAF7E4D1D}.Debug|x86.Build.0 = Debug|Win32
		{5CDC462C-7FEA-4106-85ED-A32DAF7E4D1D}.Release|x64.ActiveCfg = Release|x64
		{5CDC462C-7FEA-4106-85ED-A32DAF7E4D1D}.Release|x64.Build.0 = Release|x64
		{5CDC462C-7FEA-4106-85ED-A32DAF7E4D1D}.Release|x86.ActiveCfg = Release|Win32
		{5CDC462C-7FEA-4106-85ED-A32DAF7E4D1D}.Release|x86.Build.0 = Release|Win32
		{3EB78D0A-D444-4BB3-80FE-9577681B52F4}.Debug|x64.ActiveCfg = Debug|x64
		{3EB78D0A-D444-4BB3-80FE-9577681B52F4}.Debug|x64.Build.0 = Debug|x64
		{3EB78D0A-D444-4BB3-80FE-9577681B52F4}.Debug|x86.ActiveCfg = Debug|Win32
		{3EB78D0A-D444-4BB3-80FE-9577681B52F4}.Debug|x86.Build.0 = Debug|Win32
		{3EB78D0A-D444-4BB3-80FE-9577681B52F4}.Release|x64.ActiveCfg = Release|x64
		{3EB78D0A-D444-4BB3-80FE-9577681B52F4}.Release|x64.Build.0 = Release|x64
		{3EB78D0A-D444-4BB3-80FE-9577681B52F4}.Release|x86.ActiveCfg = Release|Win32
		{3EB78D0A-D444-4BB3-80FE-9577681B52F4}.Release|x86.Build.0 = Release|Win32
		{7B40DFEB-5AFE-4CD9-9ECD-8FB0959B53A2}.Debug|x64.ActiveCfg = Debug|x64
		{7B40DFEB-5AFE-4CD9-9ECD-8FB0959B53A2}.Debug|x64.Build.0 = Debug|x64
		{7B40DFEB-5AFE-4CD9-9ECD-8FB0959B53A2}.Debug|x86.ActiveCfg = Debug|Win32
		{7B40DFEB-5AFE-4CD9-9ECD-8FB0959B53A2}.Debug|x86.Build.0 = Debug|Win32
		{7B40DFEB-5AFE-4CD9-9ECD-8FB0959B53A2}.Release|x64.ActiveCfg = Release|x64
		{7B40DFEB-5AFE-4CD9-9ECD-8FB0959B53A2}.Release|x64.Build.0 = Release|x64
		{7B40DFEB-5AFE-4CD9-9ECD-8FB0959B53A2}.Release|x86.ActiveCfg = Release|Win32
		{7B40DFEB-5AFE-4CD9-9ECD-8FB0959B53A2}.Release|x86.Build.0 = Release|Win32
		{698CEEA1-F6E6-401B-85B8-BC8A70E9B86C}.Debug|x64.ActiveCfg = Debug|x64
		{698CEEA1-F6E6-401B-85B8-BC8A70E9B86C}.Debug|x64.Build.0 = Debug|x64
		{698CEEA1-F6E6-401B-85B8-BC8A70E9B86C}.Debug|x86.ActiveCfg = Debug|Win32
		{698CEEA1-F6E6-401B-85B8-BC8A70E9B86C}.Debug|x86.Build.0 = Debug|Win32
		{698CEEA1-F6E6-401B-85B8-BC8A70E9B86C}.Release|x64.ActiveCfg = Release|x64
		{698CEEA1-F6E6-401B-85B8-BC8A70E9B86C}.Release|x64.Build.0 = Release|x64
		{698CEEA1-F6E6-401B-85B8-BC8A70E9B86C}.Release|x86.ActiveCfg = Release|Win32
		{698CEEA1-F6E6-401B-85B8-BC8A70E9B86C}.Release|x86.Build.0 = Release|Win32
		{DD4D4CC2-2B77-4A83-9054-5D379BBA9C05}.Debug|x64.ActiveCfg = Debug|x64
		{DD4D4CC2-2B77-4A83-9054-5D379BBA9C05}.Debug|x64.Build.0 = Debug|x64
		{DD4D4CC2-2B77-4A83-9054-5D379BBA9C05}.Debug|x86.ActiveCfg = Debug|Win32
		{DD4D4CC2-2B77-4A83-9054-5D379BBA9C05}.Debug|x86.Build.0 = Debug|Win32
		{DD4D4CC2-2B77-4A83-9054-5D379BBA9C05}.Release|x64.ActiveCfg = Release|x64
		{DD4D4CC2-2B77-4A83-9054-5D379BBA9C05}.Release|x64.Build.0 = Release|x64
		{DD4D4CC2-2B77-4A83-9054-5D379BBA9C05}.Release|x86.ActiveCfg = Release|Win32
		{DD4D4CC2-2B77-4A83-9054-5D379BBA9C05}.Release|x86.Build.0 = Release|Win32
		{275C69C9-5D0F-4A02-925D-53E6B2EF5136}.Debug|x64.ActiveCfg = Debug|x64
		{275C69C9-5D0F-4A02-925D-53E6B2EF5136}.Debug|x64.Build.0 = Debug|x64
		{275C69C9-5D0F-4A02-925D-53E6B2EF5136}.Debug|x86.ActiveCfg = Debug|Win32
		{275C69C9-5D0F-4A02-925D-53E6B2EF5136}.Debug|x86.Build.0 = Debug|Win32
		{275C69C9-5D0F-4A02-925D-53E6B2EF5136}.Release|x64.ActiveCfg = Release|x64
		{275C69C9-5D0F-4A02-925D-53E6B2EF5136}.Release|x64.Build.0 = Release|x64
		{275C69C9-5D0F-4A02-925D-53E6B2EF5136}.Release|x86.ActiveCfg = Release|Win32
		{275C69C9-5D0F-4A02-925D-53E6B2EF5136}.Release|x86.Build.0 = Release|Win32
		{87E3679C-A528-4EB7-A54C-DEE9B100D70D}.Debug|x64.ActiveCfg = Debug|x64
		{87E3679C-A528-4EB7-A54C-DEE9B100D70D}.Debug|x64.Build.0 = Debug|x64
		{87E3679C-A528-4EB7-A54C-DEE9B100D70D}.Debug|x86.ActiveCfg = Debug|Win32
		{87E3679C-A528-4EB7-A54C-DEE9B100D70D}.Debug|x86.Build.0 = Debug|Win32
		{87E3679C-A528-4EB7-A54C-DEE9B100D70D}.Release|x64.ActiveCfg = Release|x64
		{87E3679C-A528-4EB7-A54C-DEE9B100D70D}.Release|x64.Build.0 = Release|x64
		{87E3679C-A528-4EB7-A54C-DEE9B100D70D}.Release|x86.ActiveCfg = Release|Win32
		{87E3679C-A528-4EB7-A54C-DEE9B100D70D}.Release|x86.Build.0 = Release|Win32
		{80CEADC3-1969-420A-A0B8-B8BD2CC2EA9E}.Debug|x64.ActiveCfg = Debug|x64
		{80CEADC3-1969-420A-A0B8-B8BD2CC2EA9E}.Debug|x64.Build.0 = Debug|x64
		{80CEADC3-1969-420A-A0B8-B8BD2CC2EA9E}.Debug|x86.ActiveCfg = Debug|Win32
		{80CEADC3-1969-420A-A0B8-B8BD2CC2EA9E}.Debug|x86.Build.0 = Debug|Win32
		{80CEADC3-1969-420A-A0B8-B8BD2CC2EA9E}.Release|x64.ActiveCfg = Release|x64
		{80CEADC3-1969-420A-A0B8-B8BD2CC2EA9E}.Release|x64.Build.0 = Release|x64
		{80CEADC3-1969-420A-A0B8-B8BD2CC2EA9E}.Release|x86.ActiveCfg = Release|Win32
		{80CEADC3-1969-420A-A0B8-B8BD2CC2EA9E}.Release|x86.Build.0 = Release|Win32
		{EBB7231F-7B84-40A5-928D-5ABBF1C82451}.Debug|x64.ActiveCfg = Debug|x64
		{EBB7231F-7B84-40A5-928D-5ABBF1C82451}.Debug|x64.Build.0 = Debug|x64
		{EBB7231F-7B84-40A5-928D-5ABBF1C82451}.Debug|x86.ActiveCfg = Debug|Win32
		{EBB7231F-7B84-40A5-928D-5ABBF1C82451}.Debug|x86.Build.0 = Debug|Win32
		{EBB7231F-7B84-40A5-928D-5ABBF1C82451}.Release|x64.ActiveCfg = Release|x64
		{EBB7231F-7B84-40A5-928D-5ABBF1C82451}.Release|x64.Build.0 = Release|x64
		{EBB7231F-7B84-40A5-928D-5ABBF1C82451}.Release|x86.ActiveCfg = Release|Win32
		{EBB7231F-7B84-40A5-928D-5ABBF1C82451}.Release|x86.Build.0 = Release|Win32
		{93C21EC3-556F-4D82-AAC6-4468A318AA68}.Debug|x64.ActiveCfg = Debug|x64
		{93C21EC3-556F-4D82-AAC6-4468A318AA68}.Debug|x64.Build.0 = Debug|x64
		{93C21EC3-556F-4D82-AAC6-4468A318AA68}.Debug|x86.ActiveCfg = Debug|Win32
		{93C21EC3-556F-4D82-AAC6-4468A318AA68}.Debug|x86.Build.0 = Debug|Win32
		{93C21EC3-556F-4D82-AAC6-4468A318AA68}.Release|x64.ActiveCfg = Release|x64
		{93C21EC3-556F-4D82-AAC6-4468A318AA68}.Release|x64.Build.0 = Release|x64
		{93C21EC3-556F-4D82-AAC6-4468A318AA68}.Release|x86.ActiveCfg = Release|Win32
		{93C21EC3-556F-4D82-AAC6-4468A318AA68}.Release|x86.Build.0 = Release|Win32
		{18683462-4D62-4458-84C3-6004702B9844}.Debug|x64.ActiveCfg = Debug|x64
		{18683462-4D62-4458-84C3-6004702B9844}.Debug|x64.Build.0 = Debug|x64
		{18683462-4D62-4458-84C3-6004702B9844}.Debug|x86.ActiveCfg = Debug|Win32
		{18683462-4D62-4458-84C3-6004702B9844}.Debug|x86.Build.0 = Debug|Win32
		{18683462-4D62-4458-84C3-6004702B9844}.Release|x64.ActiveCfg = Release|x64
		{18683462-4D62-4458-84C3-6004702B9844}.Release|x64.Build.0 = Release|x64
		{18683462-4D62-4458-84C3-6004702B9844}.Release|x86.ActiveCfg = Release|Win32
		{18683462-4D62-4458-84C3-6004702B9844}.Release|x86.Build.0 = Release|Win32
		{E3C5D0E8-1253-4943-9396-40391AA257FA}.Debug|x64.ActiveCfg = Debug|x64
		{E3C5D0E8-1253-4943-9396-40391AA257FA}.Debug|x64.Build.0 = Debug|x64
		{E3C5D0E8-1253-4943-9396-40391AA257FA}.Debug|x86.ActiveCfg = Debug|Win32
		{E3C5D0E8-1253-4943-9396-40391AA257FA}.Debug|x86.Build.0 = Debug|Win32
		{E3C5D0E8-1253-4943-9396-40391AA257FA}.Release|x64.ActiveCfg = Release|x64
		{E3C5D0E8-1253-4943-9396-40391AA257FA}.Release|x64.Build.0 = Release|x64
		{E3C5D0E8-1253-4943-9396-40391AA257FA}.Release|x86.ActiveCfg = Release|Win32
		{E3C5D0E8-1253-4943-9396-40391AA257FA}.Release|x86.Build.0 = Release|Win32
	EndGlobalSection
	GlobalSection(SolutionProperties) = preSolution
		HideSolutionNode = FALSE
	EndGlobalSection
	GlobalSection(ExtensibilityGlobals) = postSolution
		SolutionGuid = {1779E2B1-F60D-49AC-8B85-8BE68A20ACBC}
	EndGlobalSection
EndGlobal
